<?xml version="1.0" encoding="utf-8"?>
<Project ToolsVersion="4.0" xmlns="http://schemas.microsoft.com/developer/msbuild/2003">
  <ItemGroup>
    <Filter Include="win32">
      <UniqueIdentifier>{84a8ebd7-7cf0-47f6-b75e-d441df67da40}</UniqueIdentifier>
    </Filter>
    <Filter Include="Classes">
      <UniqueIdentifier>{bb6c862e-70e9-49d9-81b7-3829a6f50471}</UniqueIdentifier>
    </Filter>
    <Filter Include="resource">
      <UniqueIdentifier>{715254bc-d70b-4ec5-bf29-467dd3ace079}</UniqueIdentifier>
    </Filter>
    <Filter Include="Classes\Game">
      <UniqueIdentifier>{48e9cb56-0193-4c6b-922a-74b74f192927}</UniqueIdentifier>
    </Filter>
    <Filter Include="Classes\Utility">
      <UniqueIdentifier>{a0cf8436-91b2-492f-b080-5901786ab56c}</UniqueIdentifier>
    </Filter>
    <Filter Include="Classes\UI">
      <UniqueIdentifier>{5d7184f6-4b9d-4f4f-9627-2cdaaed93f32}</UniqueIdentifier>
    </Filter>
    <Filter Include="Classes\Data">
      <UniqueIdentifier>{2ae615f7-2fc4-4dc1-8dfc-bd0e544cb35b}</UniqueIdentifier>
    </Filter>
    <Filter Include="Classes\Network">
      <UniqueIdentifier>{3aa2f4f4-a423-4520-b425-dfc8bd9900ef}</UniqueIdentifier>
    </Filter>
    <Filter Include="Classes\Scene">
      <UniqueIdentifier>{f1c27fd5-3aef-4b97-8de6-fe147060f6cc}</UniqueIdentifier>
    </Filter>
    <Filter Include="Classes\AI">
      <UniqueIdentifier>{c690dc4c-47e4-4719-83c0-41ffc03412aa}</UniqueIdentifier>
    </Filter>
    <Filter Include="Classes\Common">
      <UniqueIdentifier>{1abfdfa3-183b-4046-bd50-d94265268f85}</UniqueIdentifier>
    </Filter>
    <Filter Include="Classes\Account">
      <UniqueIdentifier>{e17a197e-6f63-4973-8483-621830243849}</UniqueIdentifier>
    </Filter>
    <Filter Include="Classes\Player">
      <UniqueIdentifier>{eccad8f3-3452-41ee-81b6-a3b469bc9d33}</UniqueIdentifier>
    </Filter>
    <Filter Include="Classes\Effect">
      <UniqueIdentifier>{74f233df-3076-4690-b1f9-968e63222544}</UniqueIdentifier>
    </Filter>
    <Filter Include="Classes\Module">
      <UniqueIdentifier>{c6eb02ce-00b2-4fbf-aaf0-1650aa49f3c1}</UniqueIdentifier>
    </Filter>
    <Filter Include="Classes\Network\netlib">
      <UniqueIdentifier>{d2deff77-dd8f-47a8-a02f-eb03af59b898}</UniqueIdentifier>
    </Filter>
    <Filter Include="Classes\Network\netlib\Http">
      <UniqueIdentifier>{a9ebfd00-55a8-4bd1-8267-633800356bac}</UniqueIdentifier>
    </Filter>
    <Filter Include="Classes\Network\netlib\Socket">
      <UniqueIdentifier>{abaac9c5-0cc1-4458-8d18-3f71634bb373}</UniqueIdentifier>
    </Filter>
    <Filter Include="Classes\Network\netlib\Stream">
      <UniqueIdentifier>{71eea68d-3765-4b28-8a74-28d519c3bfd0}</UniqueIdentifier>
    </Filter>
    <Filter Include="Classes\Network\netlib\Protocol">
      <UniqueIdentifier>{4101f793-d5b0-48d1-8f14-00ed8bf4a27a}</UniqueIdentifier>
    </Filter>
    <Filter Include="Classes\Network\netlib\JsonLib">
      <UniqueIdentifier>{38076baa-3e4b-4085-b392-10587e13b9a6}</UniqueIdentifier>
    </Filter>
    <Filter Include="Classes\Network\netlib\JsonLib\include">
      <UniqueIdentifier>{a8418657-481c-4418-9042-cdf5b41aa05b}</UniqueIdentifier>
    </Filter>
    <Filter Include="Classes\Network\netlib\Compress">
      <UniqueIdentifier>{0c0ec797-ad25-4273-83d3-5c32243e83b7}</UniqueIdentifier>
    </Filter>
    <Filter Include="Classes\Network\netlib\Crypt">
      <UniqueIdentifier>{d0c5c8fd-ac76-4634-9f9b-a78ebe0fc393}</UniqueIdentifier>
    </Filter>
    <Filter Include="Classes\Network\protocols">
      <UniqueIdentifier>{92cc6b04-680d-4013-89ef-3db2135bc34d}</UniqueIdentifier>
    </Filter>
    <Filter Include="Classes\Network\protocols\c2s">
      <UniqueIdentifier>{9fe244a9-134b-4738-8f2c-02997905b46b}</UniqueIdentifier>
    </Filter>
    <Filter Include="Classes\Network\protocols\s2c">
      <UniqueIdentifier>{5a2a30c4-b3d8-4817-8d83-03cf24292c30}</UniqueIdentifier>
    </Filter>
    <Filter Include="Classes\Logic">
      <UniqueIdentifier>{741322f5-d204-4aac-b72b-64fe28e3d103}</UniqueIdentifier>
    </Filter>
    <Filter Include="Classes\Logic\common">
      <UniqueIdentifier>{7f133140-eb97-4f27-92bd-8f53ef666495}</UniqueIdentifier>
    </Filter>
    <Filter Include="Classes\Scene\scenes">
      <UniqueIdentifier>{d0791a78-4edc-42e8-9f16-dfe9df66b876}</UniqueIdentifier>
    </Filter>
  </ItemGroup>
  <ItemGroup>
    <ClCompile Include="main.cpp">
      <Filter>win32</Filter>
    </ClCompile>
    <ClCompile Include="..\Classes\AppDelegate.cpp">
      <Filter>Classes</Filter>
    </ClCompile>
    <ClCompile Include="..\Classes\Scene\SCWorld.cpp">
      <Filter>Classes\Scene</Filter>
    </ClCompile>
    <ClCompile Include="..\Classes\Scene\SCTiledMap.cpp">
      <Filter>Classes\Scene</Filter>
    </ClCompile>
    <ClCompile Include="..\Classes\Game\SCGame.cpp">
      <Filter>Classes\Game</Filter>
    </ClCompile>
    <ClCompile Include="..\Classes\Module\SCModuleBase.cpp">
      <Filter>Classes\Module</Filter>
    </ClCompile>
    <ClCompile Include="..\Classes\Account\AccountPlatform.cpp">
      <Filter>Classes\Account</Filter>
    </ClCompile>
    <ClCompile Include="..\Classes\Common\SCEvent.cpp">
      <Filter>Classes\Common</Filter>
    </ClCompile>
    <ClCompile Include="..\Classes\Common\SCThread.cpp">
      <Filter>Classes\Common</Filter>
    </ClCompile>
    <ClCompile Include="..\Classes\Utility\SCUtilityFunc.cpp">
      <Filter>Classes\Utility</Filter>
    </ClCompile>
    <ClCompile Include="..\Classes\Module\SCModuleManager.cpp">
      <Filter>Classes\Module</Filter>
    </ClCompile>
    <ClCompile Include="..\Classes\Scene\SCSceneBase.cpp">
      <Filter>Classes\Scene</Filter>
    </ClCompile>
    <ClCompile Include="..\Classes\Effect\SCEffect.cpp">
      <Filter>Classes\Effect</Filter>
    </ClCompile>
    <ClCompile Include="..\Classes\Network\SCNetworkModule.cpp">
      <Filter>Classes\Network</Filter>
    </ClCompile>
    <ClCompile Include="..\Classes\Network\netlib\stream\BinaryStreamCoder.cpp">
      <Filter>Classes\Network\netlib\Stream</Filter>
    </ClCompile>
    <ClCompile Include="..\Classes\Network\netlib\stream\JsonStreamCoder.cpp">
      <Filter>Classes\Network\netlib\Stream</Filter>
    </ClCompile>
    <ClCompile Include="..\Classes\Network\netlib\stream\KeyedStreamCoder.cpp">
      <Filter>Classes\Network\netlib\Stream</Filter>
    </ClCompile>
    <ClCompile Include="..\Classes\Network\netlib\protocol\Processor.cpp">
      <Filter>Classes\Network\netlib\Protocol</Filter>
    </ClCompile>
    <ClCompile Include="..\Classes\Network\netlib\protocol\Protocol.cpp">
      <Filter>Classes\Network\netlib\Protocol</Filter>
    </ClCompile>
    <ClCompile Include="..\Classes\Network\netlib\libjson\json_reader.cpp">
      <Filter>Classes\Network\netlib\JsonLib</Filter>
    </ClCompile>
    <ClCompile Include="..\Classes\Network\netlib\libjson\json_value.cpp">
      <Filter>Classes\Network\netlib\JsonLib</Filter>
    </ClCompile>
    <ClCompile Include="..\Classes\Network\netlib\libjson\json_writer.cpp">
      <Filter>Classes\Network\netlib\JsonLib</Filter>
    </ClCompile>
    <ClCompile Include="..\Classes\Network\netlib\http\HttpCurl.cpp">
      <Filter>Classes\Network\netlib\Http</Filter>
    </ClCompile>
    <ClCompile Include="..\Classes\Network\netlib\crypt\crypt.cpp">
      <Filter>Classes\Network\netlib\Crypt</Filter>
    </ClCompile>
    <ClCompile Include="..\Classes\Network\netlib\crypt\md5.cpp">
      <Filter>Classes\Network\netlib\Crypt</Filter>
    </ClCompile>
    <ClCompile Include="..\Classes\Network\netlib\crypt\rc4.cpp">
      <Filter>Classes\Network\netlib\Crypt</Filter>
    </ClCompile>
    <ClCompile Include="..\Classes\Network\netlib\compress\ZLibUtil.cpp">
      <Filter>Classes\Network\netlib\Compress</Filter>
    </ClCompile>
    <ClCompile Include="..\Classes\Network\netlib\http\HttpMan.cpp">
      <Filter>Classes\Network\netlib\Http</Filter>
    </ClCompile>
    <ClCompile Include="..\Classes\Network\netlib\http\HttpProtocolMan.cpp">
      <Filter>Classes\Network\netlib\Http</Filter>
    </ClCompile>
    <ClCompile Include="..\Classes\Utility\SCGeometry.cpp">
      <Filter>Classes\Utility</Filter>
    </ClCompile>
    <ClCompile Include="..\Classes\Logic\MessageQueue.cpp">
      <Filter>Classes\Logic</Filter>
    </ClCompile>
    <ClCompile Include="..\Classes\Logic\ObjectManager.cpp">
      <Filter>Classes\Logic</Filter>
    </ClCompile>
    <ClCompile Include="..\Classes\Scene\SCSceneBattle.cpp">
      <Filter>Classes\Scene\scenes</Filter>
    </ClCompile>
    <ClCompile Include="..\Classes\Scene\SCSceneLoading.cpp">
      <Filter>Classes\Scene\scenes</Filter>
    </ClCompile>
    <ClCompile Include="..\Classes\Scene\SCSceneLogin.cpp">
      <Filter>Classes\Scene\scenes</Filter>
    </ClCompile>
    <ClCompile Include="..\Classes\Scene\SCSceneMain.cpp">
      <Filter>Classes\Scene\scenes</Filter>
    </ClCompile>
    <ClCompile Include="..\Classes\Scene\SCSceneManager.cpp">
      <Filter>Classes\Scene</Filter>
    </ClCompile>
    <ClCompile Include="..\Classes\Player\SCHostPlayer.cpp">
      <Filter>Classes\Player</Filter>
    </ClCompile>
    <ClCompile Include="..\Classes\Player\SCPlayerModule.cpp">
      <Filter>Classes\Player</Filter>
    </ClCompile>
    <ClCompile Include="..\Classes\Player\SCRole.cpp">
      <Filter>Classes\Player</Filter>
    </ClCompile>
    <ClCompile Include="..\Classes\UI\UIModule.cpp">
      <Filter>Classes\UI</Filter>
    </ClCompile>
    <ClCompile Include="..\Classes\Game\SCConfigs.cpp">
      <Filter>Classes\Game</Filter>
    </ClCompile>
    <ClCompile Include="..\Classes\Utility\SCJoystickBase.cpp">
      <Filter>Classes\Utility</Filter>
    </ClCompile>
    <ClCompile Include="..\Classes\Game\SCGameJoystick.cpp">
      <Filter>Classes\Game</Filter>
    </ClCompile>
    <ClCompile Include="..\Classes\Player\SCObject.cpp">
      <Filter>Classes\Player</Filter>
    </ClCompile>
    <ClCompile Include="..\Classes\Player\SCComArmature.cpp">
      <Filter>Classes\Player</Filter>
    </ClCompile>
    <ClCompile Include="..\Classes\Player\SCComCollider.cpp">
      <Filter>Classes\Player</Filter>
    </ClCompile>
    <ClCompile Include="..\Classes\Player\SCComPlayerFSM.cpp">
      <Filter>Classes\Player</Filter>
    </ClCompile>
    <ClCompile Include="..\Classes\Player\SCComPlayerMove.cpp">
      <Filter>Classes\Player</Filter>
    </ClCompile>
    <ClCompile Include="..\Classes\Effect\SCEffectElement.cpp">
      <Filter>Classes\Effect</Filter>
    </ClCompile>
    <ClCompile Include="..\Classes\Effect\SCEffectKeyframe.cpp">
      <Filter>Classes\Effect</Filter>
    </ClCompile>
    <ClCompile Include="..\Classes\Effect\SCEffectData.cpp">
      <Filter>Classes\Effect</Filter>
    </ClCompile>
  </ItemGroup>
  <ItemGroup>
    <ClInclude Include="main.h">
      <Filter>win32</Filter>
    </ClInclude>
    <ClInclude Include="..\Classes\AppDelegate.h">
      <Filter>Classes</Filter>
    </ClInclude>
    <ClInclude Include="..\Classes\Scene\SCWorld.h">
      <Filter>Classes\Scene</Filter>
    </ClInclude>
    <ClInclude Include="..\Classes\Scene\SCTiledMap.h">
      <Filter>Classes\Scene</Filter>
    </ClInclude>
    <ClInclude Include="..\Classes\Game\SCGame.h">
      <Filter>Classes\Game</Filter>
    </ClInclude>
    <ClInclude Include="..\Classes\Module\SCModuleBase.h">
      <Filter>Classes\Module</Filter>
    </ClInclude>
    <ClInclude Include="..\Classes\Account\AccountPlatform.h">
      <Filter>Classes\Account</Filter>
    </ClInclude>
    <ClInclude Include="..\Classes\Common\SCEvent.h">
      <Filter>Classes\Common</Filter>
    </ClInclude>
    <ClInclude Include="..\Classes\Common\SCThread.h">
      <Filter>Classes\Common</Filter>
    </ClInclude>
    <ClInclude Include="..\Classes\Module\SCModuleTypes.h">
      <Filter>Classes\Module</Filter>
    </ClInclude>
    <ClInclude Include="..\Classes\Common\SCEventTypes.h">
      <Filter>Classes\Common</Filter>
    </ClInclude>
    <ClInclude Include="..\Classes\Utility\SCUtilityFunc.h">
      <Filter>Classes\Utility</Filter>
    </ClInclude>
    <ClInclude Include="..\Classes\Module\SCModuleManager.h">
      <Filter>Classes\Module</Filter>
    </ClInclude>
    <ClInclude Include="..\Classes\Scene\SCSceneBase.h">
      <Filter>Classes\Scene</Filter>
    </ClInclude>
    <ClInclude Include="..\Classes\Effect\SCEffect.h">
      <Filter>Classes\Effect</Filter>
    </ClInclude>
    <ClInclude Include="..\Classes\Network\SCNetworkModule.h">
      <Filter>Classes\Network</Filter>
    </ClInclude>
    <ClInclude Include="..\Classes\UI\UIModule.h">
      <Filter>Classes\UI</Filter>
    </ClInclude>
    <ClInclude Include="..\Classes\Network\netlib\stream\BinaryStream.h">
      <Filter>Classes\Network\netlib\Stream</Filter>
    </ClInclude>
    <ClInclude Include="..\Classes\Network\netlib\stream\BinaryStreamCoder.h">
      <Filter>Classes\Network\netlib\Stream</Filter>
    </ClInclude>
    <ClInclude Include="..\Classes\Network\netlib\stream\JsonStream.h">
      <Filter>Classes\Network\netlib\Stream</Filter>
    </ClInclude>
    <ClInclude Include="..\Classes\Network\netlib\stream\JsonStreamCoder.h">
      <Filter>Classes\Network\netlib\Stream</Filter>
    </ClInclude>
    <ClInclude Include="..\Classes\Network\netlib\stream\KeyedStream.h">
      <Filter>Classes\Network\netlib\Stream</Filter>
    </ClInclude>
    <ClInclude Include="..\Classes\Network\netlib\stream\KeyedStreamCoder.h">
      <Filter>Classes\Network\netlib\Stream</Filter>
    </ClInclude>
    <ClInclude Include="..\Classes\Network\netlib\stream\StreamCoder.h">
      <Filter>Classes\Network\netlib\Stream</Filter>
    </ClInclude>
    <ClInclude Include="..\Classes\Network\netlib\protocol\Processor.h">
      <Filter>Classes\Network\netlib\Protocol</Filter>
    </ClInclude>
    <ClInclude Include="..\Classes\Network\netlib\protocol\Protocol.h">
      <Filter>Classes\Network\netlib\Protocol</Filter>
    </ClInclude>
    <ClInclude Include="..\Classes\Network\netlib\libjson\json_batchallocator.h">
      <Filter>Classes\Network\netlib\JsonLib</Filter>
    </ClInclude>
    <ClInclude Include="..\Classes\Network\netlib\libjson\json_tool.h">
      <Filter>Classes\Network\netlib\JsonLib</Filter>
    </ClInclude>
    <ClInclude Include="..\Classes\Network\netlib\http\HttpCurl.h">
      <Filter>Classes\Network\netlib\Http</Filter>
    </ClInclude>
    <ClInclude Include="..\Classes\Network\netlib\libjson\json\autolink.h">
      <Filter>Classes\Network\netlib\JsonLib\include</Filter>
    </ClInclude>
    <ClInclude Include="..\Classes\Network\netlib\libjson\json\config.h">
      <Filter>Classes\Network\netlib\JsonLib\include</Filter>
    </ClInclude>
    <ClInclude Include="..\Classes\Network\netlib\libjson\json\features.h">
      <Filter>Classes\Network\netlib\JsonLib\include</Filter>
    </ClInclude>
    <ClInclude Include="..\Classes\Network\netlib\libjson\json\forwards.h">
      <Filter>Classes\Network\netlib\JsonLib\include</Filter>
    </ClInclude>
    <ClInclude Include="..\Classes\Network\netlib\libjson\json\json.h">
      <Filter>Classes\Network\netlib\JsonLib\include</Filter>
    </ClInclude>
    <ClInclude Include="..\Classes\Network\netlib\libjson\json\reader.h">
      <Filter>Classes\Network\netlib\JsonLib\include</Filter>
    </ClInclude>
    <ClInclude Include="..\Classes\Network\netlib\libjson\json\value.h">
      <Filter>Classes\Network\netlib\JsonLib\include</Filter>
    </ClInclude>
    <ClInclude Include="..\Classes\Network\netlib\libjson\json\writer.h">
      <Filter>Classes\Network\netlib\JsonLib\include</Filter>
    </ClInclude>
    <ClInclude Include="..\Classes\Network\netlib\crypt\crypt.h">
      <Filter>Classes\Network\netlib\Crypt</Filter>
    </ClInclude>
    <ClInclude Include="..\Classes\Network\netlib\crypt\md5.h">
      <Filter>Classes\Network\netlib\Crypt</Filter>
    </ClInclude>
    <ClInclude Include="..\Classes\Network\netlib\crypt\rc4.h">
      <Filter>Classes\Network\netlib\Crypt</Filter>
    </ClInclude>
    <ClInclude Include="..\Classes\Network\netlib\compress\ZLibUtil.h">
      <Filter>Classes\Network\netlib\Compress</Filter>
    </ClInclude>
    <ClInclude Include="..\Classes\Network\netlib\http\HttpMan.h">
      <Filter>Classes\Network\netlib\Http</Filter>
    </ClInclude>
    <ClInclude Include="..\Classes\Network\netlib\http\HttpProtocolMan.h">
      <Filter>Classes\Network\netlib\Http</Filter>
    </ClInclude>
    <ClInclude Include="..\Classes\Utility\SCGeometry.h">
      <Filter>Classes\Utility</Filter>
    </ClInclude>
    <ClInclude Include="..\Classes\Utility\SCCounter.h">
      <Filter>Classes\Utility</Filter>
    </ClInclude>
    <ClInclude Include="..\Classes\Logic\config.h">
      <Filter>Classes\Logic</Filter>
    </ClInclude>
    <ClInclude Include="..\Classes\Logic\MessageQueue.h">
      <Filter>Classes\Logic</Filter>
    </ClInclude>
    <ClInclude Include="..\Classes\Logic\object.h">
      <Filter>Classes\Logic</Filter>
    </ClInclude>
    <ClInclude Include="..\Classes\Logic\ObjectManager.h">
      <Filter>Classes\Logic</Filter>
    </ClInclude>
    <ClInclude Include="..\Classes\Logic\common\message.h">
      <Filter>Classes\Logic\common</Filter>
    </ClInclude>
    <ClInclude Include="..\Classes\Logic\common\type.h">
      <Filter>Classes\Logic\common</Filter>
    </ClInclude>
    <ClInclude Include="..\Classes\Scene\SCSceneBattle.h">
      <Filter>Classes\Scene\scenes</Filter>
    </ClInclude>
    <ClInclude Include="..\Classes\Scene\SCSceneLoading.h">
      <Filter>Classes\Scene\scenes</Filter>
    </ClInclude>
    <ClInclude Include="..\Classes\Scene\SCSceneLogin.h">
      <Filter>Classes\Scene\scenes</Filter>
    </ClInclude>
    <ClInclude Include="..\Classes\Scene\SCSceneMain.h">
      <Filter>Classes\Scene\scenes</Filter>
    </ClInclude>
    <ClInclude Include="..\Classes\Scene\SCSceneManager.h">
      <Filter>Classes\Scene</Filter>
    </ClInclude>
    <ClInclude Include="..\Classes\Player\SCHostPlayer.h">
      <Filter>Classes\Player</Filter>
    </ClInclude>
    <ClInclude Include="..\Classes\Player\SCPlayerModule.h">
      <Filter>Classes\Player</Filter>
    </ClInclude>
    <ClInclude Include="..\Classes\Player\SCRole.h">
      <Filter>Classes\Player</Filter>
    </ClInclude>
    <ClInclude Include="..\Classes\Game\SCConfigs.h">
      <Filter>Classes\Game</Filter>
    </ClInclude>
    <ClInclude Include="..\Classes\Utility\SCJoystickBase.h">
      <Filter>Classes\Utility</Filter>
    </ClInclude>
    <ClInclude Include="..\Classes\Game\SCGameJoystick.h">
      <Filter>Classes\Game</Filter>
    </ClInclude>
    <ClInclude Include="..\Classes\Player\SCComponentBase.h">
      <Filter>Classes\Player</Filter>
    </ClInclude>
    <ClInclude Include="..\Classes\Player\SCObject.h">
      <Filter>Classes\Player</Filter>
    </ClInclude>
    <ClInclude Include="..\Classes\Player\SCComArmature.h">
      <Filter>Classes\Player</Filter>
    </ClInclude>
    <ClInclude Include="..\Classes\Player\SCComCollider.h">
      <Filter>Classes\Player</Filter>
    </ClInclude>
    <ClInclude Include="..\Classes\Player\SCComPlayerFSM.h">
      <Filter>Classes\Player</Filter>
    </ClInclude>
    <ClInclude Include="..\Classes\Player\SCComPlayerMove.h">
      <Filter>Classes\Player</Filter>
    </ClInclude>
    <ClInclude Include="..\Classes\Effect\SCEffectElement.h">
      <Filter>Classes\Effect</Filter>
    </ClInclude>
    <ClInclude Include="..\Classes\Effect\SCEffectKeyframe.h">
      <Filter>Classes\Effect</Filter>
    </ClInclude>
    <ClInclude Include="..\Classes\Effect\SCEffectData.h">
      <Filter>Classes\Effect</Filter>
    </ClInclude>
  </ItemGroup>
  <ItemGroup>
    <ResourceCompile Include="game.rc">
      <Filter>resource</Filter>
    </ResourceCompile>
  </ItemGroup>
  <ItemGroup>
    <None Include="..\Classes\Network\netlib\libjson\json_internalarray.inl">
      <Filter>Classes\Network\netlib\JsonLib</Filter>
    </None>
    <None Include="..\Classes\Network\netlib\libjson\json_internalmap.inl">
      <Filter>Classes\Network\netlib\JsonLib</Filter>
    </None>
    <None Include="..\Classes\Network\netlib\libjson\json_valueiterator.inl">
      <Filter>Classes\Network\netlib\JsonLib</Filter>
    </None>
  </ItemGroup>
</Project>