// !$*UTF8*$!
{
	archiveVersion = 1;
	classes = {
	};
	objectVersion = 46;
	objects = {

/* Begin PBXBuildFile section */
		1AFAF8B716D35DE700DB1158 /* AppDelegate.cpp in Sources */ = {isa = PBXBuildFile; fileRef = 1AFAF8B316D35DE700DB1158 /* AppDelegate.cpp */; };
		1D60589F0D05DD5A006BFB54 /* Foundation.framework in Frameworks */ = {isa = PBXBuildFile; fileRef = 1D30AB110D05D00D00671497 /* Foundation.framework */; };
		288765A50DF7441C002DB57D /* CoreGraphics.framework in Frameworks */ = {isa = PBXBuildFile; fileRef = 288765A40DF7441C002DB57D /* CoreGraphics.framework */; };
		BF1712471292920000B8313A /* libz.dylib in Frameworks */ = {isa = PBXBuildFile; fileRef = BF170DB412928DE900B8313A /* libz.dylib */; };
		BF1C47F01293687400B63C5D /* QuartzCore.framework in Frameworks */ = {isa = PBXBuildFile; fileRef = BF1C47EA1293683800B63C5D /* QuartzCore.framework */; };
		D210408B1B21F50E007AB304 /* Images.xcassets in Resources */ = {isa = PBXBuildFile; fileRef = D210408A1B21F50E007AB304 /* Images.xcassets */; };
		D22AC3541B1DD9BC000F9AA4 /* SCGeometry.cpp in Sources */ = {isa = PBXBuildFile; fileRef = D22AC3521B1DD9BC000F9AA4 /* SCGeometry.cpp */; };
		D22AC3691B1DEC62000F9AA4 /* SCPlayerModule.cpp in Sources */ = {isa = PBXBuildFile; fileRef = D22AC3681B1DEC62000F9AA4 /* SCPlayerModule.cpp */; };
		D22AC36E1B1DF486000F9AA4 /* SCRole.cpp in Sources */ = {isa = PBXBuildFile; fileRef = D22AC36D1B1DF486000F9AA4 /* SCRole.cpp */; };
		D22AC3741B1E1DC8000F9AA4 /* SCSceneManager.cpp in Sources */ = {isa = PBXBuildFile; fileRef = D22AC3731B1E1DC8000F9AA4 /* SCSceneManager.cpp */; };
		D22AC3781B1E1E66000F9AA4 /* SCSceneLoading.cpp in Sources */ = {isa = PBXBuildFile; fileRef = D22AC3761B1E1E66000F9AA4 /* SCSceneLoading.cpp */; };
		D22AC37B1B1E1EDD000F9AA4 /* SCSceneLogin.cpp in Sources */ = {isa = PBXBuildFile; fileRef = D22AC3791B1E1EDD000F9AA4 /* SCSceneLogin.cpp */; };
		D22AC37E1B1E206B000F9AA4 /* SCSceneMain.cpp in Sources */ = {isa = PBXBuildFile; fileRef = D22AC37C1B1E206B000F9AA4 /* SCSceneMain.cpp */; };
		D22AC3811B1E20AD000F9AA4 /* SCSceneBattle.cpp in Sources */ = {isa = PBXBuildFile; fileRef = D22AC37F1B1E20AD000F9AA4 /* SCSceneBattle.cpp */; };
		D2856E301B9C7EF4008648AC /* SCComBulletAtk.cpp in Sources */ = {isa = PBXBuildFile; fileRef = D2856E201B9C7EF4008648AC /* SCComBulletAtk.cpp */; };
		D2856E311B9C7EF4008648AC /* SCComBulletMove.cpp in Sources */ = {isa = PBXBuildFile; fileRef = D2856E221B9C7EF4008648AC /* SCComBulletMove.cpp */; };
		D2856E321B9C7EF4008648AC /* SCComNPCAI.cpp in Sources */ = {isa = PBXBuildFile; fileRef = D2856E241B9C7EF4008648AC /* SCComNPCAI.cpp */; };
		D2856E331B9C7EF4008648AC /* SCComNPCFSM.cpp in Sources */ = {isa = PBXBuildFile; fileRef = D2856E261B9C7EF4008648AC /* SCComNPCFSM.cpp */; };
		D2856E341B9C7EF4008648AC /* SCComNPCMove.cpp in Sources */ = {isa = PBXBuildFile; fileRef = D2856E281B9C7EF4008648AC /* SCComNPCMove.cpp */; };
		D2856E351B9C7EF4008648AC /* SCComNPCProperty.cpp in Sources */ = {isa = PBXBuildFile; fileRef = D2856E2A1B9C7EF4008648AC /* SCComNPCProperty.cpp */; };
		D2856E361B9C7EF4008648AC /* SCComPlayerProperty.cpp in Sources */ = {isa = PBXBuildFile; fileRef = D2856E2C1B9C7EF4008648AC /* SCComPlayerProperty.cpp */; };
		D2856E371B9C7EF4008648AC /* SCComSprite.cpp in Sources */ = {isa = PBXBuildFile; fileRef = D2856E2E1B9C7EF4008648AC /* SCComSprite.cpp */; };
		D2856E4B1B9C7F6D008648AC /* SCUIChapter.cpp in Sources */ = {isa = PBXBuildFile; fileRef = D2856E451B9C7F6D008648AC /* SCUIChapter.cpp */; };
		D2856E4C1B9C7F6D008648AC /* SCUICustom.cpp in Sources */ = {isa = PBXBuildFile; fileRef = D2856E471B9C7F6D008648AC /* SCUICustom.cpp */; };
		D2856E4D1B9C7F6D008648AC /* SCUIStage.cpp in Sources */ = {isa = PBXBuildFile; fileRef = D2856E491B9C7F6D008648AC /* SCUIStage.cpp */; };
		D2856E501B9C7F74008648AC /* SCUIOption.cpp in Sources */ = {isa = PBXBuildFile; fileRef = D2856E4E1B9C7F74008648AC /* SCUIOption.cpp */; };
		D2856E531B9C7F7D008648AC /* SCUIStart.cpp in Sources */ = {isa = PBXBuildFile; fileRef = D2856E511B9C7F7D008648AC /* SCUIStart.cpp */; };
		D2856E5A1B9C8023008648AC /* SCEffectData.cpp in Sources */ = {isa = PBXBuildFile; fileRef = D2856E541B9C8023008648AC /* SCEffectData.cpp */; };
		D2856E5B1B9C8023008648AC /* SCEffectElement.cpp in Sources */ = {isa = PBXBuildFile; fileRef = D2856E561B9C8023008648AC /* SCEffectElement.cpp */; };
		D2856E5C1B9C8023008648AC /* SCEffectKeyframe.cpp in Sources */ = {isa = PBXBuildFile; fileRef = D2856E581B9C8023008648AC /* SCEffectKeyframe.cpp */; };
		D2856E601B9C8039008648AC /* SCAudioElement.cpp in Sources */ = {isa = PBXBuildFile; fileRef = D2856E5E1B9C8039008648AC /* SCAudioElement.cpp */; };
		D2856E621B9C8159008648AC /* CoreMotion.framework in Frameworks */ = {isa = PBXBuildFile; fileRef = D2856E611B9C8159008648AC /* CoreMotion.framework */; };
		D2856E641B9C8166008648AC /* UIKit.framework in Frameworks */ = {isa = PBXBuildFile; fileRef = D2856E631B9C8166008648AC /* UIKit.framework */; };
		D2856E661B9C816E008648AC /* OpenGLES.framework in Frameworks */ = {isa = PBXBuildFile; fileRef = D2856E651B9C816E008648AC /* OpenGLES.framework */; };
		D2856E681B9C81AB008648AC /* sprite in Resources */ = {isa = PBXBuildFile; fileRef = D2856E671B9C81AB008648AC /* sprite */; };
		D2856E6B1B9C9579008648AC /* music in Resources */ = {isa = PBXBuildFile; fileRef = D2856E691B9C9579008648AC /* music */; };
		D2856E6C1B9C9579008648AC /* sound in Resources */ = {isa = PBXBuildFile; fileRef = D2856E6A1B9C9579008648AC /* sound */; };
		D2AF41911B67E76C007EE59F /* SCUIBase.cpp in Sources */ = {isa = PBXBuildFile; fileRef = D2AF41891B67E76C007EE59F /* SCUIBase.cpp */; };
		D2AF41921B67E76C007EE59F /* SCUIModule.cpp in Sources */ = {isa = PBXBuildFile; fileRef = D2AF418B1B67E76C007EE59F /* SCUIModule.cpp */; };
		D2AF41931B67E76C007EE59F /* SCUIModuleFrames.cpp in Sources */ = {isa = PBXBuildFile; fileRef = D2AF418D1B67E76C007EE59F /* SCUIModuleFrames.cpp */; };
		D2AF41941B67E76C007EE59F /* SCUISkill.cpp in Sources */ = {isa = PBXBuildFile; fileRef = D2AF418E1B67E76C007EE59F /* SCUISkill.cpp */; };
		D2AF420A1B67E79C007EE59F /* SCComArmature.cpp in Sources */ = {isa = PBXBuildFile; fileRef = D2AF41E01B67E79C007EE59F /* SCComArmature.cpp */; };
		D2AF420B1B67E79C007EE59F /* SCComCollider.cpp in Sources */ = {isa = PBXBuildFile; fileRef = D2AF41E21B67E79C007EE59F /* SCComCollider.cpp */; };
		D2AF420C1B67E79C007EE59F /* SCComPlayerFSM.cpp in Sources */ = {isa = PBXBuildFile; fileRef = D2AF41E41B67E79C007EE59F /* SCComPlayerFSM.cpp */; };
		D2AF420D1B67E79C007EE59F /* SCComPlayerMove.cpp in Sources */ = {isa = PBXBuildFile; fileRef = D2AF41E61B67E79C007EE59F /* SCComPlayerMove.cpp */; };
		D2AF420F1B67E79C007EE59F /* SCComWeapon.cpp in Sources */ = {isa = PBXBuildFile; fileRef = D2AF41EB1B67E79C007EE59F /* SCComWeapon.cpp */; };
		D2AF42101B67E79C007EE59F /* MessageQueue.cpp in Sources */ = {isa = PBXBuildFile; fileRef = D2AF41ED1B67E79C007EE59F /* MessageQueue.cpp */; };
		D2AF42111B67E79C007EE59F /* SCBullet.cpp in Sources */ = {isa = PBXBuildFile; fileRef = D2AF41F01B67E79C007EE59F /* SCBullet.cpp */; };
		D2AF42121B67E79C007EE59F /* SCBulletController.cpp in Sources */ = {isa = PBXBuildFile; fileRef = D2AF41F21B67E79C007EE59F /* SCBulletController.cpp */; };
		D2AF42131B67E79C007EE59F /* SCBulletDispatcher.cpp in Sources */ = {isa = PBXBuildFile; fileRef = D2AF41F41B67E79C007EE59F /* SCBulletDispatcher.cpp */; };
		D2AF42141B67E79C007EE59F /* SCGameJoystick.cpp in Sources */ = {isa = PBXBuildFile; fileRef = D2AF41F61B67E79C007EE59F /* SCGameJoystick.cpp */; };
		D2AF42151B67E79C007EE59F /* SCGameModule.cpp in Sources */ = {isa = PBXBuildFile; fileRef = D2AF41F81B67E79C007EE59F /* SCGameModule.cpp */; };
		D2AF42161B67E79C007EE59F /* SCHostPlayer.cpp in Sources */ = {isa = PBXBuildFile; fileRef = D2AF41FA1B67E79C007EE59F /* SCHostPlayer.cpp */; };
		D2AF42171B67E79C007EE59F /* SCHostPlayerController.cpp in Sources */ = {isa = PBXBuildFile; fileRef = D2AF41FC1B67E79C007EE59F /* SCHostPlayerController.cpp */; };
		D2AF42181B67E79C007EE59F /* SCHostPlayerDispatcher.cpp in Sources */ = {isa = PBXBuildFile; fileRef = D2AF41FE1B67E79C007EE59F /* SCHostPlayerDispatcher.cpp */; };
		D2AF42191B67E79C007EE59F /* SCNpc.cpp in Sources */ = {isa = PBXBuildFile; fileRef = D2AF42001B67E79C007EE59F /* SCNpc.cpp */; };
		D2AF421A1B67E79C007EE59F /* SCNpcController.cpp in Sources */ = {isa = PBXBuildFile; fileRef = D2AF42021B67E79C007EE59F /* SCNpcController.cpp */; };
		D2AF421B1B67E79C007EE59F /* SCNpcDispatcher.cpp in Sources */ = {isa = PBXBuildFile; fileRef = D2AF42041B67E79C007EE59F /* SCNpcDispatcher.cpp */; };
		D2AF421C1B67E79C007EE59F /* SCObject.cpp in Sources */ = {isa = PBXBuildFile; fileRef = D2AF42061B67E79C007EE59F /* SCObject.cpp */; };
		D2AF421D1B67E79C007EE59F /* SCWorld.cpp in Sources */ = {isa = PBXBuildFile; fileRef = D2AF42081B67E79C007EE59F /* SCWorld.cpp */; };
		D2AF42231B67E7C2007EE59F /* SCDataModule.cpp in Sources */ = {isa = PBXBuildFile; fileRef = D2AF421F1B67E7C2007EE59F /* SCDataModule.cpp */; };
		D2AF42241B67E7C2007EE59F /* SCDataTypes.cpp in Sources */ = {isa = PBXBuildFile; fileRef = D2AF42211B67E7C2007EE59F /* SCDataTypes.cpp */; };
		D2AF42281B67E7EB007EE59F /* SCConfigs.cpp in Sources */ = {isa = PBXBuildFile; fileRef = D2AF42251B67E7EB007EE59F /* SCConfigs.cpp */; };
		D2AF422B1B67E80D007EE59F /* SCGame.cpp in Sources */ = {isa = PBXBuildFile; fileRef = D2AF42291B67E80D007EE59F /* SCGame.cpp */; };
		D2AF42341B67EA26007EE59F /* config in Resources */ = {isa = PBXBuildFile; fileRef = D2AF422C1B67EA26007EE59F /* config */; };
		D2AF42351B67EA26007EE59F /* data in Resources */ = {isa = PBXBuildFile; fileRef = D2AF422D1B67EA26007EE59F /* data */; };
		D2AF42361B67EA26007EE59F /* effect in Resources */ = {isa = PBXBuildFile; fileRef = D2AF422E1B67EA26007EE59F /* effect */; };
		D2AF42371B67EA26007EE59F /* fonts in Resources */ = {isa = PBXBuildFile; fileRef = D2AF422F1B67EA26007EE59F /* fonts */; };
		D2AF42381B67EA26007EE59F /* map in Resources */ = {isa = PBXBuildFile; fileRef = D2AF42301B67EA26007EE59F /* map */; };
		D2AF42391B67EA26007EE59F /* role in Resources */ = {isa = PBXBuildFile; fileRef = D2AF42311B67EA26007EE59F /* role */; };
		D2AF423A1B67EA26007EE59F /* scripts in Resources */ = {isa = PBXBuildFile; fileRef = D2AF42321B67EA26007EE59F /* scripts */; };
		D2AF423B1B67EA26007EE59F /* ui in Resources */ = {isa = PBXBuildFile; fileRef = D2AF42331B67EA26007EE59F /* ui */; };
		D2B5DA7F1B0CEA2200401BDF /* InfoPlist.strings in Resources */ = {isa = PBXBuildFile; fileRef = D2B5DA681B0CEA2200401BDF /* InfoPlist.strings */; };
		D2B5DA801B0CEA2200401BDF /* Localizable.strings in Resources */ = {isa = PBXBuildFile; fileRef = D2B5DA6A1B0CEA2200401BDF /* Localizable.strings */; };
		D2B5DA921B0CEA4800401BDF /* AppController.mm in Sources */ = {isa = PBXBuildFile; fileRef = D2B5DA8D1B0CEA4800401BDF /* AppController.mm */; };
		D2B5DA931B0CEA4800401BDF /* main.m in Sources */ = {isa = PBXBuildFile; fileRef = D2B5DA8E1B0CEA4800401BDF /* main.m */; };
		D2B5DA941B0CEA4800401BDF /* RootViewController.mm in Sources */ = {isa = PBXBuildFile; fileRef = D2B5DA911B0CEA4800401BDF /* RootViewController.mm */; };
		D2B5DA9B1B0CEBE700401BDF /* libcocos2dx iOS.a in Frameworks */ = {isa = PBXBuildFile; fileRef = D2B5DA5A1B0CEA0600401BDF /* libcocos2dx iOS.a */; };
		D2B5DA9C1B0CEBE700401BDF /* libcocos2dx-extensions iOS.a in Frameworks */ = {isa = PBXBuildFile; fileRef = D2B5DA5C1B0CEA0600401BDF /* libcocos2dx-extensions iOS.a */; };
		D2B5DA9D1B0CEBE700401BDF /* libCocosDenshion iOS.a in Frameworks */ = {isa = PBXBuildFile; fileRef = D2B5DA621B0CEA0600401BDF /* libCocosDenshion iOS.a */; };
		D2B7BF9D1B13A0500012C51B /* AccountPlatform.cpp in Sources */ = {isa = PBXBuildFile; fileRef = D2B7BF431B13A0500012C51B /* AccountPlatform.cpp */; };
		D2B7BF9E1B13A0500012C51B /* SCEvent.cpp in Sources */ = {isa = PBXBuildFile; fileRef = D2B7BF461B13A0500012C51B /* SCEvent.cpp */; };
		D2B7BF9F1B13A0500012C51B /* SCThread.cpp in Sources */ = {isa = PBXBuildFile; fileRef = D2B7BF491B13A0500012C51B /* SCThread.cpp */; };
		D2B7BFA01B13A0500012C51B /* SCEffect.cpp in Sources */ = {isa = PBXBuildFile; fileRef = D2B7BF4C1B13A0500012C51B /* SCEffect.cpp */; };
		D2B7BFA31B13A0500012C51B /* SCModuleBase.cpp in Sources */ = {isa = PBXBuildFile; fileRef = D2B7BF541B13A0500012C51B /* SCModuleBase.cpp */; };
		D2B7BFA41B13A0500012C51B /* SCModuleManager.cpp in Sources */ = {isa = PBXBuildFile; fileRef = D2B7BF561B13A0500012C51B /* SCModuleManager.cpp */; };
		D2B7BFA51B13A0500012C51B /* ZLibUtil.cpp in Sources */ = {isa = PBXBuildFile; fileRef = D2B7BF5C1B13A0500012C51B /* ZLibUtil.cpp */; };
		D2B7BFA61B13A0500012C51B /* crypt.cpp in Sources */ = {isa = PBXBuildFile; fileRef = D2B7BF5F1B13A0500012C51B /* crypt.cpp */; };
		D2B7BFA71B13A0500012C51B /* md5.cpp in Sources */ = {isa = PBXBuildFile; fileRef = D2B7BF611B13A0500012C51B /* md5.cpp */; };
		D2B7BFA81B13A0500012C51B /* rc4.cpp in Sources */ = {isa = PBXBuildFile; fileRef = D2B7BF631B13A0500012C51B /* rc4.cpp */; };
		D2B7BFA91B13A0500012C51B /* HttpCurl.cpp in Sources */ = {isa = PBXBuildFile; fileRef = D2B7BF661B13A0500012C51B /* HttpCurl.cpp */; };
		D2B7BFAA1B13A0500012C51B /* HttpMan.cpp in Sources */ = {isa = PBXBuildFile; fileRef = D2B7BF681B13A0500012C51B /* HttpMan.cpp */; };
		D2B7BFAB1B13A0500012C51B /* HttpProtocolMan.cpp in Sources */ = {isa = PBXBuildFile; fileRef = D2B7BF6A1B13A0500012C51B /* HttpProtocolMan.cpp */; };
		D2B7BFAE1B13A0500012C51B /* json_reader.cpp in Sources */ = {isa = PBXBuildFile; fileRef = D2B7BF791B13A0500012C51B /* json_reader.cpp */; };
		D2B7BFAF1B13A0500012C51B /* json_value.cpp in Sources */ = {isa = PBXBuildFile; fileRef = D2B7BF7B1B13A0500012C51B /* json_value.cpp */; };
		D2B7BFB11B13A0500012C51B /* json_writer.cpp in Sources */ = {isa = PBXBuildFile; fileRef = D2B7BF7D1B13A0500012C51B /* json_writer.cpp */; };
		D2B7BFB21B13A0500012C51B /* Processor.cpp in Sources */ = {isa = PBXBuildFile; fileRef = D2B7BF7F1B13A0500012C51B /* Processor.cpp */; };
		D2B7BFB31B13A0500012C51B /* Protocol.cpp in Sources */ = {isa = PBXBuildFile; fileRef = D2B7BF811B13A0500012C51B /* Protocol.cpp */; };
		D2B7BFB41B13A0500012C51B /* BinaryStreamCoder.cpp in Sources */ = {isa = PBXBuildFile; fileRef = D2B7BF851B13A0500012C51B /* BinaryStreamCoder.cpp */; };
		D2B7BFB51B13A0500012C51B /* JsonStreamCoder.cpp in Sources */ = {isa = PBXBuildFile; fileRef = D2B7BF881B13A0500012C51B /* JsonStreamCoder.cpp */; };
		D2B7BFB61B13A0500012C51B /* KeyedStreamCoder.cpp in Sources */ = {isa = PBXBuildFile; fileRef = D2B7BF8B1B13A0500012C51B /* KeyedStreamCoder.cpp */; };
		D2B7BFB71B13A0500012C51B /* SCNetworkModule.cpp in Sources */ = {isa = PBXBuildFile; fileRef = D2B7BF8E1B13A0500012C51B /* SCNetworkModule.cpp */; };
		D2B7BFB81B13A0500012C51B /* SCSceneBase.cpp in Sources */ = {isa = PBXBuildFile; fileRef = D2B7BF911B13A0500012C51B /* SCSceneBase.cpp */; };
		D2B7BFB91B13A0500012C51B /* SCTiledMap.cpp in Sources */ = {isa = PBXBuildFile; fileRef = D2B7BF931B13A0500012C51B /* SCTiledMap.cpp */; };
		D2B7BFBC1B13A0500012C51B /* SCUtilityFunc.cpp in Sources */ = {isa = PBXBuildFile; fileRef = D2B7BF9B1B13A0500012C51B /* SCUtilityFunc.cpp */; };
		D2C57A281B1FCB24008DA7E3 /* SCJoystickBase.cpp in Sources */ = {isa = PBXBuildFile; fileRef = D2C57A261B1FCB24008DA7E3 /* SCJoystickBase.cpp */; };
		D44C620C132DFF330009C878 /* OpenAL.framework in Frameworks */ = {isa = PBXBuildFile; fileRef = D44C620B132DFF330009C878 /* OpenAL.framework */; };
		D44C620E132DFF430009C878 /* AVFoundation.framework in Frameworks */ = {isa = PBXBuildFile; fileRef = D44C620D132DFF430009C878 /* AVFoundation.framework */; };
		D44C6210132DFF4E0009C878 /* AudioToolbox.framework in Frameworks */ = {isa = PBXBuildFile; fileRef = D44C620F132DFF4E0009C878 /* AudioToolbox.framework */; };
/* End PBXBuildFile section */

/* Begin PBXContainerItemProxy section */
		D2B5DA4F1B0CEA0600401BDF /* PBXContainerItemProxy */ = {
			isa = PBXContainerItemProxy;
			containerPortal = D2B5DA401B0CEA0500401BDF /* cocos2d_libs.xcodeproj */;
			proxyType = 2;
			remoteGlobalIDString = 1551A33F158F2AB200E66CFE;
			remoteInfo = "cocos2dx Mac";
		};
		D2B5DA511B0CEA0600401BDF /* PBXContainerItemProxy */ = {
			isa = PBXContainerItemProxy;
			containerPortal = D2B5DA401B0CEA0500401BDF /* cocos2d_libs.xcodeproj */;
			proxyType = 2;
			remoteGlobalIDString = A03F2FD617814595006731B9;
			remoteInfo = "cocos2dx-extensions Mac";
		};
		D2B5DA531B0CEA0600401BDF /* PBXContainerItemProxy */ = {
			isa = PBXContainerItemProxy;
			containerPortal = D2B5DA401B0CEA0500401BDF /* cocos2d_libs.xcodeproj */;
			proxyType = 2;
			remoteGlobalIDString = A03F2CB81780BD04006731B9;
			remoteInfo = "chipmunk Mac";
		};
		D2B5DA551B0CEA0600401BDF /* PBXContainerItemProxy */ = {
			isa = PBXContainerItemProxy;
			containerPortal = D2B5DA401B0CEA0500401BDF /* cocos2d_libs.xcodeproj */;
			proxyType = 2;
			remoteGlobalIDString = A03F2D9B1780BDF7006731B9;
			remoteInfo = "box2d Mac";
		};
		D2B5DA571B0CEA0600401BDF /* PBXContainerItemProxy */ = {
			isa = PBXContainerItemProxy;
			containerPortal = D2B5DA401B0CEA0500401BDF /* cocos2d_libs.xcodeproj */;
			proxyType = 2;
			remoteGlobalIDString = A03F2ED617814268006731B9;
			remoteInfo = "CocosDenshion Mac";
		};
		D2B5DA591B0CEA0600401BDF /* PBXContainerItemProxy */ = {
			isa = PBXContainerItemProxy;
			containerPortal = D2B5DA401B0CEA0500401BDF /* cocos2d_libs.xcodeproj */;
			proxyType = 2;
			remoteGlobalIDString = A07A4D641783777C0073F6A7;
			remoteInfo = "cocos2dx iOS";
		};
		D2B5DA5B1B0CEA0600401BDF /* PBXContainerItemProxy */ = {
			isa = PBXContainerItemProxy;
			containerPortal = D2B5DA401B0CEA0500401BDF /* cocos2d_libs.xcodeproj */;
			proxyType = 2;
			remoteGlobalIDString = A07A4EFC1783867C0073F6A7;
			remoteInfo = "cocos2dx-extensions iOS";
		};
		D2B5DA5D1B0CEA0600401BDF /* PBXContainerItemProxy */ = {
			isa = PBXContainerItemProxy;
			containerPortal = D2B5DA401B0CEA0500401BDF /* cocos2d_libs.xcodeproj */;
			proxyType = 2;
			remoteGlobalIDString = A07A4F3B178387670073F6A7;
			remoteInfo = "chipmunk iOS";
		};
		D2B5DA5F1B0CEA0600401BDF /* PBXContainerItemProxy */ = {
			isa = PBXContainerItemProxy;
			containerPortal = D2B5DA401B0CEA0500401BDF /* cocos2d_libs.xcodeproj */;
			proxyType = 2;
			remoteGlobalIDString = A07A4F9E1783876B0073F6A7;
			remoteInfo = "box2d iOS";
		};
		D2B5DA611B0CEA0600401BDF /* PBXContainerItemProxy */ = {
			isa = PBXContainerItemProxy;
			containerPortal = D2B5DA401B0CEA0500401BDF /* cocos2d_libs.xcodeproj */;
			proxyType = 2;
			remoteGlobalIDString = A07A4FB4178387730073F6A7;
			remoteInfo = "CocosDenshion iOS";
		};
		D2B5DA951B0CEAE800401BDF /* PBXContainerItemProxy */ = {
			isa = PBXContainerItemProxy;
			containerPortal = D2B5DA401B0CEA0500401BDF /* cocos2d_libs.xcodeproj */;
			proxyType = 1;
			remoteGlobalIDString = A07A4C241783777C0073F6A7;
			remoteInfo = "cocos2dx iOS";
		};
		D2B5DA971B0CEAE800401BDF /* PBXContainerItemProxy */ = {
			isa = PBXContainerItemProxy;
			containerPortal = D2B5DA401B0CEA0500401BDF /* cocos2d_libs.xcodeproj */;
			proxyType = 1;
			remoteGlobalIDString = A07A4E111783867C0073F6A7;
			remoteInfo = "cocos2dx-extensions iOS";
		};
		D2B5DA991B0CEAE800401BDF /* PBXContainerItemProxy */ = {
			isa = PBXContainerItemProxy;
			containerPortal = D2B5DA401B0CEA0500401BDF /* cocos2d_libs.xcodeproj */;
			proxyType = 1;
			remoteGlobalIDString = A07A4F9F178387730073F6A7;
			remoteInfo = "CocosDenshion iOS";
		};
/* End PBXContainerItemProxy section */

/* Begin PBXFileReference section */
		1AFAF8B316D35DE700DB1158 /* AppDelegate.cpp */ = {isa = PBXFileReference; fileEncoding = 4; lastKnownFileType = sourcecode.cpp.cpp; name = AppDelegate.cpp; path = ../Classes/AppDelegate.cpp; sourceTree = "<group>"; };
		1AFAF8B416D35DE700DB1158 /* AppDelegate.h */ = {isa = PBXFileReference; fileEncoding = 4; lastKnownFileType = sourcecode.c.h; name = AppDelegate.h; path = ../Classes/AppDelegate.h; sourceTree = "<group>"; };
		1D30AB110D05D00D00671497 /* Foundation.framework */ = {isa = PBXFileReference; lastKnownFileType = wrapper.framework; name = Foundation.framework; path = System/Library/Frameworks/Foundation.framework; sourceTree = SDKROOT; };
		1D6058910D05DD3D006BFB54 /* ShootOnline.app */ = {isa = PBXFileReference; explicitFileType = wrapper.application; includeInIndex = 0; path = ShootOnline.app; sourceTree = BUILT_PRODUCTS_DIR; };
		288765A40DF7441C002DB57D /* CoreGraphics.framework */ = {isa = PBXFileReference; lastKnownFileType = wrapper.framework; name = CoreGraphics.framework; path = System/Library/Frameworks/CoreGraphics.framework; sourceTree = SDKROOT; };
		503AE11117EB99EE00D1A890 /* libcurl.dylib */ = {isa = PBXFileReference; lastKnownFileType = "compiled.mach-o.dylib"; name = libcurl.dylib; path = usr/lib/libcurl.dylib; sourceTree = SDKROOT; };
		503AE11A17EB9C5A00D1A890 /* IOKit.framework */ = {isa = PBXFileReference; lastKnownFileType = wrapper.framework; name = IOKit.framework; path = System/Library/Frameworks/IOKit.framework; sourceTree = SDKROOT; };
		5087E78817EB974C00C73F5D /* AppKit.framework */ = {isa = PBXFileReference; lastKnownFileType = wrapper.framework; name = AppKit.framework; path = System/Library/Frameworks/AppKit.framework; sourceTree = SDKROOT; };
		5087E78A17EB975400C73F5D /* OpenGL.framework */ = {isa = PBXFileReference; lastKnownFileType = wrapper.framework; name = OpenGL.framework; path = System/Library/Frameworks/OpenGL.framework; sourceTree = SDKROOT; };
		BF170DB412928DE900B8313A /* libz.dylib */ = {isa = PBXFileReference; lastKnownFileType = "compiled.mach-o.dylib"; name = libz.dylib; path = usr/lib/libz.dylib; sourceTree = SDKROOT; };
		BF1C47EA1293683800B63C5D /* QuartzCore.framework */ = {isa = PBXFileReference; lastKnownFileType = wrapper.framework; name = QuartzCore.framework; path = System/Library/Frameworks/QuartzCore.framework; sourceTree = SDKROOT; };
		D210408A1B21F50E007AB304 /* Images.xcassets */ = {isa = PBXFileReference; lastKnownFileType = folder.assetcatalog; path = Images.xcassets; sourceTree = SOURCE_ROOT; };
		D22AC3511B1DD9BC000F9AA4 /* SCCounter.h */ = {isa = PBXFileReference; fileEncoding = 4; lastKnownFileType = sourcecode.c.h; path = SCCounter.h; sourceTree = "<group>"; };
		D22AC3521B1DD9BC000F9AA4 /* SCGeometry.cpp */ = {isa = PBXFileReference; fileEncoding = 4; lastKnownFileType = sourcecode.cpp.cpp; path = SCGeometry.cpp; sourceTree = "<group>"; };
		D22AC3531B1DD9BC000F9AA4 /* SCGeometry.h */ = {isa = PBXFileReference; fileEncoding = 4; lastKnownFileType = sourcecode.c.h; path = SCGeometry.h; sourceTree = "<group>"; };
		D22AC3671B1DEBCC000F9AA4 /* SCPlayerModule.h */ = {isa = PBXFileReference; fileEncoding = 4; lastKnownFileType = sourcecode.c.h; name = SCPlayerModule.h; path = ../Classes/Player/SCPlayerModule.h; sourceTree = "<group>"; };
		D22AC3681B1DEC62000F9AA4 /* SCPlayerModule.cpp */ = {isa = PBXFileReference; fileEncoding = 4; lastKnownFileType = sourcecode.cpp.cpp; name = SCPlayerModule.cpp; path = ../Classes/Player/SCPlayerModule.cpp; sourceTree = "<group>"; };
		D22AC36A1B1DEF51000F9AA4 /* SCRole.h */ = {isa = PBXFileReference; fileEncoding = 4; lastKnownFileType = sourcecode.c.h; name = SCRole.h; path = ../Classes/Player/SCRole.h; sourceTree = "<group>"; };
		D22AC36D1B1DF486000F9AA4 /* SCRole.cpp */ = {isa = PBXFileReference; fileEncoding = 4; lastKnownFileType = sourcecode.cpp.cpp; name = SCRole.cpp; path = ../Classes/Player/SCRole.cpp; sourceTree = "<group>"; };
		D22AC3721B1E163D000F9AA4 /* SCSceneManager.h */ = {isa = PBXFileReference; fileEncoding = 4; lastKnownFileType = sourcecode.c.h; path = SCSceneManager.h; sourceTree = "<group>"; };
		D22AC3731B1E1DC8000F9AA4 /* SCSceneManager.cpp */ = {isa = PBXFileReference; fileEncoding = 4; lastKnownFileType = sourcecode.cpp.cpp; path = SCSceneManager.cpp; sourceTree = "<group>"; };
		D22AC3761B1E1E66000F9AA4 /* SCSceneLoading.cpp */ = {isa = PBXFileReference; fileEncoding = 4; lastKnownFileType = sourcecode.cpp.cpp; path = SCSceneLoading.cpp; sourceTree = "<group>"; };
		D22AC3771B1E1E66000F9AA4 /* SCSceneLoading.h */ = {isa = PBXFileReference; fileEncoding = 4; lastKnownFileType = sourcecode.c.h; path = SCSceneLoading.h; sourceTree = "<group>"; };
		D22AC3791B1E1EDD000F9AA4 /* SCSceneLogin.cpp */ = {isa = PBXFileReference; fileEncoding = 4; lastKnownFileType = sourcecode.cpp.cpp; path = SCSceneLogin.cpp; sourceTree = "<group>"; };
		D22AC37A1B1E1EDD000F9AA4 /* SCSceneLogin.h */ = {isa = PBXFileReference; fileEncoding = 4; lastKnownFileType = sourcecode.c.h; path = SCSceneLogin.h; sourceTree = "<group>"; };
		D22AC37C1B1E206B000F9AA4 /* SCSceneMain.cpp */ = {isa = PBXFileReference; fileEncoding = 4; lastKnownFileType = sourcecode.cpp.cpp; path = SCSceneMain.cpp; sourceTree = "<group>"; };
		D22AC37D1B1E206B000F9AA4 /* SCSceneMain.h */ = {isa = PBXFileReference; fileEncoding = 4; lastKnownFileType = sourcecode.c.h; path = SCSceneMain.h; sourceTree = "<group>"; };
		D22AC37F1B1E20AD000F9AA4 /* SCSceneBattle.cpp */ = {isa = PBXFileReference; fileEncoding = 4; lastKnownFileType = sourcecode.cpp.cpp; path = SCSceneBattle.cpp; sourceTree = "<group>"; };
		D22AC3801B1E20AD000F9AA4 /* SCSceneBattle.h */ = {isa = PBXFileReference; fileEncoding = 4; lastKnownFileType = sourcecode.c.h; path = SCSceneBattle.h; sourceTree = "<group>"; };
		D2856E201B9C7EF4008648AC /* SCComBulletAtk.cpp */ = {isa = PBXFileReference; fileEncoding = 4; lastKnownFileType = sourcecode.cpp.cpp; path = SCComBulletAtk.cpp; sourceTree = "<group>"; };
		D2856E211B9C7EF4008648AC /* SCComBulletAtk.h */ = {isa = PBXFileReference; fileEncoding = 4; lastKnownFileType = sourcecode.c.h; path = SCComBulletAtk.h; sourceTree = "<group>"; };
		D2856E221B9C7EF4008648AC /* SCComBulletMove.cpp */ = {isa = PBXFileReference; fileEncoding = 4; lastKnownFileType = sourcecode.cpp.cpp; path = SCComBulletMove.cpp; sourceTree = "<group>"; };
		D2856E231B9C7EF4008648AC /* SCComBulletMove.h */ = {isa = PBXFileReference; fileEncoding = 4; lastKnownFileType = sourcecode.c.h; path = SCComBulletMove.h; sourceTree = "<group>"; };
		D2856E241B9C7EF4008648AC /* SCComNPCAI.cpp */ = {isa = PBXFileReference; fileEncoding = 4; lastKnownFileType = sourcecode.cpp.cpp; path = SCComNPCAI.cpp; sourceTree = "<group>"; };
		D2856E251B9C7EF4008648AC /* SCComNPCAI.h */ = {isa = PBXFileReference; fileEncoding = 4; lastKnownFileType = sourcecode.c.h; path = SCComNPCAI.h; sourceTree = "<group>"; };
		D2856E261B9C7EF4008648AC /* SCComNPCFSM.cpp */ = {isa = PBXFileReference; fileEncoding = 4; lastKnownFileType = sourcecode.cpp.cpp; path = SCComNPCFSM.cpp; sourceTree = "<group>"; };
		D2856E271B9C7EF4008648AC /* SCComNPCFSM.h */ = {isa = PBXFileReference; fileEncoding = 4; lastKnownFileType = sourcecode.c.h; path = SCComNPCFSM.h; sourceTree = "<group>"; };
		D2856E281B9C7EF4008648AC /* SCComNPCMove.cpp */ = {isa = PBXFileReference; fileEncoding = 4; lastKnownFileType = sourcecode.cpp.cpp; path = SCComNPCMove.cpp; sourceTree = "<group>"; };
		D2856E291B9C7EF4008648AC /* SCComNPCMove.h */ = {isa = PBXFileReference; fileEncoding = 4; lastKnownFileType = sourcecode.c.h; path = SCComNPCMove.h; sourceTree = "<group>"; };
		D2856E2A1B9C7EF4008648AC /* SCComNPCProperty.cpp */ = {isa = PBXFileReference; fileEncoding = 4; lastKnownFileType = sourcecode.cpp.cpp; path = SCComNPCProperty.cpp; sourceTree = "<group>"; };
		D2856E2B1B9C7EF4008648AC /* SCComNPCProperty.h */ = {isa = PBXFileReference; fileEncoding = 4; lastKnownFileType = sourcecode.c.h; path = SCComNPCProperty.h; sourceTree = "<group>"; };
		D2856E2C1B9C7EF4008648AC /* SCComPlayerProperty.cpp */ = {isa = PBXFileReference; fileEncoding = 4; lastKnownFileType = sourcecode.cpp.cpp; path = SCComPlayerProperty.cpp; sourceTree = "<group>"; };
		D2856E2D1B9C7EF4008648AC /* SCComPlayerProperty.h */ = {isa = PBXFileReference; fileEncoding = 4; lastKnownFileType = sourcecode.c.h; path = SCComPlayerProperty.h; sourceTree = "<group>"; };
		D2856E2E1B9C7EF4008648AC /* SCComSprite.cpp */ = {isa = PBXFileReference; fileEncoding = 4; lastKnownFileType = sourcecode.cpp.cpp; path = SCComSprite.cpp; sourceTree = "<group>"; };
		D2856E2F1B9C7EF4008648AC /* SCComSprite.h */ = {isa = PBXFileReference; fileEncoding = 4; lastKnownFileType = sourcecode.c.h; path = SCComSprite.h; sourceTree = "<group>"; };
		D2856E451B9C7F6D008648AC /* SCUIChapter.cpp */ = {isa = PBXFileReference; fileEncoding = 4; lastKnownFileType = sourcecode.cpp.cpp; path = SCUIChapter.cpp; sourceTree = "<group>"; };
		D2856E461B9C7F6D008648AC /* SCUIChapter.h */ = {isa = PBXFileReference; fileEncoding = 4; lastKnownFileType = sourcecode.c.h; path = SCUIChapter.h; sourceTree = "<group>"; };
		D2856E471B9C7F6D008648AC /* SCUICustom.cpp */ = {isa = PBXFileReference; fileEncoding = 4; lastKnownFileType = sourcecode.cpp.cpp; path = SCUICustom.cpp; sourceTree = "<group>"; };
		D2856E481B9C7F6D008648AC /* SCUICustom.h */ = {isa = PBXFileReference; fileEncoding = 4; lastKnownFileType = sourcecode.c.h; path = SCUICustom.h; sourceTree = "<group>"; };
		D2856E491B9C7F6D008648AC /* SCUIStage.cpp */ = {isa = PBXFileReference; fileEncoding = 4; lastKnownFileType = sourcecode.cpp.cpp; path = SCUIStage.cpp; sourceTree = "<group>"; };
		D2856E4A1B9C7F6D008648AC /* SCUIStage.h */ = {isa = PBXFileReference; fileEncoding = 4; lastKnownFileType = sourcecode.c.h; path = SCUIStage.h; sourceTree = "<group>"; };
		D2856E4E1B9C7F74008648AC /* SCUIOption.cpp */ = {isa = PBXFileReference; fileEncoding = 4; lastKnownFileType = sourcecode.cpp.cpp; path = SCUIOption.cpp; sourceTree = "<group>"; };
		D2856E4F1B9C7F74008648AC /* SCUIOption.h */ = {isa = PBXFileReference; fileEncoding = 4; lastKnownFileType = sourcecode.c.h; path = SCUIOption.h; sourceTree = "<group>"; };
		D2856E511B9C7F7D008648AC /* SCUIStart.cpp */ = {isa = PBXFileReference; fileEncoding = 4; lastKnownFileType = sourcecode.cpp.cpp; path = SCUIStart.cpp; sourceTree = "<group>"; };
		D2856E521B9C7F7D008648AC /* SCUIStart.h */ = {isa = PBXFileReference; fileEncoding = 4; lastKnownFileType = sourcecode.c.h; path = SCUIStart.h; sourceTree = "<group>"; };
		D2856E541B9C8023008648AC /* SCEffectData.cpp */ = {isa = PBXFileReference; fileEncoding = 4; lastKnownFileType = sourcecode.cpp.cpp; path = SCEffectData.cpp; sourceTree = "<group>"; };
		D2856E551B9C8023008648AC /* SCEffectData.h */ = {isa = PBXFileReference; fileEncoding = 4; lastKnownFileType = sourcecode.c.h; path = SCEffectData.h; sourceTree = "<group>"; };
		D2856E561B9C8023008648AC /* SCEffectElement.cpp */ = {isa = PBXFileReference; fileEncoding = 4; lastKnownFileType = sourcecode.cpp.cpp; path = SCEffectElement.cpp; sourceTree = "<group>"; };
		D2856E571B9C8023008648AC /* SCEffectElement.h */ = {isa = PBXFileReference; fileEncoding = 4; lastKnownFileType = sourcecode.c.h; path = SCEffectElement.h; sourceTree = "<group>"; };
		D2856E581B9C8023008648AC /* SCEffectKeyframe.cpp */ = {isa = PBXFileReference; fileEncoding = 4; lastKnownFileType = sourcecode.cpp.cpp; path = SCEffectKeyframe.cpp; sourceTree = "<group>"; };
		D2856E591B9C8023008648AC /* SCEffectKeyframe.h */ = {isa = PBXFileReference; fileEncoding = 4; lastKnownFileType = sourcecode.c.h; path = SCEffectKeyframe.h; sourceTree = "<group>"; };
		D2856E5E1B9C8039008648AC /* SCAudioElement.cpp */ = {isa = PBXFileReference; fileEncoding = 4; lastKnownFileType = sourcecode.cpp.cpp; path = SCAudioElement.cpp; sourceTree = "<group>"; };
		D2856E5F1B9C8039008648AC /* SCAudioElement.h */ = {isa = PBXFileReference; fileEncoding = 4; lastKnownFileType = sourcecode.c.h; path = SCAudioElement.h; sourceTree = "<group>"; };
		D2856E611B9C8159008648AC /* CoreMotion.framework */ = {isa = PBXFileReference; lastKnownFileType = wrapper.framework; name = CoreMotion.framework; path = Platforms/iPhoneOS.platform/Developer/SDKs/iPhoneOS8.4.sdk/System/Library/Frameworks/CoreMotion.framework; sourceTree = DEVELOPER_DIR; };
		D2856E631B9C8166008648AC /* UIKit.framework */ = {isa = PBXFileReference; lastKnownFileType = wrapper.framework; name = UIKit.framework; path = Platforms/iPhoneOS.platform/Developer/SDKs/iPhoneOS8.4.sdk/System/Library/Frameworks/UIKit.framework; sourceTree = DEVELOPER_DIR; };
		D2856E651B9C816E008648AC /* OpenGLES.framework */ = {isa = PBXFileReference; lastKnownFileType = wrapper.framework; name = OpenGLES.framework; path = Platforms/iPhoneOS.platform/Developer/SDKs/iPhoneOS8.4.sdk/System/Library/Frameworks/OpenGLES.framework; sourceTree = DEVELOPER_DIR; };
		D2856E671B9C81AB008648AC /* sprite */ = {isa = PBXFileReference; lastKnownFileType = folder; path = sprite; sourceTree = "<group>"; };
		D2856E691B9C9579008648AC /* music */ = {isa = PBXFileReference; lastKnownFileType = folder; path = music; sourceTree = "<group>"; };
		D2856E6A1B9C9579008648AC /* sound */ = {isa = PBXFileReference; lastKnownFileType = folder; path = sound; sourceTree = "<group>"; };
		D2AF41891B67E76C007EE59F /* SCUIBase.cpp */ = {isa = PBXFileReference; fileEncoding = 4; lastKnownFileType = sourcecode.cpp.cpp; path = SCUIBase.cpp; sourceTree = "<group>"; };
		D2AF418A1B67E76C007EE59F /* SCUIBase.h */ = {isa = PBXFileReference; fileEncoding = 4; lastKnownFileType = sourcecode.c.h; path = SCUIBase.h; sourceTree = "<group>"; };
		D2AF418B1B67E76C007EE59F /* SCUIModule.cpp */ = {isa = PBXFileReference; fileEncoding = 4; lastKnownFileType = sourcecode.cpp.cpp; path = SCUIModule.cpp; sourceTree = "<group>"; };
		D2AF418C1B67E76C007EE59F /* SCUIModule.h */ = {isa = PBXFileReference; fileEncoding = 4; lastKnownFileType = sourcecode.c.h; path = SCUIModule.h; sourceTree = "<group>"; };
		D2AF418D1B67E76C007EE59F /* SCUIModuleFrames.cpp */ = {isa = PBXFileReference; fileEncoding = 4; lastKnownFileType = sourcecode.cpp.cpp; path = SCUIModuleFrames.cpp; sourceTree = "<group>"; };
		D2AF418E1B67E76C007EE59F /* SCUISkill.cpp */ = {isa = PBXFileReference; fileEncoding = 4; lastKnownFileType = sourcecode.cpp.cpp; path = SCUISkill.cpp; sourceTree = "<group>"; };
		D2AF418F1B67E76C007EE59F /* SCUISkill.h */ = {isa = PBXFileReference; fileEncoding = 4; lastKnownFileType = sourcecode.c.h; path = SCUISkill.h; sourceTree = "<group>"; };
		D2AF41901B67E76C007EE59F /* SCUITypes.h */ = {isa = PBXFileReference; fileEncoding = 4; lastKnownFileType = sourcecode.c.h; path = SCUITypes.h; sourceTree = "<group>"; };
		D2AF41DB1B67E79C007EE59F /* config.h */ = {isa = PBXFileReference; fileEncoding = 4; lastKnownFileType = sourcecode.c.h; path = config.h; sourceTree = "<group>"; };
		D2AF41DC1B67E79C007EE59F /* message.h */ = {isa = PBXFileReference; fileEncoding = 4; lastKnownFileType = sourcecode.c.h; path = message.h; sourceTree = "<group>"; };
		D2AF41DD1B67E79C007EE59F /* mvc.h */ = {isa = PBXFileReference; fileEncoding = 4; lastKnownFileType = sourcecode.c.h; path = mvc.h; sourceTree = "<group>"; };
		D2AF41DE1B67E79C007EE59F /* type.h */ = {isa = PBXFileReference; fileEncoding = 4; lastKnownFileType = sourcecode.c.h; path = type.h; sourceTree = "<group>"; };
		D2AF41E01B67E79C007EE59F /* SCComArmature.cpp */ = {isa = PBXFileReference; fileEncoding = 4; lastKnownFileType = sourcecode.cpp.cpp; path = SCComArmature.cpp; sourceTree = "<group>"; };
		D2AF41E11B67E79C007EE59F /* SCComArmature.h */ = {isa = PBXFileReference; fileEncoding = 4; lastKnownFileType = sourcecode.c.h; path = SCComArmature.h; sourceTree = "<group>"; };
		D2AF41E21B67E79C007EE59F /* SCComCollider.cpp */ = {isa = PBXFileReference; fileEncoding = 4; lastKnownFileType = sourcecode.cpp.cpp; path = SCComCollider.cpp; sourceTree = "<group>"; };
		D2AF41E31B67E79C007EE59F /* SCComCollider.h */ = {isa = PBXFileReference; fileEncoding = 4; lastKnownFileType = sourcecode.c.h; path = SCComCollider.h; sourceTree = "<group>"; };
		D2AF41E41B67E79C007EE59F /* SCComPlayerFSM.cpp */ = {isa = PBXFileReference; fileEncoding = 4; lastKnownFileType = sourcecode.cpp.cpp; path = SCComPlayerFSM.cpp; sourceTree = "<group>"; };
		D2AF41E51B67E79C007EE59F /* SCComPlayerFSM.h */ = {isa = PBXFileReference; fileEncoding = 4; lastKnownFileType = sourcecode.c.h; path = SCComPlayerFSM.h; sourceTree = "<group>"; };
		D2AF41E61B67E79C007EE59F /* SCComPlayerMove.cpp */ = {isa = PBXFileReference; fileEncoding = 4; lastKnownFileType = sourcecode.cpp.cpp; path = SCComPlayerMove.cpp; sourceTree = "<group>"; };
		D2AF41E71B67E79C007EE59F /* SCComPlayerMove.h */ = {isa = PBXFileReference; fileEncoding = 4; lastKnownFileType = sourcecode.c.h; path = SCComPlayerMove.h; sourceTree = "<group>"; };
		D2AF41E81B67E79C007EE59F /* SCComponentBase.h */ = {isa = PBXFileReference; fileEncoding = 4; lastKnownFileType = sourcecode.c.h; path = SCComponentBase.h; sourceTree = "<group>"; };
		D2AF41EB1B67E79C007EE59F /* SCComWeapon.cpp */ = {isa = PBXFileReference; fileEncoding = 4; lastKnownFileType = sourcecode.cpp.cpp; path = SCComWeapon.cpp; sourceTree = "<group>"; };
		D2AF41EC1B67E79C007EE59F /* SCComWeapon.h */ = {isa = PBXFileReference; fileEncoding = 4; lastKnownFileType = sourcecode.c.h; path = SCComWeapon.h; sourceTree = "<group>"; };
		D2AF41ED1B67E79C007EE59F /* MessageQueue.cpp */ = {isa = PBXFileReference; fileEncoding = 4; lastKnownFileType = sourcecode.cpp.cpp; path = MessageQueue.cpp; sourceTree = "<group>"; };
		D2AF41EE1B67E79C007EE59F /* MessageQueue.h */ = {isa = PBXFileReference; fileEncoding = 4; lastKnownFileType = sourcecode.c.h; path = MessageQueue.h; sourceTree = "<group>"; };
		D2AF41EF1B67E79C007EE59F /* ObjectManager.h */ = {isa = PBXFileReference; fileEncoding = 4; lastKnownFileType = sourcecode.c.h; path = ObjectManager.h; sourceTree = "<group>"; };
		D2AF41F01B67E79C007EE59F /* SCBullet.cpp */ = {isa = PBXFileReference; fileEncoding = 4; lastKnownFileType = sourcecode.cpp.cpp; path = SCBullet.cpp; sourceTree = "<group>"; };
		D2AF41F11B67E79C007EE59F /* SCBullet.h */ = {isa = PBXFileReference; fileEncoding = 4; lastKnownFileType = sourcecode.c.h; path = SCBullet.h; sourceTree = "<group>"; };
		D2AF41F21B67E79C007EE59F /* SCBulletController.cpp */ = {isa = PBXFileReference; fileEncoding = 4; lastKnownFileType = sourcecode.cpp.cpp; path = SCBulletController.cpp; sourceTree = "<group>"; };
		D2AF41F31B67E79C007EE59F /* SCBulletController.h */ = {isa = PBXFileReference; fileEncoding = 4; lastKnownFileType = sourcecode.c.h; path = SCBulletController.h; sourceTree = "<group>"; };
		D2AF41F41B67E79C007EE59F /* SCBulletDispatcher.cpp */ = {isa = PBXFileReference; fileEncoding = 4; lastKnownFileType = sourcecode.cpp.cpp; path = SCBulletDispatcher.cpp; sourceTree = "<group>"; };
		D2AF41F51B67E79C007EE59F /* SCBulletDispatcher.h */ = {isa = PBXFileReference; fileEncoding = 4; lastKnownFileType = sourcecode.c.h; path = SCBulletDispatcher.h; sourceTree = "<group>"; };
		D2AF41F61B67E79C007EE59F /* SCGameJoystick.cpp */ = {isa = PBXFileReference; fileEncoding = 4; lastKnownFileType = sourcecode.cpp.cpp; path = SCGameJoystick.cpp; sourceTree = "<group>"; };
		D2AF41F71B67E79C007EE59F /* SCGameJoystick.h */ = {isa = PBXFileReference; fileEncoding = 4; lastKnownFileType = sourcecode.c.h; path = SCGameJoystick.h; sourceTree = "<group>"; };
		D2AF41F81B67E79C007EE59F /* SCGameModule.cpp */ = {isa = PBXFileReference; fileEncoding = 4; lastKnownFileType = sourcecode.cpp.cpp; path = SCGameModule.cpp; sourceTree = "<group>"; };
		D2AF41F91B67E79C007EE59F /* SCGameModule.h */ = {isa = PBXFileReference; fileEncoding = 4; lastKnownFileType = sourcecode.c.h; path = SCGameModule.h; sourceTree = "<group>"; };
		D2AF41FA1B67E79C007EE59F /* SCHostPlayer.cpp */ = {isa = PBXFileReference; fileEncoding = 4; lastKnownFileType = sourcecode.cpp.cpp; path = SCHostPlayer.cpp; sourceTree = "<group>"; };
		D2AF41FB1B67E79C007EE59F /* SCHostPlayer.h */ = {isa = PBXFileReference; fileEncoding = 4; lastKnownFileType = sourcecode.c.h; path = SCHostPlayer.h; sourceTree = "<group>"; };
		D2AF41FC1B67E79C007EE59F /* SCHostPlayerController.cpp */ = {isa = PBXFileReference; fileEncoding = 4; lastKnownFileType = sourcecode.cpp.cpp; path = SCHostPlayerController.cpp; sourceTree = "<group>"; };
		D2AF41FD1B67E79C007EE59F /* SCHostPlayerController.h */ = {isa = PBXFileReference; fileEncoding = 4; lastKnownFileType = sourcecode.c.h; path = SCHostPlayerController.h; sourceTree = "<group>"; };
		D2AF41FE1B67E79C007EE59F /* SCHostPlayerDispatcher.cpp */ = {isa = PBXFileReference; fileEncoding = 4; lastKnownFileType = sourcecode.cpp.cpp; path = SCHostPlayerDispatcher.cpp; sourceTree = "<group>"; };
		D2AF41FF1B67E79C007EE59F /* SCHostPlayerDispatcher.h */ = {isa = PBXFileReference; fileEncoding = 4; lastKnownFileType = sourcecode.c.h; path = SCHostPlayerDispatcher.h; sourceTree = "<group>"; };
		D2AF42001B67E79C007EE59F /* SCNpc.cpp */ = {isa = PBXFileReference; fileEncoding = 4; lastKnownFileType = sourcecode.cpp.cpp; path = SCNpc.cpp; sourceTree = "<group>"; };
		D2AF42011B67E79C007EE59F /* SCNpc.h */ = {isa = PBXFileReference; fileEncoding = 4; lastKnownFileType = sourcecode.c.h; path = SCNpc.h; sourceTree = "<group>"; };
		D2AF42021B67E79C007EE59F /* SCNpcController.cpp */ = {isa = PBXFileReference; fileEncoding = 4; lastKnownFileType = sourcecode.cpp.cpp; path = SCNpcController.cpp; sourceTree = "<group>"; };
		D2AF42031B67E79C007EE59F /* SCNpcController.h */ = {isa = PBXFileReference; fileEncoding = 4; lastKnownFileType = sourcecode.c.h; path = SCNpcController.h; sourceTree = "<group>"; };
		D2AF42041B67E79C007EE59F /* SCNpcDispatcher.cpp */ = {isa = PBXFileReference; fileEncoding = 4; lastKnownFileType = sourcecode.cpp.cpp; path = SCNpcDispatcher.cpp; sourceTree = "<group>"; };
		D2AF42051B67E79C007EE59F /* SCNpcDispatcher.h */ = {isa = PBXFileReference; fileEncoding = 4; lastKnownFileType = sourcecode.c.h; path = SCNpcDispatcher.h; sourceTree = "<group>"; };
		D2AF42061B67E79C007EE59F /* SCObject.cpp */ = {isa = PBXFileReference; fileEncoding = 4; lastKnownFileType = sourcecode.cpp.cpp; path = SCObject.cpp; sourceTree = "<group>"; };
		D2AF42071B67E79C007EE59F /* SCObject.h */ = {isa = PBXFileReference; fileEncoding = 4; lastKnownFileType = sourcecode.c.h; path = SCObject.h; sourceTree = "<group>"; };
		D2AF42081B67E79C007EE59F /* SCWorld.cpp */ = {isa = PBXFileReference; fileEncoding = 4; lastKnownFileType = sourcecode.cpp.cpp; path = SCWorld.cpp; sourceTree = "<group>"; };
		D2AF42091B67E79C007EE59F /* SCWorld.h */ = {isa = PBXFileReference; fileEncoding = 4; lastKnownFileType = sourcecode.c.h; path = SCWorld.h; sourceTree = "<group>"; };
		D2AF421F1B67E7C2007EE59F /* SCDataModule.cpp */ = {isa = PBXFileReference; fileEncoding = 4; lastKnownFileType = sourcecode.cpp.cpp; name = SCDataModule.cpp; path = ../Classes/Data/SCDataModule.cpp; sourceTree = "<group>"; };
		D2AF42201B67E7C2007EE59F /* SCDataModule.h */ = {isa = PBXFileReference; fileEncoding = 4; lastKnownFileType = sourcecode.c.h; name = SCDataModule.h; path = ../Classes/Data/SCDataModule.h; sourceTree = "<group>"; };
		D2AF42211B67E7C2007EE59F /* SCDataTypes.cpp */ = {isa = PBXFileReference; fileEncoding = 4; lastKnownFileType = sourcecode.cpp.cpp; name = SCDataTypes.cpp; path = ../Classes/Data/SCDataTypes.cpp; sourceTree = "<group>"; };
		D2AF42221B67E7C2007EE59F /* SCDataTypes.h */ = {isa = PBXFileReference; fileEncoding = 4; lastKnownFileType = sourcecode.c.h; name = SCDataTypes.h; path = ../Classes/Data/SCDataTypes.h; sourceTree = "<group>"; };
		D2AF42251B67E7EB007EE59F /* SCConfigs.cpp */ = {isa = PBXFileReference; fileEncoding = 4; lastKnownFileType = sourcecode.cpp.cpp; path = SCConfigs.cpp; sourceTree = "<group>"; };
		D2AF42261B67E7EB007EE59F /* SCConfigs.h */ = {isa = PBXFileReference; fileEncoding = 4; lastKnownFileType = sourcecode.c.h; path = SCConfigs.h; sourceTree = "<group>"; };
		D2AF42271B67E7EB007EE59F /* SCRandomGen.h */ = {isa = PBXFileReference; fileEncoding = 4; lastKnownFileType = sourcecode.c.h; path = SCRandomGen.h; sourceTree = "<group>"; };
		D2AF42291B67E80D007EE59F /* SCGame.cpp */ = {isa = PBXFileReference; fileEncoding = 4; lastKnownFileType = sourcecode.cpp.cpp; name = SCGame.cpp; path = ../Classes/SCGame.cpp; sourceTree = "<group>"; };
		D2AF422A1B67E80D007EE59F /* SCGame.h */ = {isa = PBXFileReference; fileEncoding = 4; lastKnownFileType = sourcecode.c.h; name = SCGame.h; path = ../Classes/SCGame.h; sourceTree = "<group>"; };
		D2AF422C1B67EA26007EE59F /* config */ = {isa = PBXFileReference; lastKnownFileType = folder; path = config; sourceTree = "<group>"; };
		D2AF422D1B67EA26007EE59F /* data */ = {isa = PBXFileReference; lastKnownFileType = folder; path = data; sourceTree = "<group>"; };
		D2AF422E1B67EA26007EE59F /* effect */ = {isa = PBXFileReference; lastKnownFileType = folder; path = effect; sourceTree = "<group>"; };
		D2AF422F1B67EA26007EE59F /* fonts */ = {isa = PBXFileReference; lastKnownFileType = folder; path = fonts; sourceTree = "<group>"; };
		D2AF42301B67EA26007EE59F /* map */ = {isa = PBXFileReference; lastKnownFileType = folder; path = map; sourceTree = "<group>"; };
		D2AF42311B67EA26007EE59F /* role */ = {isa = PBXFileReference; lastKnownFileType = folder; path = role; sourceTree = "<group>"; };
		D2AF42321B67EA26007EE59F /* scripts */ = {isa = PBXFileReference; lastKnownFileType = folder; path = scripts; sourceTree = "<group>"; };
		D2AF42331B67EA26007EE59F /* ui */ = {isa = PBXFileReference; lastKnownFileType = folder; path = ui; sourceTree = "<group>"; };
		D2B5DA401B0CEA0500401BDF /* cocos2d_libs.xcodeproj */ = {isa = PBXFileReference; lastKnownFileType = "wrapper.pb-project"; name = cocos2d_libs.xcodeproj; path = "../../cocos2d-x-3.2/build/cocos2d_libs.xcodeproj"; sourceTree = "<group>"; };
		D2B5DA691B0CEA2200401BDF /* en */ = {isa = PBXFileReference; lastKnownFileType = text.plist.strings; name = en; path = en.lproj/InfoPlist.strings; sourceTree = "<group>"; };
		D2B5DA6B1B0CEA2200401BDF /* en */ = {isa = PBXFileReference; lastKnownFileType = text.plist.strings; name = en; path = en.lproj/Localizable.strings; sourceTree = "<group>"; };
		D2B5DA761B0CEA2200401BDF /* Info.plist */ = {isa = PBXFileReference; fileEncoding = 4; lastKnownFileType = text.plist.xml; path = Info.plist; sourceTree = "<group>"; };
		D2B5DA771B0CEA2200401BDF /* zh-Hans */ = {isa = PBXFileReference; lastKnownFileType = text.plist.strings; name = "zh-Hans"; path = "zh-Hans.lproj/InfoPlist.strings"; sourceTree = "<group>"; };
		D2B5DA781B0CEA2200401BDF /* zh-Hans */ = {isa = PBXFileReference; lastKnownFileType = text.plist.strings; name = "zh-Hans"; path = "zh-Hans.lproj/Localizable.strings"; sourceTree = "<group>"; };
		D2B5DA791B0CEA2200401BDF /* zh-Hant */ = {isa = PBXFileReference; lastKnownFileType = text.plist.strings; name = "zh-Hant"; path = "zh-Hant.lproj/InfoPlist.strings"; sourceTree = "<group>"; };
		D2B5DA7A1B0CEA2200401BDF /* zh-Hant */ = {isa = PBXFileReference; lastKnownFileType = text.plist.strings; name = "zh-Hant"; path = "zh-Hant.lproj/Localizable.strings"; sourceTree = "<group>"; };
		D2B5DA8C1B0CEA4800401BDF /* AppController.h */ = {isa = PBXFileReference; fileEncoding = 4; lastKnownFileType = sourcecode.c.h; path = AppController.h; sourceTree = SOURCE_ROOT; };
		D2B5DA8D1B0CEA4800401BDF /* AppController.mm */ = {isa = PBXFileReference; fileEncoding = 4; lastKnownFileType = sourcecode.cpp.objcpp; path = AppController.mm; sourceTree = SOURCE_ROOT; };
		D2B5DA8E1B0CEA4800401BDF /* main.m */ = {isa = PBXFileReference; fileEncoding = 4; lastKnownFileType = sourcecode.c.objc; path = main.m; sourceTree = SOURCE_ROOT; };
		D2B5DA8F1B0CEA4800401BDF /* Prefix.pch */ = {isa = PBXFileReference; fileEncoding = 4; lastKnownFileType = sourcecode.c.h; path = Prefix.pch; sourceTree = SOURCE_ROOT; };
		D2B5DA901B0CEA4800401BDF /* RootViewController.h */ = {isa = PBXFileReference; fileEncoding = 4; lastKnownFileType = sourcecode.c.h; path = RootViewController.h; sourceTree = SOURCE_ROOT; };
		D2B5DA911B0CEA4800401BDF /* RootViewController.mm */ = {isa = PBXFileReference; fileEncoding = 4; lastKnownFileType = sourcecode.cpp.objcpp; path = RootViewController.mm; sourceTree = SOURCE_ROOT; };
		D2B7BF431B13A0500012C51B /* AccountPlatform.cpp */ = {isa = PBXFileReference; fileEncoding = 4; lastKnownFileType = sourcecode.cpp.cpp; path = AccountPlatform.cpp; sourceTree = "<group>"; };
		D2B7BF441B13A0500012C51B /* AccountPlatform.h */ = {isa = PBXFileReference; fileEncoding = 4; lastKnownFileType = sourcecode.c.h; path = AccountPlatform.h; sourceTree = "<group>"; };
		D2B7BF461B13A0500012C51B /* SCEvent.cpp */ = {isa = PBXFileReference; fileEncoding = 4; lastKnownFileType = sourcecode.cpp.cpp; path = SCEvent.cpp; sourceTree = "<group>"; };
		D2B7BF471B13A0500012C51B /* SCEvent.h */ = {isa = PBXFileReference; fileEncoding = 4; lastKnownFileType = sourcecode.c.h; path = SCEvent.h; sourceTree = "<group>"; };
		D2B7BF481B13A0500012C51B /* SCEventTypes.h */ = {isa = PBXFileReference; fileEncoding = 4; lastKnownFileType = sourcecode.c.h; path = SCEventTypes.h; sourceTree = "<group>"; };
		D2B7BF491B13A0500012C51B /* SCThread.cpp */ = {isa = PBXFileReference; fileEncoding = 4; lastKnownFileType = sourcecode.cpp.cpp; path = SCThread.cpp; sourceTree = "<group>"; };
		D2B7BF4A1B13A0500012C51B /* SCThread.h */ = {isa = PBXFileReference; fileEncoding = 4; lastKnownFileType = sourcecode.c.h; path = SCThread.h; sourceTree = "<group>"; };
		D2B7BF4C1B13A0500012C51B /* SCEffect.cpp */ = {isa = PBXFileReference; fileEncoding = 4; lastKnownFileType = sourcecode.cpp.cpp; path = SCEffect.cpp; sourceTree = "<group>"; };
		D2B7BF4D1B13A0500012C51B /* SCEffect.h */ = {isa = PBXFileReference; fileEncoding = 4; lastKnownFileType = sourcecode.c.h; path = SCEffect.h; sourceTree = "<group>"; };
		D2B7BF541B13A0500012C51B /* SCModuleBase.cpp */ = {isa = PBXFileReference; fileEncoding = 4; lastKnownFileType = sourcecode.cpp.cpp; path = SCModuleBase.cpp; sourceTree = "<group>"; };
		D2B7BF551B13A0500012C51B /* SCModuleBase.h */ = {isa = PBXFileReference; fileEncoding = 4; lastKnownFileType = sourcecode.c.h; path = SCModuleBase.h; sourceTree = "<group>"; };
		D2B7BF561B13A0500012C51B /* SCModuleManager.cpp */ = {isa = PBXFileReference; fileEncoding = 4; lastKnownFileType = sourcecode.cpp.cpp; path = SCModuleManager.cpp; sourceTree = "<group>"; };
		D2B7BF571B13A0500012C51B /* SCModuleManager.h */ = {isa = PBXFileReference; fileEncoding = 4; lastKnownFileType = sourcecode.c.h; path = SCModuleManager.h; sourceTree = "<group>"; };
		D2B7BF581B13A0500012C51B /* SCModuleTypes.h */ = {isa = PBXFileReference; fileEncoding = 4; lastKnownFileType = sourcecode.c.h; path = SCModuleTypes.h; sourceTree = "<group>"; };
		D2B7BF5C1B13A0500012C51B /* ZLibUtil.cpp */ = {isa = PBXFileReference; fileEncoding = 4; lastKnownFileType = sourcecode.cpp.cpp; path = ZLibUtil.cpp; sourceTree = "<group>"; };
		D2B7BF5D1B13A0500012C51B /* ZLibUtil.h */ = {isa = PBXFileReference; fileEncoding = 4; lastKnownFileType = sourcecode.c.h; path = ZLibUtil.h; sourceTree = "<group>"; };
		D2B7BF5F1B13A0500012C51B /* crypt.cpp */ = {isa = PBXFileReference; fileEncoding = 4; lastKnownFileType = sourcecode.cpp.cpp; path = crypt.cpp; sourceTree = "<group>"; };
		D2B7BF601B13A0500012C51B /* crypt.h */ = {isa = PBXFileReference; fileEncoding = 4; lastKnownFileType = sourcecode.c.h; path = crypt.h; sourceTree = "<group>"; };
		D2B7BF611B13A0500012C51B /* md5.cpp */ = {isa = PBXFileReference; fileEncoding = 4; lastKnownFileType = sourcecode.cpp.cpp; path = md5.cpp; sourceTree = "<group>"; };
		D2B7BF621B13A0500012C51B /* md5.h */ = {isa = PBXFileReference; fileEncoding = 4; lastKnownFileType = sourcecode.c.h; path = md5.h; sourceTree = "<group>"; };
		D2B7BF631B13A0500012C51B /* rc4.cpp */ = {isa = PBXFileReference; fileEncoding = 4; lastKnownFileType = sourcecode.cpp.cpp; path = rc4.cpp; sourceTree = "<group>"; };
		D2B7BF641B13A0500012C51B /* rc4.h */ = {isa = PBXFileReference; fileEncoding = 4; lastKnownFileType = sourcecode.c.h; path = rc4.h; sourceTree = "<group>"; };
		D2B7BF661B13A0500012C51B /* HttpCurl.cpp */ = {isa = PBXFileReference; fileEncoding = 4; lastKnownFileType = sourcecode.cpp.cpp; path = HttpCurl.cpp; sourceTree = "<group>"; };
		D2B7BF671B13A0500012C51B /* HttpCurl.h */ = {isa = PBXFileReference; fileEncoding = 4; lastKnownFileType = sourcecode.c.h; path = HttpCurl.h; sourceTree = "<group>"; };
		D2B7BF681B13A0500012C51B /* HttpMan.cpp */ = {isa = PBXFileReference; fileEncoding = 4; lastKnownFileType = sourcecode.cpp.cpp; path = HttpMan.cpp; sourceTree = "<group>"; };
		D2B7BF691B13A0500012C51B /* HttpMan.h */ = {isa = PBXFileReference; fileEncoding = 4; lastKnownFileType = sourcecode.c.h; path = HttpMan.h; sourceTree = "<group>"; };
		D2B7BF6A1B13A0500012C51B /* HttpProtocolMan.cpp */ = {isa = PBXFileReference; fileEncoding = 4; lastKnownFileType = sourcecode.cpp.cpp; path = HttpProtocolMan.cpp; sourceTree = "<group>"; };
		D2B7BF6B1B13A0500012C51B /* HttpProtocolMan.h */ = {isa = PBXFileReference; fileEncoding = 4; lastKnownFileType = sourcecode.c.h; path = HttpProtocolMan.h; sourceTree = "<group>"; };
		D2B7BF6E1B13A0500012C51B /* autolink.h */ = {isa = PBXFileReference; fileEncoding = 4; lastKnownFileType = sourcecode.c.h; path = autolink.h; sourceTree = "<group>"; };
		D2B7BF6F1B13A0500012C51B /* config.h */ = {isa = PBXFileReference; fileEncoding = 4; lastKnownFileType = sourcecode.c.h; path = config.h; sourceTree = "<group>"; };
		D2B7BF701B13A0500012C51B /* features.h */ = {isa = PBXFileReference; fileEncoding = 4; lastKnownFileType = sourcecode.c.h; path = features.h; sourceTree = "<group>"; };
		D2B7BF711B13A0500012C51B /* forwards.h */ = {isa = PBXFileReference; fileEncoding = 4; lastKnownFileType = sourcecode.c.h; path = forwards.h; sourceTree = "<group>"; };
		D2B7BF721B13A0500012C51B /* json.h */ = {isa = PBXFileReference; fileEncoding = 4; lastKnownFileType = sourcecode.c.h; path = json.h; sourceTree = "<group>"; };
		D2B7BF731B13A0500012C51B /* reader.h */ = {isa = PBXFileReference; fileEncoding = 4; lastKnownFileType = sourcecode.c.h; path = reader.h; sourceTree = "<group>"; };
		D2B7BF741B13A0500012C51B /* value.h */ = {isa = PBXFileReference; fileEncoding = 4; lastKnownFileType = sourcecode.c.h; path = value.h; sourceTree = "<group>"; };
		D2B7BF751B13A0500012C51B /* writer.h */ = {isa = PBXFileReference; fileEncoding = 4; lastKnownFileType = sourcecode.c.h; path = writer.h; sourceTree = "<group>"; };
		D2B7BF761B13A0500012C51B /* json_batchallocator.h */ = {isa = PBXFileReference; fileEncoding = 4; lastKnownFileType = sourcecode.c.h; path = json_batchallocator.h; sourceTree = "<group>"; };
		D2B7BF771B13A0500012C51B /* json_internalarray.inl */ = {isa = PBXFileReference; fileEncoding = 4; lastKnownFileType = text; path = json_internalarray.inl; sourceTree = "<group>"; };
		D2B7BF781B13A0500012C51B /* json_internalmap.inl */ = {isa = PBXFileReference; fileEncoding = 4; lastKnownFileType = text; path = json_internalmap.inl; sourceTree = "<group>"; };
		D2B7BF791B13A0500012C51B /* json_reader.cpp */ = {isa = PBXFileReference; fileEncoding = 4; lastKnownFileType = sourcecode.cpp.cpp; path = json_reader.cpp; sourceTree = "<group>"; };
		D2B7BF7A1B13A0500012C51B /* json_tool.h */ = {isa = PBXFileReference; fileEncoding = 4; lastKnownFileType = sourcecode.c.h; path = json_tool.h; sourceTree = "<group>"; };
		D2B7BF7B1B13A0500012C51B /* json_value.cpp */ = {isa = PBXFileReference; fileEncoding = 4; lastKnownFileType = sourcecode.cpp.cpp; path = json_value.cpp; sourceTree = "<group>"; };
		D2B7BF7C1B13A0500012C51B /* json_valueiterator.inl */ = {isa = PBXFileReference; fileEncoding = 4; lastKnownFileType = text; path = json_valueiterator.inl; sourceTree = "<group>"; };
		D2B7BF7D1B13A0500012C51B /* json_writer.cpp */ = {isa = PBXFileReference; fileEncoding = 4; lastKnownFileType = sourcecode.cpp.cpp; path = json_writer.cpp; sourceTree = "<group>"; };
		D2B7BF7F1B13A0500012C51B /* Processor.cpp */ = {isa = PBXFileReference; fileEncoding = 4; lastKnownFileType = sourcecode.cpp.cpp; path = Processor.cpp; sourceTree = "<group>"; };
		D2B7BF801B13A0500012C51B /* Processor.h */ = {isa = PBXFileReference; fileEncoding = 4; lastKnownFileType = sourcecode.c.h; path = Processor.h; sourceTree = "<group>"; };
		D2B7BF811B13A0500012C51B /* Protocol.cpp */ = {isa = PBXFileReference; fileEncoding = 4; lastKnownFileType = sourcecode.cpp.cpp; path = Protocol.cpp; sourceTree = "<group>"; };
		D2B7BF821B13A0500012C51B /* Protocol.h */ = {isa = PBXFileReference; fileEncoding = 4; lastKnownFileType = sourcecode.c.h; path = Protocol.h; sourceTree = "<group>"; };
		D2B7BF841B13A0500012C51B /* BinaryStream.h */ = {isa = PBXFileReference; fileEncoding = 4; lastKnownFileType = sourcecode.c.h; path = BinaryStream.h; sourceTree = "<group>"; };
		D2B7BF851B13A0500012C51B /* BinaryStreamCoder.cpp */ = {isa = PBXFileReference; fileEncoding = 4; lastKnownFileType = sourcecode.cpp.cpp; path = BinaryStreamCoder.cpp; sourceTree = "<group>"; };
		D2B7BF861B13A0500012C51B /* BinaryStreamCoder.h */ = {isa = PBXFileReference; fileEncoding = 4; lastKnownFileType = sourcecode.c.h; path = BinaryStreamCoder.h; sourceTree = "<group>"; };
		D2B7BF871B13A0500012C51B /* JsonStream.h */ = {isa = PBXFileReference; fileEncoding = 4; lastKnownFileType = sourcecode.c.h; path = JsonStream.h; sourceTree = "<group>"; };
		D2B7BF881B13A0500012C51B /* JsonStreamCoder.cpp */ = {isa = PBXFileReference; fileEncoding = 4; lastKnownFileType = sourcecode.cpp.cpp; path = JsonStreamCoder.cpp; sourceTree = "<group>"; };
		D2B7BF891B13A0500012C51B /* JsonStreamCoder.h */ = {isa = PBXFileReference; fileEncoding = 4; lastKnownFileType = sourcecode.c.h; path = JsonStreamCoder.h; sourceTree = "<group>"; };
		D2B7BF8A1B13A0500012C51B /* KeyedStream.h */ = {isa = PBXFileReference; fileEncoding = 4; lastKnownFileType = sourcecode.c.h; path = KeyedStream.h; sourceTree = "<group>"; };
		D2B7BF8B1B13A0500012C51B /* KeyedStreamCoder.cpp */ = {isa = PBXFileReference; fileEncoding = 4; lastKnownFileType = sourcecode.cpp.cpp; path = KeyedStreamCoder.cpp; sourceTree = "<group>"; };
		D2B7BF8C1B13A0500012C51B /* KeyedStreamCoder.h */ = {isa = PBXFileReference; fileEncoding = 4; lastKnownFileType = sourcecode.c.h; path = KeyedStreamCoder.h; sourceTree = "<group>"; };
		D2B7BF8D1B13A0500012C51B /* StreamCoder.h */ = {isa = PBXFileReference; fileEncoding = 4; lastKnownFileType = sourcecode.c.h; path = StreamCoder.h; sourceTree = "<group>"; };
		D2B7BF8E1B13A0500012C51B /* SCNetworkModule.cpp */ = {isa = PBXFileReference; fileEncoding = 4; lastKnownFileType = sourcecode.cpp.cpp; path = SCNetworkModule.cpp; sourceTree = "<group>"; };
		D2B7BF8F1B13A0500012C51B /* SCNetworkModule.h */ = {isa = PBXFileReference; fileEncoding = 4; lastKnownFileType = sourcecode.c.h; path = SCNetworkModule.h; sourceTree = "<group>"; };
		D2B7BF911B13A0500012C51B /* SCSceneBase.cpp */ = {isa = PBXFileReference; fileEncoding = 4; lastKnownFileType = sourcecode.cpp.cpp; path = SCSceneBase.cpp; sourceTree = "<group>"; };
		D2B7BF921B13A0500012C51B /* SCSceneBase.h */ = {isa = PBXFileReference; fileEncoding = 4; lastKnownFileType = sourcecode.c.h; path = SCSceneBase.h; sourceTree = "<group>"; };
		D2B7BF931B13A0500012C51B /* SCTiledMap.cpp */ = {isa = PBXFileReference; fileEncoding = 4; lastKnownFileType = sourcecode.cpp.cpp; path = SCTiledMap.cpp; sourceTree = "<group>"; };
		D2B7BF941B13A0500012C51B /* SCTiledMap.h */ = {isa = PBXFileReference; fileEncoding = 4; lastKnownFileType = sourcecode.c.h; path = SCTiledMap.h; sourceTree = "<group>"; };
		D2B7BF9B1B13A0500012C51B /* SCUtilityFunc.cpp */ = {isa = PBXFileReference; fileEncoding = 4; lastKnownFileType = sourcecode.cpp.cpp; path = SCUtilityFunc.cpp; sourceTree = "<group>"; };
		D2B7BF9C1B13A0500012C51B /* SCUtilityFunc.h */ = {isa = PBXFileReference; fileEncoding = 4; lastKnownFileType = sourcecode.c.h; path = SCUtilityFunc.h; sourceTree = "<group>"; };
		D2C57A261B1FCB24008DA7E3 /* SCJoystickBase.cpp */ = {isa = PBXFileReference; fileEncoding = 4; lastKnownFileType = sourcecode.cpp.cpp; path = SCJoystickBase.cpp; sourceTree = "<group>"; };
		D2C57A271B1FCB24008DA7E3 /* SCJoystickBase.h */ = {isa = PBXFileReference; fileEncoding = 4; lastKnownFileType = sourcecode.c.h; path = SCJoystickBase.h; sourceTree = "<group>"; };
		D44C620B132DFF330009C878 /* OpenAL.framework */ = {isa = PBXFileReference; lastKnownFileType = wrapper.framework; name = OpenAL.framework; path = System/Library/Frameworks/OpenAL.framework; sourceTree = SDKROOT; };
		D44C620D132DFF430009C878 /* AVFoundation.framework */ = {isa = PBXFileReference; lastKnownFileType = wrapper.framework; name = AVFoundation.framework; path = System/Library/Frameworks/AVFoundation.framework; sourceTree = SDKROOT; };
		D44C620F132DFF4E0009C878 /* AudioToolbox.framework */ = {isa = PBXFileReference; lastKnownFileType = wrapper.framework; name = AudioToolbox.framework; path = System/Library/Frameworks/AudioToolbox.framework; sourceTree = SDKROOT; };
/* End PBXFileReference section */

/* Begin PBXFrameworksBuildPhase section */
		1D60588F0D05DD3D006BFB54 /* Frameworks */ = {
			isa = PBXFrameworksBuildPhase;
			buildActionMask = 2147483647;
			files = (
				D2856E661B9C816E008648AC /* OpenGLES.framework in Frameworks */,
				D2856E641B9C8166008648AC /* UIKit.framework in Frameworks */,
				D2856E621B9C8159008648AC /* CoreMotion.framework in Frameworks */,
				D2B5DA9B1B0CEBE700401BDF /* libcocos2dx iOS.a in Frameworks */,
				D2B5DA9C1B0CEBE700401BDF /* libcocos2dx-extensions iOS.a in Frameworks */,
				D2B5DA9D1B0CEBE700401BDF /* libCocosDenshion iOS.a in Frameworks */,
				1D60589F0D05DD5A006BFB54 /* Foundation.framework in Frameworks */,
				288765A50DF7441C002DB57D /* CoreGraphics.framework in Frameworks */,
				BF1712471292920000B8313A /* libz.dylib in Frameworks */,
				BF1C47F01293687400B63C5D /* QuartzCore.framework in Frameworks */,
				D44C620C132DFF330009C878 /* OpenAL.framework in Frameworks */,
				D44C620E132DFF430009C878 /* AVFoundation.framework in Frameworks */,
				D44C6210132DFF4E0009C878 /* AudioToolbox.framework in Frameworks */,
			);
			runOnlyForDeploymentPostprocessing = 0;
		};
/* End PBXFrameworksBuildPhase section */

/* Begin PBXGroup section */
		080E96DDFE201D6D7F000001 /* ios */ = {
			isa = PBXGroup;
			children = (
				D210408A1B21F50E007AB304 /* Images.xcassets */,
				D2B5DA631B0CEA2200401BDF /* default */,
				D2B5DA8C1B0CEA4800401BDF /* AppController.h */,
				D2B5DA8D1B0CEA4800401BDF /* AppController.mm */,
				D2B5DA8E1B0CEA4800401BDF /* main.m */,
				D2B5DA8F1B0CEA4800401BDF /* Prefix.pch */,
				D2B5DA901B0CEA4800401BDF /* RootViewController.h */,
				D2B5DA911B0CEA4800401BDF /* RootViewController.mm */,
			);
			name = ios;
			path = Classes;
			sourceTree = "<group>";
		};
		15AA9C4015B7EC450033D6C2 /* Classes */ = {
			isa = PBXGroup;
			children = (
				D2AF421E1B67E7B7007EE59F /* Data */,
				D22AC3661B1DEA8C000F9AA4 /* Player */,
				D2B7BF421B13A0500012C51B /* Account */,
				D2B7BF451B13A0500012C51B /* Common */,
				D2B7BF4B1B13A0500012C51B /* Effect */,
				D2B7BF4E1B13A0500012C51B /* Game */,
				D2B7BF531B13A0500012C51B /* Module */,
				D2B7BF591B13A0500012C51B /* Network */,
				D2B7BF901B13A0500012C51B /* Scene */,
				D2B7BF971B13A0500012C51B /* UI */,
				D2B7BF9A1B13A0500012C51B /* Utility */,
				D2AF42291B67E80D007EE59F /* SCGame.cpp */,
				D2AF422A1B67E80D007EE59F /* SCGame.h */,
				1AFAF8B316D35DE700DB1158 /* AppDelegate.cpp */,
				1AFAF8B416D35DE700DB1158 /* AppDelegate.h */,
			);
			name = Classes;
			path = ../classes;
			sourceTree = "<group>";
		};
		19C28FACFE9D520D11CA2CBB /* Products */ = {
			isa = PBXGroup;
			children = (
				1D6058910D05DD3D006BFB54 /* ShootOnline.app */,
			);
			name = Products;
			sourceTree = "<group>";
		};
		29B97314FDCFA39411CA2CEA /* CustomTemplate */ = {
			isa = PBXGroup;
			children = (
				D2B5DA401B0CEA0500401BDF /* cocos2d_libs.xcodeproj */,
				15AA9C4015B7EC450033D6C2 /* Classes */,
				080E96DDFE201D6D7F000001 /* ios */,
				29B97323FDCFA39411CA2CEA /* Frameworks */,
				19C28FACFE9D520D11CA2CBB /* Products */,
				78C7DDAA14EBA5050085D0C2 /* Resources */,
			);
			name = CustomTemplate;
			sourceTree = "<group>";
		};
		29B97323FDCFA39411CA2CEA /* Frameworks */ = {
			isa = PBXGroup;
			children = (
				D2856E651B9C816E008648AC /* OpenGLES.framework */,
				D2856E631B9C8166008648AC /* UIKit.framework */,
				D2856E611B9C8159008648AC /* CoreMotion.framework */,
				503AE11A17EB9C5A00D1A890 /* IOKit.framework */,
				503AE11117EB99EE00D1A890 /* libcurl.dylib */,
				5087E78A17EB975400C73F5D /* OpenGL.framework */,
				5087E78817EB974C00C73F5D /* AppKit.framework */,
				BF170DB412928DE900B8313A /* libz.dylib */,
				D44C620F132DFF4E0009C878 /* AudioToolbox.framework */,
				D44C620D132DFF430009C878 /* AVFoundation.framework */,
				288765A40DF7441C002DB57D /* CoreGraphics.framework */,
				1D30AB110D05D00D00671497 /* Foundation.framework */,
				D44C620B132DFF330009C878 /* OpenAL.framework */,
				BF1C47EA1293683800B63C5D /* QuartzCore.framework */,
			);
			name = Frameworks;
			sourceTree = "<group>";
		};
		78C7DDAA14EBA5050085D0C2 /* Resources */ = {
			isa = PBXGroup;
			children = (
				D2856E691B9C9579008648AC /* music */,
				D2856E6A1B9C9579008648AC /* sound */,
				D2856E671B9C81AB008648AC /* sprite */,
				D2AF422C1B67EA26007EE59F /* config */,
				D2AF422D1B67EA26007EE59F /* data */,
				D2AF422E1B67EA26007EE59F /* effect */,
				D2AF422F1B67EA26007EE59F /* fonts */,
				D2AF42301B67EA26007EE59F /* map */,
				D2AF42311B67EA26007EE59F /* role */,
				D2AF42321B67EA26007EE59F /* scripts */,
				D2AF42331B67EA26007EE59F /* ui */,
			);
			name = Resources;
			path = ../Resources;
			sourceTree = "<group>";
		};
		D22AC3661B1DEA8C000F9AA4 /* Player */ = {
			isa = PBXGroup;
			children = (
				D22AC3671B1DEBCC000F9AA4 /* SCPlayerModule.h */,
				D22AC3681B1DEC62000F9AA4 /* SCPlayerModule.cpp */,
				D22AC36A1B1DEF51000F9AA4 /* SCRole.h */,
				D22AC36D1B1DF486000F9AA4 /* SCRole.cpp */,
			);
			name = Player;
			sourceTree = "<group>";
		};
		D22AC3751B1E1E44000F9AA4 /* scenes */ = {
			isa = PBXGroup;
			children = (
				D22AC3761B1E1E66000F9AA4 /* SCSceneLoading.cpp */,
				D22AC3771B1E1E66000F9AA4 /* SCSceneLoading.h */,
				D22AC3791B1E1EDD000F9AA4 /* SCSceneLogin.cpp */,
				D22AC37A1B1E1EDD000F9AA4 /* SCSceneLogin.h */,
				D22AC37C1B1E206B000F9AA4 /* SCSceneMain.cpp */,
				D22AC37D1B1E206B000F9AA4 /* SCSceneMain.h */,
				D22AC37F1B1E20AD000F9AA4 /* SCSceneBattle.cpp */,
				D22AC3801B1E20AD000F9AA4 /* SCSceneBattle.h */,
			);
			name = scenes;
			sourceTree = "<group>";
		};
		D2856E411B9C7F3A008648AC /* Common */ = {
			isa = PBXGroup;
			children = (
				D2856E4E1B9C7F74008648AC /* SCUIOption.cpp */,
				D2856E4F1B9C7F74008648AC /* SCUIOption.h */,
			);
			name = Common;
			sourceTree = "<group>";
		};
		D2856E421B9C7F42008648AC /* Battle */ = {
			isa = PBXGroup;
			children = (
			);
			name = Battle;
			sourceTree = "<group>";
		};
		D2856E431B9C7F48008648AC /* Main */ = {
			isa = PBXGroup;
			children = (
				D2856E451B9C7F6D008648AC /* SCUIChapter.cpp */,
				D2856E461B9C7F6D008648AC /* SCUIChapter.h */,
				D2856E471B9C7F6D008648AC /* SCUICustom.cpp */,
				D2856E481B9C7F6D008648AC /* SCUICustom.h */,
				D2856E491B9C7F6D008648AC /* SCUIStage.cpp */,
				D2856E4A1B9C7F6D008648AC /* SCUIStage.h */,
			);
			name = Main;
			sourceTree = "<group>";
		};
		D2856E441B9C7F4C008648AC /* Loading */ = {
			isa = PBXGroup;
			children = (
				D2856E511B9C7F7D008648AC /* SCUIStart.cpp */,
				D2856E521B9C7F7D008648AC /* SCUIStart.h */,
			);
			name = Loading;
			sourceTree = "<group>";
		};
		D2856E5D1B9C8026008648AC /* elements */ = {
			isa = PBXGroup;
			children = (
				D2856E5E1B9C8039008648AC /* SCAudioElement.cpp */,
				D2856E5F1B9C8039008648AC /* SCAudioElement.h */,
			);
			name = elements;
			sourceTree = "<group>";
		};
		D2AF41DA1B67E79C007EE59F /* common */ = {
			isa = PBXGroup;
			children = (
				D2AF41DB1B67E79C007EE59F /* config.h */,
				D2AF41DC1B67E79C007EE59F /* message.h */,
				D2AF41DD1B67E79C007EE59F /* mvc.h */,
				D2AF41DE1B67E79C007EE59F /* type.h */,
			);
			path = common;
			sourceTree = "<group>";
		};
		D2AF41DF1B67E79C007EE59F /* Components */ = {
			isa = PBXGroup;
			children = (
				D2856E201B9C7EF4008648AC /* SCComBulletAtk.cpp */,
				D2856E211B9C7EF4008648AC /* SCComBulletAtk.h */,
				D2856E221B9C7EF4008648AC /* SCComBulletMove.cpp */,
				D2856E231B9C7EF4008648AC /* SCComBulletMove.h */,
				D2856E241B9C7EF4008648AC /* SCComNPCAI.cpp */,
				D2856E251B9C7EF4008648AC /* SCComNPCAI.h */,
				D2856E261B9C7EF4008648AC /* SCComNPCFSM.cpp */,
				D2856E271B9C7EF4008648AC /* SCComNPCFSM.h */,
				D2856E281B9C7EF4008648AC /* SCComNPCMove.cpp */,
				D2856E291B9C7EF4008648AC /* SCComNPCMove.h */,
				D2856E2A1B9C7EF4008648AC /* SCComNPCProperty.cpp */,
				D2856E2B1B9C7EF4008648AC /* SCComNPCProperty.h */,
				D2856E2C1B9C7EF4008648AC /* SCComPlayerProperty.cpp */,
				D2856E2D1B9C7EF4008648AC /* SCComPlayerProperty.h */,
				D2856E2E1B9C7EF4008648AC /* SCComSprite.cpp */,
				D2856E2F1B9C7EF4008648AC /* SCComSprite.h */,
				D2AF41E01B67E79C007EE59F /* SCComArmature.cpp */,
				D2AF41E11B67E79C007EE59F /* SCComArmature.h */,
				D2AF41E21B67E79C007EE59F /* SCComCollider.cpp */,
				D2AF41E31B67E79C007EE59F /* SCComCollider.h */,
				D2AF41E41B67E79C007EE59F /* SCComPlayerFSM.cpp */,
				D2AF41E51B67E79C007EE59F /* SCComPlayerFSM.h */,
				D2AF41E61B67E79C007EE59F /* SCComPlayerMove.cpp */,
				D2AF41E71B67E79C007EE59F /* SCComPlayerMove.h */,
				D2AF41E81B67E79C007EE59F /* SCComponentBase.h */,
				D2AF41EB1B67E79C007EE59F /* SCComWeapon.cpp */,
				D2AF41EC1B67E79C007EE59F /* SCComWeapon.h */,
			);
			path = Components;
			sourceTree = "<group>";
		};
		D2AF421E1B67E7B7007EE59F /* Data */ = {
			isa = PBXGroup;
			children = (
				D2AF421F1B67E7C2007EE59F /* SCDataModule.cpp */,
				D2AF42201B67E7C2007EE59F /* SCDataModule.h */,
				D2AF42211B67E7C2007EE59F /* SCDataTypes.cpp */,
				D2AF42221B67E7C2007EE59F /* SCDataTypes.h */,
			);
			name = Data;
			sourceTree = "<group>";
		};
		D2B5DA411B0CEA0500401BDF /* Products */ = {
			isa = PBXGroup;
			children = (
				D2B5DA501B0CEA0600401BDF /* libcocos2dx Mac.a */,
				D2B5DA521B0CEA0600401BDF /* libcocos2dx-extensions Mac.a */,
				D2B5DA541B0CEA0600401BDF /* libchipmunk Mac.a */,
				D2B5DA561B0CEA0600401BDF /* libbox2d Mac.a */,
				D2B5DA581B0CEA0600401BDF /* libCocosDenshion Mac.a */,
				D2B5DA5A1B0CEA0600401BDF /* libcocos2dx iOS.a */,
				D2B5DA5C1B0CEA0600401BDF /* libcocos2dx-extensions iOS.a */,
				D2B5DA5E1B0CEA0600401BDF /* libchipmunk iOS.a */,
				D2B5DA601B0CEA0600401BDF /* libbox2d iOS.a */,
				D2B5DA621B0CEA0600401BDF /* libCocosDenshion iOS.a */,
			);
			name = Products;
			sourceTree = "<group>";
		};
		D2B5DA631B0CEA2200401BDF /* default */ = {
			isa = PBXGroup;
			children = (
				D2B5DA681B0CEA2200401BDF /* InfoPlist.strings */,
				D2B5DA6A1B0CEA2200401BDF /* Localizable.strings */,
				D2B5DA761B0CEA2200401BDF /* Info.plist */,
			);
			path = default;
			sourceTree = SOURCE_ROOT;
		};
		D2B7BF421B13A0500012C51B /* Account */ = {
			isa = PBXGroup;
			children = (
				D2B7BF431B13A0500012C51B /* AccountPlatform.cpp */,
				D2B7BF441B13A0500012C51B /* AccountPlatform.h */,
			);
			name = Account;
			path = ../Classes/Account;
			sourceTree = "<group>";
		};
		D2B7BF451B13A0500012C51B /* Common */ = {
			isa = PBXGroup;
			children = (
				D2B7BF461B13A0500012C51B /* SCEvent.cpp */,
				D2B7BF471B13A0500012C51B /* SCEvent.h */,
				D2B7BF481B13A0500012C51B /* SCEventTypes.h */,
				D2B7BF491B13A0500012C51B /* SCThread.cpp */,
				D2B7BF4A1B13A0500012C51B /* SCThread.h */,
			);
			name = Common;
			path = ../Classes/Common;
			sourceTree = "<group>";
		};
		D2B7BF4B1B13A0500012C51B /* Effect */ = {
			isa = PBXGroup;
			children = (
				D2856E5D1B9C8026008648AC /* elements */,
				D2856E541B9C8023008648AC /* SCEffectData.cpp */,
				D2856E551B9C8023008648AC /* SCEffectData.h */,
				D2856E561B9C8023008648AC /* SCEffectElement.cpp */,
				D2856E571B9C8023008648AC /* SCEffectElement.h */,
				D2856E581B9C8023008648AC /* SCEffectKeyframe.cpp */,
				D2856E591B9C8023008648AC /* SCEffectKeyframe.h */,
				D2B7BF4C1B13A0500012C51B /* SCEffect.cpp */,
				D2B7BF4D1B13A0500012C51B /* SCEffect.h */,
			);
			name = Effect;
			path = ../Classes/Effect;
			sourceTree = "<group>";
		};
		D2B7BF4E1B13A0500012C51B /* Game */ = {
			isa = PBXGroup;
			children = (
				D2AF41DA1B67E79C007EE59F /* common */,
				D2AF41DF1B67E79C007EE59F /* Components */,
				D2AF41ED1B67E79C007EE59F /* MessageQueue.cpp */,
				D2AF41EE1B67E79C007EE59F /* MessageQueue.h */,
				D2AF41EF1B67E79C007EE59F /* ObjectManager.h */,
				D2AF41F01B67E79C007EE59F /* SCBullet.cpp */,
				D2AF41F11B67E79C007EE59F /* SCBullet.h */,
				D2AF41F21B67E79C007EE59F /* SCBulletController.cpp */,
				D2AF41F31B67E79C007EE59F /* SCBulletController.h */,
				D2AF41F41B67E79C007EE59F /* SCBulletDispatcher.cpp */,
				D2AF41F51B67E79C007EE59F /* SCBulletDispatcher.h */,
				D2AF41F61B67E79C007EE59F /* SCGameJoystick.cpp */,
				D2AF41F71B67E79C007EE59F /* SCGameJoystick.h */,
				D2AF41F81B67E79C007EE59F /* SCGameModule.cpp */,
				D2AF41F91B67E79C007EE59F /* SCGameModule.h */,
				D2AF41FA1B67E79C007EE59F /* SCHostPlayer.cpp */,
				D2AF41FB1B67E79C007EE59F /* SCHostPlayer.h */,
				D2AF41FC1B67E79C007EE59F /* SCHostPlayerController.cpp */,
				D2AF41FD1B67E79C007EE59F /* SCHostPlayerController.h */,
				D2AF41FE1B67E79C007EE59F /* SCHostPlayerDispatcher.cpp */,
				D2AF41FF1B67E79C007EE59F /* SCHostPlayerDispatcher.h */,
				D2AF42001B67E79C007EE59F /* SCNpc.cpp */,
				D2AF42011B67E79C007EE59F /* SCNpc.h */,
				D2AF42021B67E79C007EE59F /* SCNpcController.cpp */,
				D2AF42031B67E79C007EE59F /* SCNpcController.h */,
				D2AF42041B67E79C007EE59F /* SCNpcDispatcher.cpp */,
				D2AF42051B67E79C007EE59F /* SCNpcDispatcher.h */,
				D2AF42061B67E79C007EE59F /* SCObject.cpp */,
				D2AF42071B67E79C007EE59F /* SCObject.h */,
				D2AF42081B67E79C007EE59F /* SCWorld.cpp */,
				D2AF42091B67E79C007EE59F /* SCWorld.h */,
			);
			name = Game;
			path = ../Classes/Game;
			sourceTree = "<group>";
		};
		D2B7BF531B13A0500012C51B /* Module */ = {
			isa = PBXGroup;
			children = (
				D2B7BF541B13A0500012C51B /* SCModuleBase.cpp */,
				D2B7BF551B13A0500012C51B /* SCModuleBase.h */,
				D2B7BF561B13A0500012C51B /* SCModuleManager.cpp */,
				D2B7BF571B13A0500012C51B /* SCModuleManager.h */,
				D2B7BF581B13A0500012C51B /* SCModuleTypes.h */,
			);
			name = Module;
			path = ../Classes/Module;
			sourceTree = "<group>";
		};
		D2B7BF591B13A0500012C51B /* Network */ = {
			isa = PBXGroup;
			children = (
				D2B7BF5A1B13A0500012C51B /* netlib */,
				D2B7BF8E1B13A0500012C51B /* SCNetworkModule.cpp */,
				D2B7BF8F1B13A0500012C51B /* SCNetworkModule.h */,
			);
			name = Network;
			path = ../Classes/Network;
			sourceTree = "<group>";
		};
		D2B7BF5A1B13A0500012C51B /* netlib */ = {
			isa = PBXGroup;
			children = (
				D2B7BF5B1B13A0500012C51B /* compress */,
				D2B7BF5E1B13A0500012C51B /* crypt */,
				D2B7BF651B13A0500012C51B /* http */,
				D2B7BF6C1B13A0500012C51B /* libjson */,
				D2B7BF7E1B13A0500012C51B /* protocol */,
				D2B7BF831B13A0500012C51B /* stream */,
			);
			path = netlib;
			sourceTree = "<group>";
		};
		D2B7BF5B1B13A0500012C51B /* compress */ = {
			isa = PBXGroup;
			children = (
				D2B7BF5C1B13A0500012C51B /* ZLibUtil.cpp */,
				D2B7BF5D1B13A0500012C51B /* ZLibUtil.h */,
			);
			path = compress;
			sourceTree = "<group>";
		};
		D2B7BF5E1B13A0500012C51B /* crypt */ = {
			isa = PBXGroup;
			children = (
				D2B7BF5F1B13A0500012C51B /* crypt.cpp */,
				D2B7BF601B13A0500012C51B /* crypt.h */,
				D2B7BF611B13A0500012C51B /* md5.cpp */,
				D2B7BF621B13A0500012C51B /* md5.h */,
				D2B7BF631B13A0500012C51B /* rc4.cpp */,
				D2B7BF641B13A0500012C51B /* rc4.h */,
			);
			path = crypt;
			sourceTree = "<group>";
		};
		D2B7BF651B13A0500012C51B /* http */ = {
			isa = PBXGroup;
			children = (
				D2B7BF661B13A0500012C51B /* HttpCurl.cpp */,
				D2B7BF671B13A0500012C51B /* HttpCurl.h */,
				D2B7BF681B13A0500012C51B /* HttpMan.cpp */,
				D2B7BF691B13A0500012C51B /* HttpMan.h */,
				D2B7BF6A1B13A0500012C51B /* HttpProtocolMan.cpp */,
				D2B7BF6B1B13A0500012C51B /* HttpProtocolMan.h */,
			);
			path = http;
			sourceTree = "<group>";
		};
		D2B7BF6C1B13A0500012C51B /* libjson */ = {
			isa = PBXGroup;
			children = (
				D2B7BF6D1B13A0500012C51B /* json */,
				D2B7BF761B13A0500012C51B /* json_batchallocator.h */,
				D2B7BF771B13A0500012C51B /* json_internalarray.inl */,
				D2B7BF781B13A0500012C51B /* json_internalmap.inl */,
				D2B7BF791B13A0500012C51B /* json_reader.cpp */,
				D2B7BF7A1B13A0500012C51B /* json_tool.h */,
				D2B7BF7B1B13A0500012C51B /* json_value.cpp */,
				D2B7BF7C1B13A0500012C51B /* json_valueiterator.inl */,
				D2B7BF7D1B13A0500012C51B /* json_writer.cpp */,
			);
			path = libjson;
			sourceTree = "<group>";
		};
		D2B7BF6D1B13A0500012C51B /* json */ = {
			isa = PBXGroup;
			children = (
				D2B7BF6E1B13A0500012C51B /* autolink.h */,
				D2B7BF6F1B13A0500012C51B /* config.h */,
				D2B7BF701B13A0500012C51B /* features.h */,
				D2B7BF711B13A0500012C51B /* forwards.h */,
				D2B7BF721B13A0500012C51B /* json.h */,
				D2B7BF731B13A0500012C51B /* reader.h */,
				D2B7BF741B13A0500012C51B /* value.h */,
				D2B7BF751B13A0500012C51B /* writer.h */,
			);
			path = json;
			sourceTree = "<group>";
		};
		D2B7BF7E1B13A0500012C51B /* protocol */ = {
			isa = PBXGroup;
			children = (
				D2B7BF7F1B13A0500012C51B /* Processor.cpp */,
				D2B7BF801B13A0500012C51B /* Processor.h */,
				D2B7BF811B13A0500012C51B /* Protocol.cpp */,
				D2B7BF821B13A0500012C51B /* Protocol.h */,
			);
			path = protocol;
			sourceTree = "<group>";
		};
		D2B7BF831B13A0500012C51B /* stream */ = {
			isa = PBXGroup;
			children = (
				D2B7BF841B13A0500012C51B /* BinaryStream.h */,
				D2B7BF851B13A0500012C51B /* BinaryStreamCoder.cpp */,
				D2B7BF861B13A0500012C51B /* BinaryStreamCoder.h */,
				D2B7BF871B13A0500012C51B /* JsonStream.h */,
				D2B7BF881B13A0500012C51B /* JsonStreamCoder.cpp */,
				D2B7BF891B13A0500012C51B /* JsonStreamCoder.h */,
				D2B7BF8A1B13A0500012C51B /* KeyedStream.h */,
				D2B7BF8B1B13A0500012C51B /* KeyedStreamCoder.cpp */,
				D2B7BF8C1B13A0500012C51B /* KeyedStreamCoder.h */,
				D2B7BF8D1B13A0500012C51B /* StreamCoder.h */,
			);
			path = stream;
			sourceTree = "<group>";
		};
		D2B7BF901B13A0500012C51B /* Scene */ = {
			isa = PBXGroup;
			children = (
				D22AC3751B1E1E44000F9AA4 /* scenes */,
				D2B7BF911B13A0500012C51B /* SCSceneBase.cpp */,
				D2B7BF921B13A0500012C51B /* SCSceneBase.h */,
				D2B7BF931B13A0500012C51B /* SCTiledMap.cpp */,
				D2B7BF941B13A0500012C51B /* SCTiledMap.h */,
				D22AC3721B1E163D000F9AA4 /* SCSceneManager.h */,
				D22AC3731B1E1DC8000F9AA4 /* SCSceneManager.cpp */,
			);
			name = Scene;
			path = ../Classes/Scene;
			sourceTree = "<group>";
		};
		D2B7BF971B13A0500012C51B /* UI */ = {
			isa = PBXGroup;
			children = (
				D2856E441B9C7F4C008648AC /* Loading */,
				D2856E431B9C7F48008648AC /* Main */,
				D2856E421B9C7F42008648AC /* Battle */,
				D2856E411B9C7F3A008648AC /* Common */,
				D2AF41891B67E76C007EE59F /* SCUIBase.cpp */,
				D2AF418A1B67E76C007EE59F /* SCUIBase.h */,
				D2AF418B1B67E76C007EE59F /* SCUIModule.cpp */,
				D2AF418C1B67E76C007EE59F /* SCUIModule.h */,
				D2AF418D1B67E76C007EE59F /* SCUIModuleFrames.cpp */,
				D2AF418E1B67E76C007EE59F /* SCUISkill.cpp */,
				D2AF418F1B67E76C007EE59F /* SCUISkill.h */,
				D2AF41901B67E76C007EE59F /* SCUITypes.h */,
			);
			name = UI;
			path = ../Classes/UI;
			sourceTree = "<group>";
		};
		D2B7BF9A1B13A0500012C51B /* Utility */ = {
			isa = PBXGroup;
			children = (
				D2AF42251B67E7EB007EE59F /* SCConfigs.cpp */,
				D2AF42261B67E7EB007EE59F /* SCConfigs.h */,
				D2AF42271B67E7EB007EE59F /* SCRandomGen.h */,
				D2C57A261B1FCB24008DA7E3 /* SCJoystickBase.cpp */,
				D2C57A271B1FCB24008DA7E3 /* SCJoystickBase.h */,
				D22AC3511B1DD9BC000F9AA4 /* SCCounter.h */,
				D22AC3521B1DD9BC000F9AA4 /* SCGeometry.cpp */,
				D22AC3531B1DD9BC000F9AA4 /* SCGeometry.h */,
				D2B7BF9B1B13A0500012C51B /* SCUtilityFunc.cpp */,
				D2B7BF9C1B13A0500012C51B /* SCUtilityFunc.h */,
			);
			name = Utility;
			path = ../Classes/Utility;
			sourceTree = "<group>";
		};
/* End PBXGroup section */

/* Begin PBXNativeTarget section */
		1D6058900D05DD3D006BFB54 /* ShootOnline */ = {
			isa = PBXNativeTarget;
			buildConfigurationList = 1D6058960D05DD3E006BFB54 /* Build configuration list for PBXNativeTarget "ShootOnline" */;
			buildPhases = (
				1D60588D0D05DD3D006BFB54 /* Resources */,
				1D60588E0D05DD3D006BFB54 /* Sources */,
				1D60588F0D05DD3D006BFB54 /* Frameworks */,
			);
			buildRules = (
			);
			dependencies = (
				D2B5DA961B0CEAE800401BDF /* PBXTargetDependency */,
				D2B5DA981B0CEAE800401BDF /* PBXTargetDependency */,
				D2B5DA9A1B0CEAE800401BDF /* PBXTargetDependency */,
			);
			name = ShootOnline;
			productName = iphone;
			productReference = 1D6058910D05DD3D006BFB54 /* ShootOnline.app */;
			productType = "com.apple.product-type.application";
		};
/* End PBXNativeTarget section */

/* Begin PBXProject section */
		29B97313FDCFA39411CA2CEA /* Project object */ = {
			isa = PBXProject;
			attributes = {
				LastUpgradeCheck = 0630;
				TargetAttributes = {
					1D6058900D05DD3D006BFB54 = {
						DevelopmentTeam = XJF6QBSXGR;
					};
				};
			};
			buildConfigurationList = C01FCF4E08A954540054247B /* Build configuration list for PBXProject "ShootOnline" */;
			compatibilityVersion = "Xcode 3.2";
			developmentRegion = English;
			hasScannedForEncodings = 1;
			knownRegions = (
				English,
				Japanese,
				French,
				German,
				en,
				"zh-Hans",
				"zh-Hant",
			);
			mainGroup = 29B97314FDCFA39411CA2CEA /* CustomTemplate */;
			projectDirPath = "";
			projectReferences = (
				{
					ProductGroup = D2B5DA411B0CEA0500401BDF /* Products */;
					ProjectRef = D2B5DA401B0CEA0500401BDF /* cocos2d_libs.xcodeproj */;
				},
			);
			projectRoot = "";
			targets = (
				1D6058900D05DD3D006BFB54 /* ShootOnline */,
			);
		};
/* End PBXProject section */

/* Begin PBXReferenceProxy section */
		D2B5DA501B0CEA0600401BDF /* libcocos2dx Mac.a */ = {
			isa = PBXReferenceProxy;
			fileType = archive.ar;
			path = "libcocos2dx Mac.a";
			remoteRef = D2B5DA4F1B0CEA0600401BDF /* PBXContainerItemProxy */;
			sourceTree = BUILT_PRODUCTS_DIR;
		};
		D2B5DA521B0CEA0600401BDF /* libcocos2dx-extensions Mac.a */ = {
			isa = PBXReferenceProxy;
			fileType = archive.ar;
			path = "libcocos2dx-extensions Mac.a";
			remoteRef = D2B5DA511B0CEA0600401BDF /* PBXContainerItemProxy */;
			sourceTree = BUILT_PRODUCTS_DIR;
		};
		D2B5DA541B0CEA0600401BDF /* libchipmunk Mac.a */ = {
			isa = PBXReferenceProxy;
			fileType = archive.ar;
			path = "libchipmunk Mac.a";
			remoteRef = D2B5DA531B0CEA0600401BDF /* PBXContainerItemProxy */;
			sourceTree = BUILT_PRODUCTS_DIR;
		};
		D2B5DA561B0CEA0600401BDF /* libbox2d Mac.a */ = {
			isa = PBXReferenceProxy;
			fileType = archive.ar;
			path = "libbox2d Mac.a";
			remoteRef = D2B5DA551B0CEA0600401BDF /* PBXContainerItemProxy */;
			sourceTree = BUILT_PRODUCTS_DIR;
		};
		D2B5DA581B0CEA0600401BDF /* libCocosDenshion Mac.a */ = {
			isa = PBXReferenceProxy;
			fileType = archive.ar;
			path = "libCocosDenshion Mac.a";
			remoteRef = D2B5DA571B0CEA0600401BDF /* PBXContainerItemProxy */;
			sourceTree = BUILT_PRODUCTS_DIR;
		};
		D2B5DA5A1B0CEA0600401BDF /* libcocos2dx iOS.a */ = {
			isa = PBXReferenceProxy;
			fileType = archive.ar;
			path = "libcocos2dx iOS.a";
			remoteRef = D2B5DA591B0CEA0600401BDF /* PBXContainerItemProxy */;
			sourceTree = BUILT_PRODUCTS_DIR;
		};
		D2B5DA5C1B0CEA0600401BDF /* libcocos2dx-extensions iOS.a */ = {
			isa = PBXReferenceProxy;
			fileType = archive.ar;
			path = "libcocos2dx-extensions iOS.a";
			remoteRef = D2B5DA5B1B0CEA0600401BDF /* PBXContainerItemProxy */;
			sourceTree = BUILT_PRODUCTS_DIR;
		};
		D2B5DA5E1B0CEA0600401BDF /* libchipmunk iOS.a */ = {
			isa = PBXReferenceProxy;
			fileType = archive.ar;
			path = "libchipmunk iOS.a";
			remoteRef = D2B5DA5D1B0CEA0600401BDF /* PBXContainerItemProxy */;
			sourceTree = BUILT_PRODUCTS_DIR;
		};
		D2B5DA601B0CEA0600401BDF /* libbox2d iOS.a */ = {
			isa = PBXReferenceProxy;
			fileType = archive.ar;
			path = "libbox2d iOS.a";
			remoteRef = D2B5DA5F1B0CEA0600401BDF /* PBXContainerItemProxy */;
			sourceTree = BUILT_PRODUCTS_DIR;
		};
		D2B5DA621B0CEA0600401BDF /* libCocosDenshion iOS.a */ = {
			isa = PBXReferenceProxy;
			fileType = archive.ar;
			path = "libCocosDenshion iOS.a";
			remoteRef = D2B5DA611B0CEA0600401BDF /* PBXContainerItemProxy */;
			sourceTree = BUILT_PRODUCTS_DIR;
		};
/* End PBXReferenceProxy section */

/* Begin PBXResourcesBuildPhase section */
		1D60588D0D05DD3D006BFB54 /* Resources */ = {
			isa = PBXResourcesBuildPhase;
			buildActionMask = 2147483647;
			files = (
				D210408B1B21F50E007AB304 /* Images.xcassets in Resources */,
				D2AF42381B67EA26007EE59F /* map in Resources */,
				D2AF42371B67EA26007EE59F /* fonts in Resources */,
				D2AF42341B67EA26007EE59F /* config in Resources */,
				D2AF423B1B67EA26007EE59F /* ui in Resources */,
				D2B5DA7F1B0CEA2200401BDF /* InfoPlist.strings in Resources */,
				D2856E6C1B9C9579008648AC /* sound in Resources */,
				D2AF423A1B67EA26007EE59F /* scripts in Resources */,
				D2856E6B1B9C9579008648AC /* music in Resources */,
				D2AF42351B67EA26007EE59F /* data in Resources */,
				D2AF42361B67EA26007EE59F /* effect in Resources */,
				D2856E681B9C81AB008648AC /* sprite in Resources */,
				D2AF42391B67EA26007EE59F /* role in Resources */,
				D2B5DA801B0CEA2200401BDF /* Localizable.strings in Resources */,
			);
			runOnlyForDeploymentPostprocessing = 0;
		};
/* End PBXResourcesBuildPhase section */

/* Begin PBXSourcesBuildPhase section */
		1D60588E0D05DD3D006BFB54 /* Sources */ = {
			isa = PBXSourcesBuildPhase;
			buildActionMask = 2147483647;
			files = (
				D2AF41921B67E76C007EE59F /* SCUIModule.cpp in Sources */,
				D2856E5B1B9C8023008648AC /* SCEffectElement.cpp in Sources */,
				D2856E341B9C7EF4008648AC /* SCComNPCMove.cpp in Sources */,
				D2B5DA921B0CEA4800401BDF /* AppController.mm in Sources */,
				D2B7BFAF1B13A0500012C51B /* json_value.cpp in Sources */,
				D2B7BFA91B13A0500012C51B /* HttpCurl.cpp in Sources */,
				D22AC3741B1E1DC8000F9AA4 /* SCSceneManager.cpp in Sources */,
				D2856E601B9C8039008648AC /* SCAudioElement.cpp in Sources */,
				D2B7BFB51B13A0500012C51B /* JsonStreamCoder.cpp in Sources */,
				D22AC37B1B1E1EDD000F9AA4 /* SCSceneLogin.cpp in Sources */,
				D22AC3541B1DD9BC000F9AA4 /* SCGeometry.cpp in Sources */,
				D2B5DA941B0CEA4800401BDF /* RootViewController.mm in Sources */,
				D2B7BF9D1B13A0500012C51B /* AccountPlatform.cpp in Sources */,
				D2AF42241B67E7C2007EE59F /* SCDataTypes.cpp in Sources */,
				D2856E5A1B9C8023008648AC /* SCEffectData.cpp in Sources */,
				D2AF41931B67E76C007EE59F /* SCUIModuleFrames.cpp in Sources */,
				D2AF42141B67E79C007EE59F /* SCGameJoystick.cpp in Sources */,
				D2AF42281B67E7EB007EE59F /* SCConfigs.cpp in Sources */,
				D2AF42181B67E79C007EE59F /* SCHostPlayerDispatcher.cpp in Sources */,
				D2AF42131B67E79C007EE59F /* SCBulletDispatcher.cpp in Sources */,
				D2B7BFA31B13A0500012C51B /* SCModuleBase.cpp in Sources */,
				D2B7BFB61B13A0500012C51B /* KeyedStreamCoder.cpp in Sources */,
				D2B7BFB81B13A0500012C51B /* SCSceneBase.cpp in Sources */,
				D2856E531B9C7F7D008648AC /* SCUIStart.cpp in Sources */,
				D2AF421C1B67E79C007EE59F /* SCObject.cpp in Sources */,
				D2B7BF9F1B13A0500012C51B /* SCThread.cpp in Sources */,
				D2AF421A1B67E79C007EE59F /* SCNpcController.cpp in Sources */,
				D2B7BFB41B13A0500012C51B /* BinaryStreamCoder.cpp in Sources */,
				D2AF42161B67E79C007EE59F /* SCHostPlayer.cpp in Sources */,
				D2B7BFB31B13A0500012C51B /* Protocol.cpp in Sources */,
				D2B7BFA61B13A0500012C51B /* crypt.cpp in Sources */,
				D2856E5C1B9C8023008648AC /* SCEffectKeyframe.cpp in Sources */,
				D2AF420B1B67E79C007EE59F /* SCComCollider.cpp in Sources */,
				D2AF42101B67E79C007EE59F /* MessageQueue.cpp in Sources */,
				D22AC3781B1E1E66000F9AA4 /* SCSceneLoading.cpp in Sources */,
				D22AC3691B1DEC62000F9AA4 /* SCPlayerModule.cpp in Sources */,
				D2B7BFAA1B13A0500012C51B /* HttpMan.cpp in Sources */,
				D2B7BF9E1B13A0500012C51B /* SCEvent.cpp in Sources */,
				D2856E361B9C7EF4008648AC /* SCComPlayerProperty.cpp in Sources */,
				D2B7BFB91B13A0500012C51B /* SCTiledMap.cpp in Sources */,
				D22AC37E1B1E206B000F9AA4 /* SCSceneMain.cpp in Sources */,
				D2AF41941B67E76C007EE59F /* SCUISkill.cpp in Sources */,
				D2856E4C1B9C7F6D008648AC /* SCUICustom.cpp in Sources */,
				D2856E4B1B9C7F6D008648AC /* SCUIChapter.cpp in Sources */,
				D2AF420F1B67E79C007EE59F /* SCComWeapon.cpp in Sources */,
				D2B7BFA01B13A0500012C51B /* SCEffect.cpp in Sources */,
				D2856E321B9C7EF4008648AC /* SCComNPCAI.cpp in Sources */,
				D22AC3811B1E20AD000F9AA4 /* SCSceneBattle.cpp in Sources */,
				D2AF420D1B67E79C007EE59F /* SCComPlayerMove.cpp in Sources */,
				D2856E371B9C7EF4008648AC /* SCComSprite.cpp in Sources */,
				D2B7BFB11B13A0500012C51B /* json_writer.cpp in Sources */,
				1AFAF8B716D35DE700DB1158 /* AppDelegate.cpp in Sources */,
				D2B7BFB21B13A0500012C51B /* Processor.cpp in Sources */,
				D2B5DA931B0CEA4800401BDF /* main.m in Sources */,
				D2C57A281B1FCB24008DA7E3 /* SCJoystickBase.cpp in Sources */,
				D2AF420C1B67E79C007EE59F /* SCComPlayerFSM.cpp in Sources */,
				D2856E351B9C7EF4008648AC /* SCComNPCProperty.cpp in Sources */,
				D2AF42111B67E79C007EE59F /* SCBullet.cpp in Sources */,
				D2AF420A1B67E79C007EE59F /* SCComArmature.cpp in Sources */,
				D2AF42191B67E79C007EE59F /* SCNpc.cpp in Sources */,
				D2AF42171B67E79C007EE59F /* SCHostPlayerController.cpp in Sources */,
				D2856E501B9C7F74008648AC /* SCUIOption.cpp in Sources */,
				D2AF421B1B67E79C007EE59F /* SCNpcDispatcher.cpp in Sources */,
				D2B7BFBC1B13A0500012C51B /* SCUtilityFunc.cpp in Sources */,
				D2856E311B9C7EF4008648AC /* SCComBulletMove.cpp in Sources */,
				D2B7BFA41B13A0500012C51B /* SCModuleManager.cpp in Sources */,
				D2B7BFA51B13A0500012C51B /* ZLibUtil.cpp in Sources */,
				D2AF42121B67E79C007EE59F /* SCBulletController.cpp in Sources */,
				D2AF42151B67E79C007EE59F /* SCGameModule.cpp in Sources */,
				D2856E331B9C7EF4008648AC /* SCComNPCFSM.cpp in Sources */,
				D22AC36E1B1DF486000F9AA4 /* SCRole.cpp in Sources */,
				D2AF42231B67E7C2007EE59F /* SCDataModule.cpp in Sources */,
				D2856E4D1B9C7F6D008648AC /* SCUIStage.cpp in Sources */,
				D2856E301B9C7EF4008648AC /* SCComBulletAtk.cpp in Sources */,
				D2B7BFAE1B13A0500012C51B /* json_reader.cpp in Sources */,
				D2AF422B1B67E80D007EE59F /* SCGame.cpp in Sources */,
				D2AF421D1B67E79C007EE59F /* SCWorld.cpp in Sources */,
				D2B7BFA71B13A0500012C51B /* md5.cpp in Sources */,
				D2B7BFB71B13A0500012C51B /* SCNetworkModule.cpp in Sources */,
				D2B7BFA81B13A0500012C51B /* rc4.cpp in Sources */,
				D2AF41911B67E76C007EE59F /* SCUIBase.cpp in Sources */,
				D2B7BFAB1B13A0500012C51B /* HttpProtocolMan.cpp in Sources */,
			);
			runOnlyForDeploymentPostprocessing = 0;
		};
/* End PBXSourcesBuildPhase section */

/* Begin PBXTargetDependency section */
		D2B5DA961B0CEAE800401BDF /* PBXTargetDependency */ = {
			isa = PBXTargetDependency;
			name = "cocos2dx iOS";
			targetProxy = D2B5DA951B0CEAE800401BDF /* PBXContainerItemProxy */;
		};
		D2B5DA981B0CEAE800401BDF /* PBXTargetDependency */ = {
			isa = PBXTargetDependency;
			name = "cocos2dx-extensions iOS";
			targetProxy = D2B5DA971B0CEAE800401BDF /* PBXContainerItemProxy */;
		};
		D2B5DA9A1B0CEAE800401BDF /* PBXTargetDependency */ = {
			isa = PBXTargetDependency;
			name = "CocosDenshion iOS";
			targetProxy = D2B5DA991B0CEAE800401BDF /* PBXContainerItemProxy */;
		};
/* End PBXTargetDependency section */

/* Begin PBXVariantGroup section */
		D2B5DA681B0CEA2200401BDF /* InfoPlist.strings */ = {
			isa = PBXVariantGroup;
			children = (
				D2B5DA691B0CEA2200401BDF /* en */,
				D2B5DA771B0CEA2200401BDF /* zh-Hans */,
				D2B5DA791B0CEA2200401BDF /* zh-Hant */,
			);
			name = InfoPlist.strings;
			sourceTree = "<group>";
		};
		D2B5DA6A1B0CEA2200401BDF /* Localizable.strings */ = {
			isa = PBXVariantGroup;
			children = (
				D2B5DA6B1B0CEA2200401BDF /* en */,
				D2B5DA781B0CEA2200401BDF /* zh-Hans */,
				D2B5DA7A1B0CEA2200401BDF /* zh-Hant */,
			);
			name = Localizable.strings;
			sourceTree = "<group>";
		};
/* End PBXVariantGroup section */

/* Begin XCBuildConfiguration section */
		1D6058940D05DD3E006BFB54 /* Debug */ = {
			isa = XCBuildConfiguration;
			buildSettings = {
				ALWAYS_SEARCH_USER_PATHS = YES;
				ASSETCATALOG_COMPILER_APPICON_NAME = AppIcon;
				ASSETCATALOG_COMPILER_LAUNCHIMAGE_NAME = LaunchImage;
				CODE_SIGN_IDENTITY = "iPhone Developer";
				COMPRESS_PNG_FILES = NO;
				GCC_DYNAMIC_NO_PIC = NO;
				GCC_INLINES_ARE_PRIVATE_EXTERN = NO;
				GCC_PRECOMPILE_PREFIX_HEADER = YES;
				GCC_PREFIX_HEADER = Prefix.pch;
				GCC_PREPROCESSOR_DEFINITIONS = (
					USE_FILE32API,
					CC_TARGET_OS_IPHONE,
					"COCOS2D_DEBUG=1",
					"CC_ENABLE_CHIPMUNK_INTEGRATION=1",
				);
				GCC_SYMBOLS_PRIVATE_EXTERN = NO;
				HEADER_SEARCH_PATHS = (
					"$(inherited)",
					"$(SRCROOT)/../../cocos2d-x-3.2/cocos",
					"$(SRCROOT)/../../cocos2d-x-3.2/cocos/platform",
					"$(SRCROOT)/../../cocos2d-x-3.2/cocos/platform/ios",
					"$(SRCROOT)/../../cocos2d-x-3.2/cocos/2d",
					"$(SRCROOT)/../../cocos2d-x-3.2/cocos/math",
					"$(SRCROOT)/../../cocos2d-x-3.2/cocos/audio",
					"$(SRCROOT)/../../cocos2d-x-3.2/cocos/network",
					"$(SRCROOT)/../../cocos2d-x-3.2/cocos/renderer",
					"$(SRCROOT)/../../cocos2d-x-3.2/cocos/ui",
					"$(SRCROOT)/../../cocos2d-x-3.2/cocos/editor-support",
					"$(SRCROOT)/../../cocos2d-x-3.2/external",
					"$(SRCROOT)/../../cocos2d-x-3.2/external/curl/include/ios",
					"$(SRCROOT)/../Classes",
				);
				INFOPLIST_FILE = "$(SRCROOT)/default/Info.plist";
				IPHONEOS_DEPLOYMENT_TARGET = 5.0;
				LIBRARY_SEARCH_PATHS = "";
				SDKROOT = iphoneos;
				TARGETED_DEVICE_FAMILY = "1,2";
				USER_HEADER_SEARCH_PATHS = "";
			};
			name = Debug;
		};
		1D6058950D05DD3E006BFB54 /* Release */ = {
			isa = XCBuildConfiguration;
			buildSettings = {
				ALWAYS_SEARCH_USER_PATHS = YES;
				ASSETCATALOG_COMPILER_APPICON_NAME = AppIcon;
				ASSETCATALOG_COMPILER_LAUNCHIMAGE_NAME = LaunchImage;
				CODE_SIGN_IDENTITY = "iPhone Developer";
				COMPRESS_PNG_FILES = NO;
				GCC_INLINES_ARE_PRIVATE_EXTERN = NO;
				GCC_PRECOMPILE_PREFIX_HEADER = YES;
				GCC_PREFIX_HEADER = Prefix.pch;
				GCC_PREPROCESSOR_DEFINITIONS = (
					USE_FILE32API,
					CC_TARGET_OS_IPHONE,
					"CC_ENABLE_CHIPMUNK_INTEGRATION=1",
				);
				GCC_SYMBOLS_PRIVATE_EXTERN = NO;
				HEADER_SEARCH_PATHS = (
					"$(inherited)",
					"$(SRCROOT)/../../cocos2d-x-3.2/cocos",
					"$(SRCROOT)/../../cocos2d-x-3.2/cocos/platform",
					"$(SRCROOT)/../../cocos2d-x-3.2/cocos/platform/ios",
					"$(SRCROOT)/../../cocos2d-x-3.2/cocos/2d",
					"$(SRCROOT)/../../cocos2d-x-3.2/cocos/math",
					"$(SRCROOT)/../../cocos2d-x-3.2/cocos/audio",
					"$(SRCROOT)/../../cocos2d-x-3.2/cocos/network",
					"$(SRCROOT)/../../cocos2d-x-3.2/cocos/renderer",
					"$(SRCROOT)/../../cocos2d-x-3.2/cocos/ui",
					"$(SRCROOT)/../../cocos2d-x-3.2/cocos/editor-support",
					"$(SRCROOT)/../../cocos2d-x-3.2/external",
					"$(SRCROOT)/../../cocos2d-x-3.2/external/curl/include/ios",
					"$(SRCROOT)/../Classes",
				);
				INFOPLIST_FILE = "$(SRCROOT)/default/Info.plist";
				IPHONEOS_DEPLOYMENT_TARGET = 5.0;
				LIBRARY_SEARCH_PATHS = "";
				SDKROOT = iphoneos;
				TARGETED_DEVICE_FAMILY = "1,2";
				USER_HEADER_SEARCH_PATHS = "";
			};
			name = Release;
		};
		C01FCF4F08A954540054247B /* Debug */ = {
			isa = XCBuildConfiguration;
			buildSettings = {
				CLANG_CXX_LANGUAGE_STANDARD = "c++0x";
				CLANG_CXX_LIBRARY = "libc++";
				COPY_PHASE_STRIP = NO;
				GCC_OPTIMIZATION_LEVEL = 0;
				GCC_WARN_ABOUT_RETURN_TYPE = YES;
				GCC_WARN_UNUSED_VARIABLE = YES;
				HEADER_SEARCH_PATHS = (
					"$(SRCROOT)/../cocos2d",
					"$(SRCROOT)/../cocos2d/cocos",
					"$(SRCROOT)/../cocos2d/cocos/base",
					"$(SRCROOT)/../cocos2d/cocos/physics",
					"$(SRCROOT)/../cocos2d/cocos/math",
					"$(SRCROOT)/../cocos2d/cocos/2d",
					"$(SRCROOT)/../cocos2d/cocos/ui",
					"$(SRCROOT)/../cocos2d/cocos/network",
					"$(SRCROOT)/../cocos2d/cocos/audio/include",
					"$(SRCROOT)/../cocos2d/cocos/editor-support",
					"$(SRCROOT)/../cocos2d/extensions",
					"$(SRCROOT)/../cocos2d/external",
					"$(SRCROOT)/../cocos2d/external/chipmunk/include/chipmunk",
				);
				MACOSX_DEPLOYMENT_TARGET = 10.7;
				ONLY_ACTIVE_ARCH = YES;
				PRODUCT_NAME = "$(TARGET_NAME)";
				SDKROOT = macosx;
			};
			name = Debug;
		};
		C01FCF5008A954540054247B /* Release */ = {
			isa = XCBuildConfiguration;
			buildSettings = {
				CLANG_CXX_LANGUAGE_STANDARD = "c++0x";
				CLANG_CXX_LIBRARY = "libc++";
				GCC_WARN_ABOUT_RETURN_TYPE = YES;
				GCC_WARN_UNUSED_VARIABLE = YES;
				HEADER_SEARCH_PATHS = (
					"$(SRCROOT)/../cocos2d",
					"$(SRCROOT)/../cocos2d/cocos",
					"$(SRCROOT)/../cocos2d/cocos/base",
					"$(SRCROOT)/../cocos2d/cocos/physics",
					"$(SRCROOT)/../cocos2d/cocos/math",
					"$(SRCROOT)/../cocos2d/cocos/2d",
					"$(SRCROOT)/../cocos2d/cocos/ui",
					"$(SRCROOT)/../cocos2d/cocos/network",
					"$(SRCROOT)/../cocos2d/cocos/audio/include",
					"$(SRCROOT)/../cocos2d/cocos/editor-support",
					"$(SRCROOT)/../cocos2d/extensions",
					"$(SRCROOT)/../cocos2d/external",
					"$(SRCROOT)/../cocos2d/external/chipmunk/include/chipmunk",
				);
				MACOSX_DEPLOYMENT_TARGET = 10.7;
				OTHER_CFLAGS = "-DNS_BLOCK_ASSERTIONS=1";
				PRODUCT_NAME = "$(TARGET_NAME)";
				SDKROOT = macosx;
				VALIDATE_PRODUCT = YES;
			};
			name = Release;
		};
/* End XCBuildConfiguration section */

/* Begin XCConfigurationList section */
		1D6058960D05DD3E006BFB54 /* Build configuration list for PBXNativeTarget "ShootOnline" */ = {
			isa = XCConfigurationList;
			buildConfigurations = (
				1D6058940D05DD3E006BFB54 /* Debug */,
				1D6058950D05DD3E006BFB54 /* Release */,
			);
			defaultConfigurationIsVisible = 0;
			defaultConfigurationName = Debug;
		};
		C01FCF4E08A954540054247B /* Build configuration list for PBXProject "ShootOnline" */ = {
			isa = XCConfigurationList;
			buildConfigurations = (
				C01FCF4F08A954540054247B /* Debug */,
				C01FCF5008A954540054247B /* Release */,
			);
			defaultConfigurationIsVisible = 0;
			defaultConfigurationName = Debug;
		};
/* End XCConfigurationList section */
	};
	rootObject = 29B97313FDCFA39411CA2CEA /* Project object */;
}
