// !$*UTF8*$!
{
	archiveVersion = 1;
	classes = {
	};
	objectVersion = 46;
	objects = {

/* Begin PBXBuildFile section */
		1AFAF8B716D35DE700DB1158 /* AppDelegate.cpp in Sources */ = {isa = PBXBuildFile; fileRef = 1AFAF8B316D35DE700DB1158 /* AppDelegate.cpp */; };
		1AFAF8B816D35DE700DB1158 /* HelloWorldScene.cpp in Sources */ = {isa = PBXBuildFile; fileRef = 1AFAF8B516D35DE700DB1158 /* HelloWorldScene.cpp */; };
		1AFAF8BC16D35E4900DB1158 /* CloseNormal.png in Resources */ = {isa = PBXBuildFile; fileRef = 1AFAF8B916D35E4900DB1158 /* CloseNormal.png */; };
		1AFAF8BD16D35E4900DB1158 /* CloseSelected.png in Resources */ = {isa = PBXBuildFile; fileRef = 1AFAF8BA16D35E4900DB1158 /* CloseSelected.png */; };
		1AFAF8BE16D35E4900DB1158 /* HelloWorld.png in Resources */ = {isa = PBXBuildFile; fileRef = 1AFAF8BB16D35E4900DB1158 /* HelloWorld.png */; };
		1D60589F0D05DD5A006BFB54 /* Foundation.framework in Frameworks */ = {isa = PBXBuildFile; fileRef = 1D30AB110D05D00D00671497 /* Foundation.framework */; };
		1DF5F4E00D08C38300B7A737 /* UIKit.framework in Frameworks */ = {isa = PBXBuildFile; fileRef = 1DF5F4DF0D08C38300B7A737 /* UIKit.framework */; };
		288765A50DF7441C002DB57D /* CoreGraphics.framework in Frameworks */ = {isa = PBXBuildFile; fileRef = 288765A40DF7441C002DB57D /* CoreGraphics.framework */; };
		BF171245129291EC00B8313A /* OpenGLES.framework in Frameworks */ = {isa = PBXBuildFile; fileRef = BF170DB012928DE900B8313A /* OpenGLES.framework */; };
		BF1712471292920000B8313A /* libz.dylib in Frameworks */ = {isa = PBXBuildFile; fileRef = BF170DB412928DE900B8313A /* libz.dylib */; };
		BF1C47F01293687400B63C5D /* QuartzCore.framework in Frameworks */ = {isa = PBXBuildFile; fileRef = BF1C47EA1293683800B63C5D /* QuartzCore.framework */; };
		D2A9D6F81B17721300CCA714 /* SCConfigs.cpp in Sources */ = {isa = PBXBuildFile; fileRef = D2A9D6F61B17721300CCA714 /* SCConfigs.cpp */; };
		D2B5DA7B1B0CEA2200401BDF /* Default-568h@2x.png in Resources */ = {isa = PBXBuildFile; fileRef = D2B5DA641B0CEA2200401BDF /* Default-568h@2x.png */; };
		D2B5DA7C1B0CEA2200401BDF /* Default-Portrait~ipad.png in Resources */ = {isa = PBXBuildFile; fileRef = D2B5DA651B0CEA2200401BDF /* Default-Portrait~ipad.png */; };
		D2B5DA7D1B0CEA2200401BDF /* Default.png in Resources */ = {isa = PBXBuildFile; fileRef = D2B5DA661B0CEA2200401BDF /* Default.png */; };
		D2B5DA7E1B0CEA2200401BDF /* Default@2x.png in Resources */ = {isa = PBXBuildFile; fileRef = D2B5DA671B0CEA2200401BDF /* Default@2x.png */; };
		D2B5DA7F1B0CEA2200401BDF /* InfoPlist.strings in Resources */ = {isa = PBXBuildFile; fileRef = D2B5DA681B0CEA2200401BDF /* InfoPlist.strings */; };
		D2B5DA801B0CEA2200401BDF /* Localizable.strings in Resources */ = {isa = PBXBuildFile; fileRef = D2B5DA6A1B0CEA2200401BDF /* Localizable.strings */; };
		D2B5DA811B0CEA2200401BDF /* Icon-40.png in Resources */ = {isa = PBXBuildFile; fileRef = D2B5DA6C1B0CEA2200401BDF /* Icon-40.png */; };
		D2B5DA821B0CEA2200401BDF /* Icon-40@2x.png in Resources */ = {isa = PBXBuildFile; fileRef = D2B5DA6D1B0CEA2200401BDF /* Icon-40@2x.png */; };
		D2B5DA831B0CEA2200401BDF /* Icon-72.png in Resources */ = {isa = PBXBuildFile; fileRef = D2B5DA6E1B0CEA2200401BDF /* Icon-72.png */; };
		D2B5DA841B0CEA2200401BDF /* Icon-72@2x.png in Resources */ = {isa = PBXBuildFile; fileRef = D2B5DA6F1B0CEA2200401BDF /* Icon-72@2x.png */; };
		D2B5DA851B0CEA2200401BDF /* Icon-Small-50.png in Resources */ = {isa = PBXBuildFile; fileRef = D2B5DA701B0CEA2200401BDF /* Icon-Small-50.png */; };
		D2B5DA861B0CEA2200401BDF /* Icon-Small-50@2x.png in Resources */ = {isa = PBXBuildFile; fileRef = D2B5DA711B0CEA2200401BDF /* Icon-Small-50@2x.png */; };
		D2B5DA871B0CEA2200401BDF /* Icon-Small.png in Resources */ = {isa = PBXBuildFile; fileRef = D2B5DA721B0CEA2200401BDF /* Icon-Small.png */; };
		D2B5DA881B0CEA2200401BDF /* Icon-Small@2x.png in Resources */ = {isa = PBXBuildFile; fileRef = D2B5DA731B0CEA2200401BDF /* Icon-Small@2x.png */; };
		D2B5DA891B0CEA2200401BDF /* Icon.png in Resources */ = {isa = PBXBuildFile; fileRef = D2B5DA741B0CEA2200401BDF /* Icon.png */; };
		D2B5DA8A1B0CEA2200401BDF /* Icon@2x.png in Resources */ = {isa = PBXBuildFile; fileRef = D2B5DA751B0CEA2200401BDF /* Icon@2x.png */; };
		D2B5DA921B0CEA4800401BDF /* AppController.mm in Sources */ = {isa = PBXBuildFile; fileRef = D2B5DA8D1B0CEA4800401BDF /* AppController.mm */; };
		D2B5DA931B0CEA4800401BDF /* main.m in Sources */ = {isa = PBXBuildFile; fileRef = D2B5DA8E1B0CEA4800401BDF /* main.m */; };
		D2B5DA941B0CEA4800401BDF /* RootViewController.mm in Sources */ = {isa = PBXBuildFile; fileRef = D2B5DA911B0CEA4800401BDF /* RootViewController.mm */; };
		D2B5DA9B1B0CEBE700401BDF /* libcocos2dx iOS.a in Frameworks */ = {isa = PBXBuildFile; fileRef = D2B5DA5A1B0CEA0600401BDF /* libcocos2dx iOS.a */; };
		D2B5DA9C1B0CEBE700401BDF /* libcocos2dx-extensions iOS.a in Frameworks */ = {isa = PBXBuildFile; fileRef = D2B5DA5C1B0CEA0600401BDF /* libcocos2dx-extensions iOS.a */; };
		D2B5DA9D1B0CEBE700401BDF /* libCocosDenshion iOS.a in Frameworks */ = {isa = PBXBuildFile; fileRef = D2B5DA621B0CEA0600401BDF /* libCocosDenshion iOS.a */; };
		D2B5DAA21B0CF58100401BDF /* map in Resources */ = {isa = PBXBuildFile; fileRef = D2B5DAA11B0CF58100401BDF /* map */; };
		D2B7BF9D1B13A0500012C51B /* AccountPlatform.cpp in Sources */ = {isa = PBXBuildFile; fileRef = D2B7BF431B13A0500012C51B /* AccountPlatform.cpp */; };
		D2B7BF9E1B13A0500012C51B /* SCEvent.cpp in Sources */ = {isa = PBXBuildFile; fileRef = D2B7BF461B13A0500012C51B /* SCEvent.cpp */; };
		D2B7BF9F1B13A0500012C51B /* SCThread.cpp in Sources */ = {isa = PBXBuildFile; fileRef = D2B7BF491B13A0500012C51B /* SCThread.cpp */; };
		D2B7BFA01B13A0500012C51B /* SCEffect.cpp in Sources */ = {isa = PBXBuildFile; fileRef = D2B7BF4C1B13A0500012C51B /* SCEffect.cpp */; };
		D2B7BFA11B13A0500012C51B /* SCGame.cpp in Sources */ = {isa = PBXBuildFile; fileRef = D2B7BF4F1B13A0500012C51B /* SCGame.cpp */; };
		D2B7BFA21B13A0500012C51B /* SCJoystick.cpp in Sources */ = {isa = PBXBuildFile; fileRef = D2B7BF511B13A0500012C51B /* SCJoystick.cpp */; };
		D2B7BFA31B13A0500012C51B /* SCModuleBase.cpp in Sources */ = {isa = PBXBuildFile; fileRef = D2B7BF541B13A0500012C51B /* SCModuleBase.cpp */; };
		D2B7BFA41B13A0500012C51B /* SCModuleManager.cpp in Sources */ = {isa = PBXBuildFile; fileRef = D2B7BF561B13A0500012C51B /* SCModuleManager.cpp */; };
		D2B7BFA51B13A0500012C51B /* ZLibUtil.cpp in Sources */ = {isa = PBXBuildFile; fileRef = D2B7BF5C1B13A0500012C51B /* ZLibUtil.cpp */; };
		D2B7BFA61B13A0500012C51B /* crypt.cpp in Sources */ = {isa = PBXBuildFile; fileRef = D2B7BF5F1B13A0500012C51B /* crypt.cpp */; };
		D2B7BFA71B13A0500012C51B /* md5.cpp in Sources */ = {isa = PBXBuildFile; fileRef = D2B7BF611B13A0500012C51B /* md5.cpp */; };
		D2B7BFA81B13A0500012C51B /* rc4.cpp in Sources */ = {isa = PBXBuildFile; fileRef = D2B7BF631B13A0500012C51B /* rc4.cpp */; };
		D2B7BFA91B13A0500012C51B /* HttpCurl.cpp in Sources */ = {isa = PBXBuildFile; fileRef = D2B7BF661B13A0500012C51B /* HttpCurl.cpp */; };
		D2B7BFAA1B13A0500012C51B /* HttpMan.cpp in Sources */ = {isa = PBXBuildFile; fileRef = D2B7BF681B13A0500012C51B /* HttpMan.cpp */; };
		D2B7BFAB1B13A0500012C51B /* HttpProtocolMan.cpp in Sources */ = {isa = PBXBuildFile; fileRef = D2B7BF6A1B13A0500012C51B /* HttpProtocolMan.cpp */; };
		D2B7BFAC1B13A0500012C51B /* json_internalarray.inl in Resources */ = {isa = PBXBuildFile; fileRef = D2B7BF771B13A0500012C51B /* json_internalarray.inl */; };
		D2B7BFAD1B13A0500012C51B /* json_internalmap.inl in Resources */ = {isa = PBXBuildFile; fileRef = D2B7BF781B13A0500012C51B /* json_internalmap.inl */; };
		D2B7BFAE1B13A0500012C51B /* json_reader.cpp in Sources */ = {isa = PBXBuildFile; fileRef = D2B7BF791B13A0500012C51B /* json_reader.cpp */; };
		D2B7BFAF1B13A0500012C51B /* json_value.cpp in Sources */ = {isa = PBXBuildFile; fileRef = D2B7BF7B1B13A0500012C51B /* json_value.cpp */; };
		D2B7BFB01B13A0500012C51B /* json_valueiterator.inl in Resources */ = {isa = PBXBuildFile; fileRef = D2B7BF7C1B13A0500012C51B /* json_valueiterator.inl */; };
		D2B7BFB11B13A0500012C51B /* json_writer.cpp in Sources */ = {isa = PBXBuildFile; fileRef = D2B7BF7D1B13A0500012C51B /* json_writer.cpp */; };
		D2B7BFB21B13A0500012C51B /* Processor.cpp in Sources */ = {isa = PBXBuildFile; fileRef = D2B7BF7F1B13A0500012C51B /* Processor.cpp */; };
		D2B7BFB31B13A0500012C51B /* Protocol.cpp in Sources */ = {isa = PBXBuildFile; fileRef = D2B7BF811B13A0500012C51B /* Protocol.cpp */; };
		D2B7BFB41B13A0500012C51B /* BinaryStreamCoder.cpp in Sources */ = {isa = PBXBuildFile; fileRef = D2B7BF851B13A0500012C51B /* BinaryStreamCoder.cpp */; };
		D2B7BFB51B13A0500012C51B /* JsonStreamCoder.cpp in Sources */ = {isa = PBXBuildFile; fileRef = D2B7BF881B13A0500012C51B /* JsonStreamCoder.cpp */; };
		D2B7BFB61B13A0500012C51B /* KeyedStreamCoder.cpp in Sources */ = {isa = PBXBuildFile; fileRef = D2B7BF8B1B13A0500012C51B /* KeyedStreamCoder.cpp */; };
		D2B7BFB71B13A0500012C51B /* SCNetworkModule.cpp in Sources */ = {isa = PBXBuildFile; fileRef = D2B7BF8E1B13A0500012C51B /* SCNetworkModule.cpp */; };
		D2B7BFB81B13A0500012C51B /* SCSceneBase.cpp in Sources */ = {isa = PBXBuildFile; fileRef = D2B7BF911B13A0500012C51B /* SCSceneBase.cpp */; };
		D2B7BFB91B13A0500012C51B /* SCTiledMap.cpp in Sources */ = {isa = PBXBuildFile; fileRef = D2B7BF931B13A0500012C51B /* SCTiledMap.cpp */; };
		D2B7BFBA1B13A0500012C51B /* SCWorld.cpp in Sources */ = {isa = PBXBuildFile; fileRef = D2B7BF951B13A0500012C51B /* SCWorld.cpp */; };
		D2B7BFBB1B13A0500012C51B /* UIModule.cpp in Sources */ = {isa = PBXBuildFile; fileRef = D2B7BF981B13A0500012C51B /* UIModule.cpp */; };
		D2B7BFBC1B13A0500012C51B /* SCUtilityFunc.cpp in Sources */ = {isa = PBXBuildFile; fileRef = D2B7BF9B1B13A0500012C51B /* SCUtilityFunc.cpp */; };
		D44C620C132DFF330009C878 /* OpenAL.framework in Frameworks */ = {isa = PBXBuildFile; fileRef = D44C620B132DFF330009C878 /* OpenAL.framework */; };
		D44C620E132DFF430009C878 /* AVFoundation.framework in Frameworks */ = {isa = PBXBuildFile; fileRef = D44C620D132DFF430009C878 /* AVFoundation.framework */; };
		D44C6210132DFF4E0009C878 /* AudioToolbox.framework in Frameworks */ = {isa = PBXBuildFile; fileRef = D44C620F132DFF4E0009C878 /* AudioToolbox.framework */; };
		D6B0611B1803AB670077942B /* CoreMotion.framework in Frameworks */ = {isa = PBXBuildFile; fileRef = D6B0611A1803AB670077942B /* CoreMotion.framework */; };
/* End PBXBuildFile section */

/* Begin PBXContainerItemProxy section */
		D2B5DA4F1B0CEA0600401BDF /* PBXContainerItemProxy */ = {
			isa = PBXContainerItemProxy;
			containerPortal = D2B5DA401B0CEA0500401BDF /* cocos2d_libs.xcodeproj */;
			proxyType = 2;
			remoteGlobalIDString = 1551A33F158F2AB200E66CFE;
			remoteInfo = "cocos2dx Mac";
		};
		D2B5DA511B0CEA0600401BDF /* PBXContainerItemProxy */ = {
			isa = PBXContainerItemProxy;
			containerPortal = D2B5DA401B0CEA0500401BDF /* cocos2d_libs.xcodeproj */;
			proxyType = 2;
			remoteGlobalIDString = A03F2FD617814595006731B9;
			remoteInfo = "cocos2dx-extensions Mac";
		};
		D2B5DA531B0CEA0600401BDF /* PBXContainerItemProxy */ = {
			isa = PBXContainerItemProxy;
			containerPortal = D2B5DA401B0CEA0500401BDF /* cocos2d_libs.xcodeproj */;
			proxyType = 2;
			remoteGlobalIDString = A03F2CB81780BD04006731B9;
			remoteInfo = "chipmunk Mac";
		};
		D2B5DA551B0CEA0600401BDF /* PBXContainerItemProxy */ = {
			isa = PBXContainerItemProxy;
			containerPortal = D2B5DA401B0CEA0500401BDF /* cocos2d_libs.xcodeproj */;
			proxyType = 2;
			remoteGlobalIDString = A03F2D9B1780BDF7006731B9;
			remoteInfo = "box2d Mac";
		};
		D2B5DA571B0CEA0600401BDF /* PBXContainerItemProxy */ = {
			isa = PBXContainerItemProxy;
			containerPortal = D2B5DA401B0CEA0500401BDF /* cocos2d_libs.xcodeproj */;
			proxyType = 2;
			remoteGlobalIDString = A03F2ED617814268006731B9;
			remoteInfo = "CocosDenshion Mac";
		};
		D2B5DA591B0CEA0600401BDF /* PBXContainerItemProxy */ = {
			isa = PBXContainerItemProxy;
			containerPortal = D2B5DA401B0CEA0500401BDF /* cocos2d_libs.xcodeproj */;
			proxyType = 2;
			remoteGlobalIDString = A07A4D641783777C0073F6A7;
			remoteInfo = "cocos2dx iOS";
		};
		D2B5DA5B1B0CEA0600401BDF /* PBXContainerItemProxy */ = {
			isa = PBXContainerItemProxy;
			containerPortal = D2B5DA401B0CEA0500401BDF /* cocos2d_libs.xcodeproj */;
			proxyType = 2;
			remoteGlobalIDString = A07A4EFC1783867C0073F6A7;
			remoteInfo = "cocos2dx-extensions iOS";
		};
		D2B5DA5D1B0CEA0600401BDF /* PBXContainerItemProxy */ = {
			isa = PBXContainerItemProxy;
			containerPortal = D2B5DA401B0CEA0500401BDF /* cocos2d_libs.xcodeproj */;
			proxyType = 2;
			remoteGlobalIDString = A07A4F3B178387670073F6A7;
			remoteInfo = "chipmunk iOS";
		};
		D2B5DA5F1B0CEA0600401BDF /* PBXContainerItemProxy */ = {
			isa = PBXContainerItemProxy;
			containerPortal = D2B5DA401B0CEA0500401BDF /* cocos2d_libs.xcodeproj */;
			proxyType = 2;
			remoteGlobalIDString = A07A4F9E1783876B0073F6A7;
			remoteInfo = "box2d iOS";
		};
		D2B5DA611B0CEA0600401BDF /* PBXContainerItemProxy */ = {
			isa = PBXContainerItemProxy;
			containerPortal = D2B5DA401B0CEA0500401BDF /* cocos2d_libs.xcodeproj */;
			proxyType = 2;
			remoteGlobalIDString = A07A4FB4178387730073F6A7;
			remoteInfo = "CocosDenshion iOS";
		};
		D2B5DA951B0CEAE800401BDF /* PBXContainerItemProxy */ = {
			isa = PBXContainerItemProxy;
			containerPortal = D2B5DA401B0CEA0500401BDF /* cocos2d_libs.xcodeproj */;
			proxyType = 1;
			remoteGlobalIDString = A07A4C241783777C0073F6A7;
			remoteInfo = "cocos2dx iOS";
		};
		D2B5DA971B0CEAE800401BDF /* PBXContainerItemProxy */ = {
			isa = PBXContainerItemProxy;
			containerPortal = D2B5DA401B0CEA0500401BDF /* cocos2d_libs.xcodeproj */;
			proxyType = 1;
			remoteGlobalIDString = A07A4E111783867C0073F6A7;
			remoteInfo = "cocos2dx-extensions iOS";
		};
		D2B5DA991B0CEAE800401BDF /* PBXContainerItemProxy */ = {
			isa = PBXContainerItemProxy;
			containerPortal = D2B5DA401B0CEA0500401BDF /* cocos2d_libs.xcodeproj */;
			proxyType = 1;
			remoteGlobalIDString = A07A4F9F178387730073F6A7;
			remoteInfo = "CocosDenshion iOS";
		};
/* End PBXContainerItemProxy section */

/* Begin PBXFileReference section */
		1ACB3243164770DE00914215 /* libcurl.a */ = {isa = PBXFileReference; lastKnownFileType = archive.ar; name = libcurl.a; path = ../../cocos2dx/platform/third_party/ios/libraries/libcurl.a; sourceTree = "<group>"; };
		1AFAF8B316D35DE700DB1158 /* AppDelegate.cpp */ = {isa = PBXFileReference; fileEncoding = 4; lastKnownFileType = sourcecode.cpp.cpp; name = AppDelegate.cpp; path = ../Classes/AppDelegate.cpp; sourceTree = "<group>"; };
		1AFAF8B416D35DE700DB1158 /* AppDelegate.h */ = {isa = PBXFileReference; fileEncoding = 4; lastKnownFileType = sourcecode.c.h; name = AppDelegate.h; path = ../Classes/AppDelegate.h; sourceTree = "<group>"; };
		1AFAF8B516D35DE700DB1158 /* HelloWorldScene.cpp */ = {isa = PBXFileReference; fileEncoding = 4; lastKnownFileType = sourcecode.cpp.cpp; name = HelloWorldScene.cpp; path = ../Classes/HelloWorldScene.cpp; sourceTree = "<group>"; };
		1AFAF8B616D35DE700DB1158 /* HelloWorldScene.h */ = {isa = PBXFileReference; fileEncoding = 4; lastKnownFileType = sourcecode.c.h; name = HelloWorldScene.h; path = ../Classes/HelloWorldScene.h; sourceTree = "<group>"; };
		1AFAF8B916D35E4900DB1158 /* CloseNormal.png */ = {isa = PBXFileReference; lastKnownFileType = image.png; path = CloseNormal.png; sourceTree = "<group>"; };
		1AFAF8BA16D35E4900DB1158 /* CloseSelected.png */ = {isa = PBXFileReference; lastKnownFileType = image.png; path = CloseSelected.png; sourceTree = "<group>"; };
		1AFAF8BB16D35E4900DB1158 /* HelloWorld.png */ = {isa = PBXFileReference; lastKnownFileType = image.png; path = HelloWorld.png; sourceTree = "<group>"; };
		1D30AB110D05D00D00671497 /* Foundation.framework */ = {isa = PBXFileReference; lastKnownFileType = wrapper.framework; name = Foundation.framework; path = System/Library/Frameworks/Foundation.framework; sourceTree = SDKROOT; };
		1D6058910D05DD3D006BFB54 /* ShootOnline.app */ = {isa = PBXFileReference; explicitFileType = wrapper.application; includeInIndex = 0; path = ShootOnline.app; sourceTree = BUILT_PRODUCTS_DIR; };
		1DF5F4DF0D08C38300B7A737 /* UIKit.framework */ = {isa = PBXFileReference; lastKnownFileType = wrapper.framework; name = UIKit.framework; path = System/Library/Frameworks/UIKit.framework; sourceTree = SDKROOT; };
		288765A40DF7441C002DB57D /* CoreGraphics.framework */ = {isa = PBXFileReference; lastKnownFileType = wrapper.framework; name = CoreGraphics.framework; path = System/Library/Frameworks/CoreGraphics.framework; sourceTree = SDKROOT; };
		503AE11117EB99EE00D1A890 /* libcurl.dylib */ = {isa = PBXFileReference; lastKnownFileType = "compiled.mach-o.dylib"; name = libcurl.dylib; path = usr/lib/libcurl.dylib; sourceTree = SDKROOT; };
		503AE11A17EB9C5A00D1A890 /* IOKit.framework */ = {isa = PBXFileReference; lastKnownFileType = wrapper.framework; name = IOKit.framework; path = System/Library/Frameworks/IOKit.framework; sourceTree = SDKROOT; };
		5087E78817EB974C00C73F5D /* AppKit.framework */ = {isa = PBXFileReference; lastKnownFileType = wrapper.framework; name = AppKit.framework; path = System/Library/Frameworks/AppKit.framework; sourceTree = SDKROOT; };
		5087E78A17EB975400C73F5D /* OpenGL.framework */ = {isa = PBXFileReference; lastKnownFileType = wrapper.framework; name = OpenGL.framework; path = System/Library/Frameworks/OpenGL.framework; sourceTree = SDKROOT; };
		BF170DB012928DE900B8313A /* OpenGLES.framework */ = {isa = PBXFileReference; lastKnownFileType = wrapper.framework; name = OpenGLES.framework; path = System/Library/Frameworks/OpenGLES.framework; sourceTree = SDKROOT; };
		BF170DB412928DE900B8313A /* libz.dylib */ = {isa = PBXFileReference; lastKnownFileType = "compiled.mach-o.dylib"; name = libz.dylib; path = usr/lib/libz.dylib; sourceTree = SDKROOT; };
		BF1C47EA1293683800B63C5D /* QuartzCore.framework */ = {isa = PBXFileReference; lastKnownFileType = wrapper.framework; name = QuartzCore.framework; path = System/Library/Frameworks/QuartzCore.framework; sourceTree = SDKROOT; };
		D2A9D6F61B17721300CCA714 /* SCConfigs.cpp */ = {isa = PBXFileReference; fileEncoding = 4; lastKnownFileType = sourcecode.cpp.cpp; path = SCConfigs.cpp; sourceTree = "<group>"; };
		D2A9D6F71B17721300CCA714 /* SCConfigs.h */ = {isa = PBXFileReference; fileEncoding = 4; lastKnownFileType = sourcecode.c.h; lineEnding = 2; path = SCConfigs.h; sourceTree = "<group>"; };
		D2B5DA401B0CEA0500401BDF /* cocos2d_libs.xcodeproj */ = {isa = PBXFileReference; lastKnownFileType = "wrapper.pb-project"; name = cocos2d_libs.xcodeproj; path = "../../cocos2d-x-3.2/build/cocos2d_libs.xcodeproj"; sourceTree = "<group>"; };
		D2B5DA641B0CEA2200401BDF /* Default-568h@2x.png */ = {isa = PBXFileReference; lastKnownFileType = image.png; path = "Default-568h@2x.png"; sourceTree = "<group>"; };
		D2B5DA651B0CEA2200401BDF /* Default-Portrait~ipad.png */ = {isa = PBXFileReference; lastKnownFileType = image.png; path = "Default-Portrait~ipad.png"; sourceTree = "<group>"; };
		D2B5DA661B0CEA2200401BDF /* Default.png */ = {isa = PBXFileReference; lastKnownFileType = image.png; path = Default.png; sourceTree = "<group>"; };
		D2B5DA671B0CEA2200401BDF /* Default@2x.png */ = {isa = PBXFileReference; lastKnownFileType = image.png; path = "Default@2x.png"; sourceTree = "<group>"; };
		D2B5DA691B0CEA2200401BDF /* en */ = {isa = PBXFileReference; lastKnownFileType = text.plist.strings; name = en; path = en.lproj/InfoPlist.strings; sourceTree = "<group>"; };
		D2B5DA6B1B0CEA2200401BDF /* en */ = {isa = PBXFileReference; lastKnownFileType = text.plist.strings; name = en; path = en.lproj/Localizable.strings; sourceTree = "<group>"; };
		D2B5DA6C1B0CEA2200401BDF /* Icon-40.png */ = {isa = PBXFileReference; lastKnownFileType = image.png; path = "Icon-40.png"; sourceTree = "<group>"; };
		D2B5DA6D1B0CEA2200401BDF /* Icon-40@2x.png */ = {isa = PBXFileReference; lastKnownFileType = image.png; path = "Icon-40@2x.png"; sourceTree = "<group>"; };
		D2B5DA6E1B0CEA2200401BDF /* Icon-72.png */ = {isa = PBXFileReference; lastKnownFileType = image.png; path = "Icon-72.png"; sourceTree = "<group>"; };
		D2B5DA6F1B0CEA2200401BDF /* Icon-72@2x.png */ = {isa = PBXFileReference; lastKnownFileType = image.png; path = "Icon-72@2x.png"; sourceTree = "<group>"; };
		D2B5DA701B0CEA2200401BDF /* Icon-Small-50.png */ = {isa = PBXFileReference; lastKnownFileType = image.png; path = "Icon-Small-50.png"; sourceTree = "<group>"; };
		D2B5DA711B0CEA2200401BDF /* Icon-Small-50@2x.png */ = {isa = PBXFileReference; lastKnownFileType = image.png; path = "Icon-Small-50@2x.png"; sourceTree = "<group>"; };
		D2B5DA721B0CEA2200401BDF /* Icon-Small.png */ = {isa = PBXFileReference; lastKnownFileType = image.png; path = "Icon-Small.png"; sourceTree = "<group>"; };
		D2B5DA731B0CEA2200401BDF /* Icon-Small@2x.png */ = {isa = PBXFileReference; lastKnownFileType = image.png; path = "Icon-Small@2x.png"; sourceTree = "<group>"; };
		D2B5DA741B0CEA2200401BDF /* Icon.png */ = {isa = PBXFileReference; lastKnownFileType = image.png; path = Icon.png; sourceTree = "<group>"; };
		D2B5DA751B0CEA2200401BDF /* Icon@2x.png */ = {isa = PBXFileReference; lastKnownFileType = image.png; path = "Icon@2x.png"; sourceTree = "<group>"; };
		D2B5DA761B0CEA2200401BDF /* Info.plist */ = {isa = PBXFileReference; fileEncoding = 4; lastKnownFileType = text.plist.xml; path = Info.plist; sourceTree = "<group>"; };
		D2B5DA771B0CEA2200401BDF /* zh-Hans */ = {isa = PBXFileReference; lastKnownFileType = text.plist.strings; name = "zh-Hans"; path = "zh-Hans.lproj/InfoPlist.strings"; sourceTree = "<group>"; };
		D2B5DA781B0CEA2200401BDF /* zh-Hans */ = {isa = PBXFileReference; lastKnownFileType = text.plist.strings; name = "zh-Hans"; path = "zh-Hans.lproj/Localizable.strings"; sourceTree = "<group>"; };
		D2B5DA791B0CEA2200401BDF /* zh-Hant */ = {isa = PBXFileReference; lastKnownFileType = text.plist.strings; name = "zh-Hant"; path = "zh-Hant.lproj/InfoPlist.strings"; sourceTree = "<group>"; };
		D2B5DA7A1B0CEA2200401BDF /* zh-Hant */ = {isa = PBXFileReference; lastKnownFileType = text.plist.strings; name = "zh-Hant"; path = "zh-Hant.lproj/Localizable.strings"; sourceTree = "<group>"; };
		D2B5DA8C1B0CEA4800401BDF /* AppController.h */ = {isa = PBXFileReference; fileEncoding = 4; lastKnownFileType = sourcecode.c.h; path = AppController.h; sourceTree = SOURCE_ROOT; };
		D2B5DA8D1B0CEA4800401BDF /* AppController.mm */ = {isa = PBXFileReference; fileEncoding = 4; lastKnownFileType = sourcecode.cpp.objcpp; path = AppController.mm; sourceTree = SOURCE_ROOT; };
		D2B5DA8E1B0CEA4800401BDF /* main.m */ = {isa = PBXFileReference; fileEncoding = 4; lastKnownFileType = sourcecode.c.objc; path = main.m; sourceTree = SOURCE_ROOT; };
		D2B5DA8F1B0CEA4800401BDF /* Prefix.pch */ = {isa = PBXFileReference; fileEncoding = 4; lastKnownFileType = sourcecode.c.h; path = Prefix.pch; sourceTree = SOURCE_ROOT; };
		D2B5DA901B0CEA4800401BDF /* RootViewController.h */ = {isa = PBXFileReference; fileEncoding = 4; lastKnownFileType = sourcecode.c.h; path = RootViewController.h; sourceTree = SOURCE_ROOT; };
		D2B5DA911B0CEA4800401BDF /* RootViewController.mm */ = {isa = PBXFileReference; fileEncoding = 4; lastKnownFileType = sourcecode.cpp.objcpp; path = RootViewController.mm; sourceTree = SOURCE_ROOT; };
		D2B5DAA11B0CF58100401BDF /* map */ = {isa = PBXFileReference; lastKnownFileType = folder; path = map; sourceTree = "<group>"; };
		D2B7BF431B13A0500012C51B /* AccountPlatform.cpp */ = {isa = PBXFileReference; fileEncoding = 4; lastKnownFileType = sourcecode.cpp.cpp; path = AccountPlatform.cpp; sourceTree = "<group>"; };
		D2B7BF441B13A0500012C51B /* AccountPlatform.h */ = {isa = PBXFileReference; fileEncoding = 4; lastKnownFileType = sourcecode.c.h; path = AccountPlatform.h; sourceTree = "<group>"; };
		D2B7BF461B13A0500012C51B /* SCEvent.cpp */ = {isa = PBXFileReference; fileEncoding = 4; lastKnownFileType = sourcecode.cpp.cpp; path = SCEvent.cpp; sourceTree = "<group>"; };
		D2B7BF471B13A0500012C51B /* SCEvent.h */ = {isa = PBXFileReference; fileEncoding = 4; lastKnownFileType = sourcecode.c.h; path = SCEvent.h; sourceTree = "<group>"; };
		D2B7BF481B13A0500012C51B /* SCEventTypes.h */ = {isa = PBXFileReference; fileEncoding = 4; lastKnownFileType = sourcecode.c.h; path = SCEventTypes.h; sourceTree = "<group>"; };
		D2B7BF491B13A0500012C51B /* SCThread.cpp */ = {isa = PBXFileReference; fileEncoding = 4; lastKnownFileType = sourcecode.cpp.cpp; path = SCThread.cpp; sourceTree = "<group>"; };
		D2B7BF4A1B13A0500012C51B /* SCThread.h */ = {isa = PBXFileReference; fileEncoding = 4; lastKnownFileType = sourcecode.c.h; path = SCThread.h; sourceTree = "<group>"; };
		D2B7BF4C1B13A0500012C51B /* SCEffect.cpp */ = {isa = PBXFileReference; fileEncoding = 4; lastKnownFileType = sourcecode.cpp.cpp; path = SCEffect.cpp; sourceTree = "<group>"; };
		D2B7BF4D1B13A0500012C51B /* SCEffect.h */ = {isa = PBXFileReference; fileEncoding = 4; lastKnownFileType = sourcecode.c.h; path = SCEffect.h; sourceTree = "<group>"; };
		D2B7BF4F1B13A0500012C51B /* SCGame.cpp */ = {isa = PBXFileReference; fileEncoding = 4; lastKnownFileType = sourcecode.cpp.cpp; path = SCGame.cpp; sourceTree = "<group>"; };
		D2B7BF501B13A0500012C51B /* SCGame.h */ = {isa = PBXFileReference; fileEncoding = 4; lastKnownFileType = sourcecode.c.h; path = SCGame.h; sourceTree = "<group>"; };
		D2B7BF511B13A0500012C51B /* SCJoystick.cpp */ = {isa = PBXFileReference; fileEncoding = 4; lastKnownFileType = sourcecode.cpp.cpp; path = SCJoystick.cpp; sourceTree = "<group>"; };
		D2B7BF521B13A0500012C51B /* SCJoystick.h */ = {isa = PBXFileReference; fileEncoding = 4; lastKnownFileType = sourcecode.c.h; path = SCJoystick.h; sourceTree = "<group>"; };
		D2B7BF541B13A0500012C51B /* SCModuleBase.cpp */ = {isa = PBXFileReference; fileEncoding = 4; lastKnownFileType = sourcecode.cpp.cpp; path = SCModuleBase.cpp; sourceTree = "<group>"; };
		D2B7BF551B13A0500012C51B /* SCModuleBase.h */ = {isa = PBXFileReference; fileEncoding = 4; lastKnownFileType = sourcecode.c.h; path = SCModuleBase.h; sourceTree = "<group>"; };
		D2B7BF561B13A0500012C51B /* SCModuleManager.cpp */ = {isa = PBXFileReference; fileEncoding = 4; lastKnownFileType = sourcecode.cpp.cpp; path = SCModuleManager.cpp; sourceTree = "<group>"; };
		D2B7BF571B13A0500012C51B /* SCModuleManager.h */ = {isa = PBXFileReference; fileEncoding = 4; lastKnownFileType = sourcecode.c.h; path = SCModuleManager.h; sourceTree = "<group>"; };
		D2B7BF581B13A0500012C51B /* SCModuleTypes.h */ = {isa = PBXFileReference; fileEncoding = 4; lastKnownFileType = sourcecode.c.h; path = SCModuleTypes.h; sourceTree = "<group>"; };
		D2B7BF5C1B13A0500012C51B /* ZLibUtil.cpp */ = {isa = PBXFileReference; fileEncoding = 4; lastKnownFileType = sourcecode.cpp.cpp; path = ZLibUtil.cpp; sourceTree = "<group>"; };
		D2B7BF5D1B13A0500012C51B /* ZLibUtil.h */ = {isa = PBXFileReference; fileEncoding = 4; lastKnownFileType = sourcecode.c.h; path = ZLibUtil.h; sourceTree = "<group>"; };
		D2B7BF5F1B13A0500012C51B /* crypt.cpp */ = {isa = PBXFileReference; fileEncoding = 4; lastKnownFileType = sourcecode.cpp.cpp; path = crypt.cpp; sourceTree = "<group>"; };
		D2B7BF601B13A0500012C51B /* crypt.h */ = {isa = PBXFileReference; fileEncoding = 4; lastKnownFileType = sourcecode.c.h; path = crypt.h; sourceTree = "<group>"; };
		D2B7BF611B13A0500012C51B /* md5.cpp */ = {isa = PBXFileReference; fileEncoding = 4; lastKnownFileType = sourcecode.cpp.cpp; path = md5.cpp; sourceTree = "<group>"; };
		D2B7BF621B13A0500012C51B /* md5.h */ = {isa = PBXFileReference; fileEncoding = 4; lastKnownFileType = sourcecode.c.h; path = md5.h; sourceTree = "<group>"; };
		D2B7BF631B13A0500012C51B /* rc4.cpp */ = {isa = PBXFileReference; fileEncoding = 4; lastKnownFileType = sourcecode.cpp.cpp; path = rc4.cpp; sourceTree = "<group>"; };
		D2B7BF641B13A0500012C51B /* rc4.h */ = {isa = PBXFileReference; fileEncoding = 4; lastKnownFileType = sourcecode.c.h; path = rc4.h; sourceTree = "<group>"; };
		D2B7BF661B13A0500012C51B /* HttpCurl.cpp */ = {isa = PBXFileReference; fileEncoding = 4; lastKnownFileType = sourcecode.cpp.cpp; path = HttpCurl.cpp; sourceTree = "<group>"; };
		D2B7BF671B13A0500012C51B /* HttpCurl.h */ = {isa = PBXFileReference; fileEncoding = 4; lastKnownFileType = sourcecode.c.h; path = HttpCurl.h; sourceTree = "<group>"; };
		D2B7BF681B13A0500012C51B /* HttpMan.cpp */ = {isa = PBXFileReference; fileEncoding = 4; lastKnownFileType = sourcecode.cpp.cpp; path = HttpMan.cpp; sourceTree = "<group>"; };
		D2B7BF691B13A0500012C51B /* HttpMan.h */ = {isa = PBXFileReference; fileEncoding = 4; lastKnownFileType = sourcecode.c.h; path = HttpMan.h; sourceTree = "<group>"; };
		D2B7BF6A1B13A0500012C51B /* HttpProtocolMan.cpp */ = {isa = PBXFileReference; fileEncoding = 4; lastKnownFileType = sourcecode.cpp.cpp; path = HttpProtocolMan.cpp; sourceTree = "<group>"; };
		D2B7BF6B1B13A0500012C51B /* HttpProtocolMan.h */ = {isa = PBXFileReference; fileEncoding = 4; lastKnownFileType = sourcecode.c.h; path = HttpProtocolMan.h; sourceTree = "<group>"; };
		D2B7BF6E1B13A0500012C51B /* autolink.h */ = {isa = PBXFileReference; fileEncoding = 4; lastKnownFileType = sourcecode.c.h; path = autolink.h; sourceTree = "<group>"; };
		D2B7BF6F1B13A0500012C51B /* config.h */ = {isa = PBXFileReference; fileEncoding = 4; lastKnownFileType = sourcecode.c.h; path = config.h; sourceTree = "<group>"; };
		D2B7BF701B13A0500012C51B /* features.h */ = {isa = PBXFileReference; fileEncoding = 4; lastKnownFileType = sourcecode.c.h; path = features.h; sourceTree = "<group>"; };
		D2B7BF711B13A0500012C51B /* forwards.h */ = {isa = PBXFileReference; fileEncoding = 4; lastKnownFileType = sourcecode.c.h; path = forwards.h; sourceTree = "<group>"; };
		D2B7BF721B13A0500012C51B /* json.h */ = {isa = PBXFileReference; fileEncoding = 4; lastKnownFileType = sourcecode.c.h; path = json.h; sourceTree = "<group>"; };
		D2B7BF731B13A0500012C51B /* reader.h */ = {isa = PBXFileReference; fileEncoding = 4; lastKnownFileType = sourcecode.c.h; path = reader.h; sourceTree = "<group>"; };
		D2B7BF741B13A0500012C51B /* value.h */ = {isa = PBXFileReference; fileEncoding = 4; lastKnownFileType = sourcecode.c.h; path = value.h; sourceTree = "<group>"; };
		D2B7BF751B13A0500012C51B /* writer.h */ = {isa = PBXFileReference; fileEncoding = 4; lastKnownFileType = sourcecode.c.h; path = writer.h; sourceTree = "<group>"; };
		D2B7BF761B13A0500012C51B /* json_batchallocator.h */ = {isa = PBXFileReference; fileEncoding = 4; lastKnownFileType = sourcecode.c.h; path = json_batchallocator.h; sourceTree = "<group>"; };
		D2B7BF771B13A0500012C51B /* json_internalarray.inl */ = {isa = PBXFileReference; fileEncoding = 4; lastKnownFileType = text; path = json_internalarray.inl; sourceTree = "<group>"; };
		D2B7BF781B13A0500012C51B /* json_internalmap.inl */ = {isa = PBXFileReference; fileEncoding = 4; lastKnownFileType = text; path = json_internalmap.inl; sourceTree = "<group>"; };
		D2B7BF791B13A0500012C51B /* json_reader.cpp */ = {isa = PBXFileReference; fileEncoding = 4; lastKnownFileType = sourcecode.cpp.cpp; path = json_reader.cpp; sourceTree = "<group>"; };
		D2B7BF7A1B13A0500012C51B /* json_tool.h */ = {isa = PBXFileReference; fileEncoding = 4; lastKnownFileType = sourcecode.c.h; path = json_tool.h; sourceTree = "<group>"; };
		D2B7BF7B1B13A0500012C51B /* json_value.cpp */ = {isa = PBXFileReference; fileEncoding = 4; lastKnownFileType = sourcecode.cpp.cpp; path = json_value.cpp; sourceTree = "<group>"; };
		D2B7BF7C1B13A0500012C51B /* json_valueiterator.inl */ = {isa = PBXFileReference; fileEncoding = 4; lastKnownFileType = text; path = json_valueiterator.inl; sourceTree = "<group>"; };
		D2B7BF7D1B13A0500012C51B /* json_writer.cpp */ = {isa = PBXFileReference; fileEncoding = 4; lastKnownFileType = sourcecode.cpp.cpp; path = json_writer.cpp; sourceTree = "<group>"; };
		D2B7BF7F1B13A0500012C51B /* Processor.cpp */ = {isa = PBXFileReference; fileEncoding = 4; lastKnownFileType = sourcecode.cpp.cpp; path = Processor.cpp; sourceTree = "<group>"; };
		D2B7BF801B13A0500012C51B /* Processor.h */ = {isa = PBXFileReference; fileEncoding = 4; lastKnownFileType = sourcecode.c.h; path = Processor.h; sourceTree = "<group>"; };
		D2B7BF811B13A0500012C51B /* Protocol.cpp */ = {isa = PBXFileReference; fileEncoding = 4; lastKnownFileType = sourcecode.cpp.cpp; path = Protocol.cpp; sourceTree = "<group>"; };
		D2B7BF821B13A0500012C51B /* Protocol.h */ = {isa = PBXFileReference; fileEncoding = 4; lastKnownFileType = sourcecode.c.h; path = Protocol.h; sourceTree = "<group>"; };
		D2B7BF841B13A0500012C51B /* BinaryStream.h */ = {isa = PBXFileReference; fileEncoding = 4; lastKnownFileType = sourcecode.c.h; path = BinaryStream.h; sourceTree = "<group>"; };
		D2B7BF851B13A0500012C51B /* BinaryStreamCoder.cpp */ = {isa = PBXFileReference; fileEncoding = 4; lastKnownFileType = sourcecode.cpp.cpp; path = BinaryStreamCoder.cpp; sourceTree = "<group>"; };
		D2B7BF861B13A0500012C51B /* BinaryStreamCoder.h */ = {isa = PBXFileReference; fileEncoding = 4; lastKnownFileType = sourcecode.c.h; path = BinaryStreamCoder.h; sourceTree = "<group>"; };
		D2B7BF871B13A0500012C51B /* JsonStream.h */ = {isa = PBXFileReference; fileEncoding = 4; lastKnownFileType = sourcecode.c.h; path = JsonStream.h; sourceTree = "<group>"; };
		D2B7BF881B13A0500012C51B /* JsonStreamCoder.cpp */ = {isa = PBXFileReference; fileEncoding = 4; lastKnownFileType = sourcecode.cpp.cpp; path = JsonStreamCoder.cpp; sourceTree = "<group>"; };
		D2B7BF891B13A0500012C51B /* JsonStreamCoder.h */ = {isa = PBXFileReference; fileEncoding = 4; lastKnownFileType = sourcecode.c.h; path = JsonStreamCoder.h; sourceTree = "<group>"; };
		D2B7BF8A1B13A0500012C51B /* KeyedStream.h */ = {isa = PBXFileReference; fileEncoding = 4; lastKnownFileType = sourcecode.c.h; path = KeyedStream.h; sourceTree = "<group>"; };
		D2B7BF8B1B13A0500012C51B /* KeyedStreamCoder.cpp */ = {isa = PBXFileReference; fileEncoding = 4; lastKnownFileType = sourcecode.cpp.cpp; path = KeyedStreamCoder.cpp; sourceTree = "<group>"; };
		D2B7BF8C1B13A0500012C51B /* KeyedStreamCoder.h */ = {isa = PBXFileReference; fileEncoding = 4; lastKnownFileType = sourcecode.c.h; path = KeyedStreamCoder.h; sourceTree = "<group>"; };
		D2B7BF8D1B13A0500012C51B /* StreamCoder.h */ = {isa = PBXFileReference; fileEncoding = 4; lastKnownFileType = sourcecode.c.h; path = StreamCoder.h; sourceTree = "<group>"; };
		D2B7BF8E1B13A0500012C51B /* SCNetworkModule.cpp */ = {isa = PBXFileReference; fileEncoding = 4; lastKnownFileType = sourcecode.cpp.cpp; path = SCNetworkModule.cpp; sourceTree = "<group>"; };
		D2B7BF8F1B13A0500012C51B /* SCNetworkModule.h */ = {isa = PBXFileReference; fileEncoding = 4; lastKnownFileType = sourcecode.c.h; path = SCNetworkModule.h; sourceTree = "<group>"; };
		D2B7BF911B13A0500012C51B /* SCSceneBase.cpp */ = {isa = PBXFileReference; fileEncoding = 4; lastKnownFileType = sourcecode.cpp.cpp; path = SCSceneBase.cpp; sourceTree = "<group>"; };
		D2B7BF921B13A0500012C51B /* SCSceneBase.h */ = {isa = PBXFileReference; fileEncoding = 4; lastKnownFileType = sourcecode.c.h; path = SCSceneBase.h; sourceTree = "<group>"; };
		D2B7BF931B13A0500012C51B /* SCTiledMap.cpp */ = {isa = PBXFileReference; fileEncoding = 4; lastKnownFileType = sourcecode.cpp.cpp; path = SCTiledMap.cpp; sourceTree = "<group>"; };
		D2B7BF941B13A0500012C51B /* SCTiledMap.h */ = {isa = PBXFileReference; fileEncoding = 4; lastKnownFileType = sourcecode.c.h; path = SCTiledMap.h; sourceTree = "<group>"; };
		D2B7BF951B13A0500012C51B /* SCWorld.cpp */ = {isa = PBXFileReference; fileEncoding = 4; lastKnownFileType = sourcecode.cpp.cpp; path = SCWorld.cpp; sourceTree = "<group>"; };
		D2B7BF961B13A0500012C51B /* SCWorld.h */ = {isa = PBXFileReference; fileEncoding = 4; lastKnownFileType = sourcecode.c.h; path = SCWorld.h; sourceTree = "<group>"; };
		D2B7BF981B13A0500012C51B /* UIModule.cpp */ = {isa = PBXFileReference; fileEncoding = 4; lastKnownFileType = sourcecode.cpp.cpp; path = UIModule.cpp; sourceTree = "<group>"; };
		D2B7BF991B13A0500012C51B /* UIModule.h */ = {isa = PBXFileReference; fileEncoding = 4; lastKnownFileType = sourcecode.c.h; path = UIModule.h; sourceTree = "<group>"; };
		D2B7BF9B1B13A0500012C51B /* SCUtilityFunc.cpp */ = {isa = PBXFileReference; fileEncoding = 4; lastKnownFileType = sourcecode.cpp.cpp; path = SCUtilityFunc.cpp; sourceTree = "<group>"; };
		D2B7BF9C1B13A0500012C51B /* SCUtilityFunc.h */ = {isa = PBXFileReference; fileEncoding = 4; lastKnownFileType = sourcecode.c.h; path = SCUtilityFunc.h; sourceTree = "<group>"; };
		D44C620B132DFF330009C878 /* OpenAL.framework */ = {isa = PBXFileReference; lastKnownFileType = wrapper.framework; name = OpenAL.framework; path = System/Library/Frameworks/OpenAL.framework; sourceTree = SDKROOT; };
		D44C620D132DFF430009C878 /* AVFoundation.framework */ = {isa = PBXFileReference; lastKnownFileType = wrapper.framework; name = AVFoundation.framework; path = System/Library/Frameworks/AVFoundation.framework; sourceTree = SDKROOT; };
		D44C620F132DFF4E0009C878 /* AudioToolbox.framework */ = {isa = PBXFileReference; lastKnownFileType = wrapper.framework; name = AudioToolbox.framework; path = System/Library/Frameworks/AudioToolbox.framework; sourceTree = SDKROOT; };
		D6B0611A1803AB670077942B /* CoreMotion.framework */ = {isa = PBXFileReference; lastKnownFileType = wrapper.framework; name = CoreMotion.framework; path = Platforms/iPhoneOS.platform/Developer/SDKs/iPhoneOS7.0.sdk/System/Library/Frameworks/CoreMotion.framework; sourceTree = DEVELOPER_DIR; };
/* End PBXFileReference section */

/* Begin PBXFrameworksBuildPhase section */
		1D60588F0D05DD3D006BFB54 /* Frameworks */ = {
			isa = PBXFrameworksBuildPhase;
			buildActionMask = 2147483647;
			files = (
				D2B5DA9B1B0CEBE700401BDF /* libcocos2dx iOS.a in Frameworks */,
				D2B5DA9C1B0CEBE700401BDF /* libcocos2dx-extensions iOS.a in Frameworks */,
				D2B5DA9D1B0CEBE700401BDF /* libCocosDenshion iOS.a in Frameworks */,
				D6B0611B1803AB670077942B /* CoreMotion.framework in Frameworks */,
				1D60589F0D05DD5A006BFB54 /* Foundation.framework in Frameworks */,
				1DF5F4E00D08C38300B7A737 /* UIKit.framework in Frameworks */,
				288765A50DF7441C002DB57D /* CoreGraphics.framework in Frameworks */,
				BF171245129291EC00B8313A /* OpenGLES.framework in Frameworks */,
				BF1712471292920000B8313A /* libz.dylib in Frameworks */,
				BF1C47F01293687400B63C5D /* QuartzCore.framework in Frameworks */,
				D44C620C132DFF330009C878 /* OpenAL.framework in Frameworks */,
				D44C620E132DFF430009C878 /* AVFoundation.framework in Frameworks */,
				D44C6210132DFF4E0009C878 /* AudioToolbox.framework in Frameworks */,
			);
			runOnlyForDeploymentPostprocessing = 0;
		};
/* End PBXFrameworksBuildPhase section */

/* Begin PBXGroup section */
		080E96DDFE201D6D7F000001 /* ios */ = {
			isa = PBXGroup;
			children = (
				D2B5DA8C1B0CEA4800401BDF /* AppController.h */,
				D2B5DA8D1B0CEA4800401BDF /* AppController.mm */,
				D2B5DA8E1B0CEA4800401BDF /* main.m */,
				D2B5DA8F1B0CEA4800401BDF /* Prefix.pch */,
				D2B5DA901B0CEA4800401BDF /* RootViewController.h */,
				D2B5DA911B0CEA4800401BDF /* RootViewController.mm */,
			);
			name = ios;
			path = Classes;
			sourceTree = "<group>";
		};
		15AA9C4015B7EC450033D6C2 /* Classes */ = {
			isa = PBXGroup;
			children = (
				D2B7BF421B13A0500012C51B /* Account */,
				D2B7BF451B13A0500012C51B /* Common */,
				D2B7BF4B1B13A0500012C51B /* Effect */,
				D2B7BF4E1B13A0500012C51B /* Game */,
				D2B7BF531B13A0500012C51B /* Module */,
				D2B7BF591B13A0500012C51B /* Network */,
				D2B7BF901B13A0500012C51B /* Scene */,
				D2B7BF971B13A0500012C51B /* UI */,
				D2B7BF9A1B13A0500012C51B /* Utility */,
				1AFAF8B316D35DE700DB1158 /* AppDelegate.cpp */,
				1AFAF8B416D35DE700DB1158 /* AppDelegate.h */,
				1AFAF8B516D35DE700DB1158 /* HelloWorldScene.cpp */,
				1AFAF8B616D35DE700DB1158 /* HelloWorldScene.h */,
			);
			name = Classes;
			path = ../classes;
			sourceTree = "<group>";
		};
		19C28FACFE9D520D11CA2CBB /* Products */ = {
			isa = PBXGroup;
			children = (
				1D6058910D05DD3D006BFB54 /* ShootOnline.app */,
			);
			name = Products;
			sourceTree = "<group>";
		};
		29B97314FDCFA39411CA2CEA /* CustomTemplate */ = {
			isa = PBXGroup;
			children = (
				D2B5DA401B0CEA0500401BDF /* cocos2d_libs.xcodeproj */,
				15AA9C4015B7EC450033D6C2 /* Classes */,
				080E96DDFE201D6D7F000001 /* ios */,
				29B97323FDCFA39411CA2CEA /* Frameworks */,
				19C28FACFE9D520D11CA2CBB /* Products */,
				78C7DDAA14EBA5050085D0C2 /* Resources */,
			);
			name = CustomTemplate;
			sourceTree = "<group>";
		};
		29B97323FDCFA39411CA2CEA /* Frameworks */ = {
			isa = PBXGroup;
			children = (
				D6B0611A1803AB670077942B /* CoreMotion.framework */,
				503AE11A17EB9C5A00D1A890 /* IOKit.framework */,
				503AE11117EB99EE00D1A890 /* libcurl.dylib */,
				5087E78A17EB975400C73F5D /* OpenGL.framework */,
				5087E78817EB974C00C73F5D /* AppKit.framework */,
				1ACB3243164770DE00914215 /* libcurl.a */,
				BF170DB412928DE900B8313A /* libz.dylib */,
				D44C620F132DFF4E0009C878 /* AudioToolbox.framework */,
				D44C620D132DFF430009C878 /* AVFoundation.framework */,
				288765A40DF7441C002DB57D /* CoreGraphics.framework */,
				1D30AB110D05D00D00671497 /* Foundation.framework */,
				D44C620B132DFF330009C878 /* OpenAL.framework */,
				BF170DB012928DE900B8313A /* OpenGLES.framework */,
				BF1C47EA1293683800B63C5D /* QuartzCore.framework */,
				1DF5F4DF0D08C38300B7A737 /* UIKit.framework */,
			);
			name = Frameworks;
			sourceTree = "<group>";
		};
		78C7DDAA14EBA5050085D0C2 /* Resources */ = {
			isa = PBXGroup;
			children = (
				D2B5DAA11B0CF58100401BDF /* map */,
				D2B5DA631B0CEA2200401BDF /* default */,
				1AFAF8B916D35E4900DB1158 /* CloseNormal.png */,
				1AFAF8BA16D35E4900DB1158 /* CloseSelected.png */,
				1AFAF8BB16D35E4900DB1158 /* HelloWorld.png */,
			);
			name = Resources;
			path = ../Resources;
			sourceTree = "<group>";
		};
		D2B5DA411B0CEA0500401BDF /* Products */ = {
			isa = PBXGroup;
			children = (
				D2B5DA501B0CEA0600401BDF /* libcocos2dx Mac.a */,
				D2B5DA521B0CEA0600401BDF /* libcocos2dx-extensions Mac.a */,
				D2B5DA541B0CEA0600401BDF /* libchipmunk Mac.a */,
				D2B5DA561B0CEA0600401BDF /* libbox2d Mac.a */,
				D2B5DA581B0CEA0600401BDF /* libCocosDenshion Mac.a */,
				D2B5DA5A1B0CEA0600401BDF /* libcocos2dx iOS.a */,
				D2B5DA5C1B0CEA0600401BDF /* libcocos2dx-extensions iOS.a */,
				D2B5DA5E1B0CEA0600401BDF /* libchipmunk iOS.a */,
				D2B5DA601B0CEA0600401BDF /* libbox2d iOS.a */,
				D2B5DA621B0CEA0600401BDF /* libCocosDenshion iOS.a */,
			);
			name = Products;
			sourceTree = "<group>";
		};
		D2B5DA631B0CEA2200401BDF /* default */ = {
			isa = PBXGroup;
			children = (
				D2B5DA641B0CEA2200401BDF /* Default-568h@2x.png */,
				D2B5DA651B0CEA2200401BDF /* Default-Portrait~ipad.png */,
				D2B5DA661B0CEA2200401BDF /* Default.png */,
				D2B5DA671B0CEA2200401BDF /* Default@2x.png */,
				D2B5DA681B0CEA2200401BDF /* InfoPlist.strings */,
				D2B5DA6A1B0CEA2200401BDF /* Localizable.strings */,
				D2B5DA6C1B0CEA2200401BDF /* Icon-40.png */,
				D2B5DA6D1B0CEA2200401BDF /* Icon-40@2x.png */,
				D2B5DA6E1B0CEA2200401BDF /* Icon-72.png */,
				D2B5DA6F1B0CEA2200401BDF /* Icon-72@2x.png */,
				D2B5DA701B0CEA2200401BDF /* Icon-Small-50.png */,
				D2B5DA711B0CEA2200401BDF /* Icon-Small-50@2x.png */,
				D2B5DA721B0CEA2200401BDF /* Icon-Small.png */,
				D2B5DA731B0CEA2200401BDF /* Icon-Small@2x.png */,
				D2B5DA741B0CEA2200401BDF /* Icon.png */,
				D2B5DA751B0CEA2200401BDF /* Icon@2x.png */,
				D2B5DA761B0CEA2200401BDF /* Info.plist */,
			);
			path = default;
			sourceTree = SOURCE_ROOT;
		};
		D2B7BF421B13A0500012C51B /* Account */ = {
			isa = PBXGroup;
			children = (
				D2B7BF431B13A0500012C51B /* AccountPlatform.cpp */,
				D2B7BF441B13A0500012C51B /* AccountPlatform.h */,
			);
			name = Account;
			path = ../Classes/Account;
			sourceTree = "<group>";
		};
		D2B7BF451B13A0500012C51B /* Common */ = {
			isa = PBXGroup;
			children = (
				D2B7BF461B13A0500012C51B /* SCEvent.cpp */,
				D2B7BF471B13A0500012C51B /* SCEvent.h */,
				D2B7BF481B13A0500012C51B /* SCEventTypes.h */,
				D2B7BF491B13A0500012C51B /* SCThread.cpp */,
				D2B7BF4A1B13A0500012C51B /* SCThread.h */,
			);
			name = Common;
			path = ../Classes/Common;
			sourceTree = "<group>";
		};
		D2B7BF4B1B13A0500012C51B /* Effect */ = {
			isa = PBXGroup;
			children = (
				D2B7BF4C1B13A0500012C51B /* SCEffect.cpp */,
				D2B7BF4D1B13A0500012C51B /* SCEffect.h */,
			);
			name = Effect;
			path = ../Classes/Effect;
			sourceTree = "<group>";
		};
		D2B7BF4E1B13A0500012C51B /* Game */ = {
			isa = PBXGroup;
			children = (
				D2B7BF4F1B13A0500012C51B /* SCGame.cpp */,
				D2B7BF501B13A0500012C51B /* SCGame.h */,
				D2B7BF511B13A0500012C51B /* SCJoystick.cpp */,
				D2B7BF521B13A0500012C51B /* SCJoystick.h */,
			);
			name = Game;
			path = ../Classes/Game;
			sourceTree = "<group>";
		};
		D2B7BF531B13A0500012C51B /* Module */ = {
			isa = PBXGroup;
			children = (
				D2B7BF541B13A0500012C51B /* SCModuleBase.cpp */,
				D2B7BF551B13A0500012C51B /* SCModuleBase.h */,
				D2B7BF561B13A0500012C51B /* SCModuleManager.cpp */,
				D2B7BF571B13A0500012C51B /* SCModuleManager.h */,
				D2B7BF581B13A0500012C51B /* SCModuleTypes.h */,
			);
			name = Module;
			path = ../Classes/Module;
			sourceTree = "<group>";
		};
		D2B7BF591B13A0500012C51B /* Network */ = {
			isa = PBXGroup;
			children = (
				D2B7BF5A1B13A0500012C51B /* netlib */,
				D2B7BF8E1B13A0500012C51B /* SCNetworkModule.cpp */,
				D2B7BF8F1B13A0500012C51B /* SCNetworkModule.h */,
			);
			name = Network;
			path = ../Classes/Network;
			sourceTree = "<group>";
		};
		D2B7BF5A1B13A0500012C51B /* netlib */ = {
			isa = PBXGroup;
			children = (
				D2B7BF5B1B13A0500012C51B /* compress */,
				D2B7BF5E1B13A0500012C51B /* crypt */,
				D2B7BF651B13A0500012C51B /* http */,
				D2B7BF6C1B13A0500012C51B /* libjson */,
				D2B7BF7E1B13A0500012C51B /* protocol */,
				D2B7BF831B13A0500012C51B /* stream */,
			);
			path = netlib;
			sourceTree = "<group>";
		};
		D2B7BF5B1B13A0500012C51B /* compress */ = {
			isa = PBXGroup;
			children = (
				D2B7BF5C1B13A0500012C51B /* ZLibUtil.cpp */,
				D2B7BF5D1B13A0500012C51B /* ZLibUtil.h */,
			);
			path = compress;
			sourceTree = "<group>";
		};
		D2B7BF5E1B13A0500012C51B /* crypt */ = {
			isa = PBXGroup;
			children = (
				D2B7BF5F1B13A0500012C51B /* crypt.cpp */,
				D2B7BF601B13A0500012C51B /* crypt.h */,
				D2B7BF611B13A0500012C51B /* md5.cpp */,
				D2B7BF621B13A0500012C51B /* md5.h */,
				D2B7BF631B13A0500012C51B /* rc4.cpp */,
				D2B7BF641B13A0500012C51B /* rc4.h */,
			);
			path = crypt;
			sourceTree = "<group>";
		};
		D2B7BF651B13A0500012C51B /* http */ = {
			isa = PBXGroup;
			children = (
				D2B7BF661B13A0500012C51B /* HttpCurl.cpp */,
				D2B7BF671B13A0500012C51B /* HttpCurl.h */,
				D2B7BF681B13A0500012C51B /* HttpMan.cpp */,
				D2B7BF691B13A0500012C51B /* HttpMan.h */,
				D2B7BF6A1B13A0500012C51B /* HttpProtocolMan.cpp */,
				D2B7BF6B1B13A0500012C51B /* HttpProtocolMan.h */,
			);
			path = http;
			sourceTree = "<group>";
		};
		D2B7BF6C1B13A0500012C51B /* libjson */ = {
			isa = PBXGroup;
			children = (
				D2B7BF6D1B13A0500012C51B /* json */,
				D2B7BF761B13A0500012C51B /* json_batchallocator.h */,
				D2B7BF771B13A0500012C51B /* json_internalarray.inl */,
				D2B7BF781B13A0500012C51B /* json_internalmap.inl */,
				D2B7BF791B13A0500012C51B /* json_reader.cpp */,
				D2B7BF7A1B13A0500012C51B /* json_tool.h */,
				D2B7BF7B1B13A0500012C51B /* json_value.cpp */,
				D2B7BF7C1B13A0500012C51B /* json_valueiterator.inl */,
				D2B7BF7D1B13A0500012C51B /* json_writer.cpp */,
			);
			path = libjson;
			sourceTree = "<group>";
		};
		D2B7BF6D1B13A0500012C51B /* json */ = {
			isa = PBXGroup;
			children = (
				D2B7BF6E1B13A0500012C51B /* autolink.h */,
				D2B7BF6F1B13A0500012C51B /* config.h */,
				D2B7BF701B13A0500012C51B /* features.h */,
				D2B7BF711B13A0500012C51B /* forwards.h */,
				D2B7BF721B13A0500012C51B /* json.h */,
				D2B7BF731B13A0500012C51B /* reader.h */,
				D2B7BF741B13A0500012C51B /* value.h */,
				D2B7BF751B13A0500012C51B /* writer.h */,
			);
			path = json;
			sourceTree = "<group>";
		};
		D2B7BF7E1B13A0500012C51B /* protocol */ = {
			isa = PBXGroup;
			children = (
				D2B7BF7F1B13A0500012C51B /* Processor.cpp */,
				D2B7BF801B13A0500012C51B /* Processor.h */,
				D2B7BF811B13A0500012C51B /* Protocol.cpp */,
				D2B7BF821B13A0500012C51B /* Protocol.h */,
			);
			path = protocol;
			sourceTree = "<group>";
		};
		D2B7BF831B13A0500012C51B /* stream */ = {
			isa = PBXGroup;
			children = (
				D2B7BF841B13A0500012C51B /* BinaryStream.h */,
				D2B7BF851B13A0500012C51B /* BinaryStreamCoder.cpp */,
				D2B7BF861B13A0500012C51B /* BinaryStreamCoder.h */,
				D2B7BF871B13A0500012C51B /* JsonStream.h */,
				D2B7BF881B13A0500012C51B /* JsonStreamCoder.cpp */,
				D2B7BF891B13A0500012C51B /* JsonStreamCoder.h */,
				D2B7BF8A1B13A0500012C51B /* KeyedStream.h */,
				D2B7BF8B1B13A0500012C51B /* KeyedStreamCoder.cpp */,
				D2B7BF8C1B13A0500012C51B /* KeyedStreamCoder.h */,
				D2B7BF8D1B13A0500012C51B /* StreamCoder.h */,
			);
			path = stream;
			sourceTree = "<group>";
		};
		D2B7BF901B13A0500012C51B /* Scene */ = {
			isa = PBXGroup;
			children = (
				D2B7BF911B13A0500012C51B /* SCSceneBase.cpp */,
				D2B7BF921B13A0500012C51B /* SCSceneBase.h */,
				D2B7BF931B13A0500012C51B /* SCTiledMap.cpp */,
				D2B7BF941B13A0500012C51B /* SCTiledMap.h */,
				D2B7BF951B13A0500012C51B /* SCWorld.cpp */,
				D2B7BF961B13A0500012C51B /* SCWorld.h */,
			);
			name = Scene;
			path = ../Classes/Scene;
			sourceTree = "<group>";
		};
		D2B7BF971B13A0500012C51B /* UI */ = {
			isa = PBXGroup;
			children = (
				D2B7BF981B13A0500012C51B /* UIModule.cpp */,
				D2B7BF991B13A0500012C51B /* UIModule.h */,
			);
			name = UI;
			path = ../Classes/UI;
			sourceTree = "<group>";
		};
		D2B7BF9A1B13A0500012C51B /* Utility */ = {
			isa = PBXGroup;
			children = (
				D2A9D6F61B17721300CCA714 /* SCConfigs.cpp */,
				D2A9D6F71B17721300CCA714 /* SCConfigs.h */,
				D2B7BF9B1B13A0500012C51B /* SCUtilityFunc.cpp */,
				D2B7BF9C1B13A0500012C51B /* SCUtilityFunc.h */,
			);
			name = Utility;
			path = ../Classes/Utility;
			sourceTree = "<group>";
		};
/* End PBXGroup section */

/* Begin PBXNativeTarget section */
		1D6058900D05DD3D006BFB54 /* ShootOnline */ = {
			isa = PBXNativeTarget;
			buildConfigurationList = 1D6058960D05DD3E006BFB54 /* Build configuration list for PBXNativeTarget "ShootOnline" */;
			buildPhases = (
				1D60588D0D05DD3D006BFB54 /* Resources */,
				1D60588E0D05DD3D006BFB54 /* Sources */,
				1D60588F0D05DD3D006BFB54 /* Frameworks */,
			);
			buildRules = (
			);
			dependencies = (
				D2B5DA961B0CEAE800401BDF /* PBXTargetDependency */,
				D2B5DA981B0CEAE800401BDF /* PBXTargetDependency */,
				D2B5DA9A1B0CEAE800401BDF /* PBXTargetDependency */,
			);
			name = ShootOnline;
			productName = iphone;
			productReference = 1D6058910D05DD3D006BFB54 /* ShootOnline.app */;
			productType = "com.apple.product-type.application";
		};
/* End PBXNativeTarget section */

/* Begin PBXProject section */
		29B97313FDCFA39411CA2CEA /* Project object */ = {
			isa = PBXProject;
			attributes = {
				LastUpgradeCheck = 0630;
				TargetAttributes = {
					1D6058900D05DD3D006BFB54 = {
						DevelopmentTeam = XJF6QBSXGR;
					};
				};
			};
			buildConfigurationList = C01FCF4E08A954540054247B /* Build configuration list for PBXProject "ShootOnline" */;
			compatibilityVersion = "Xcode 3.2";
			developmentRegion = English;
			hasScannedForEncodings = 1;
			knownRegions = (
				English,
				Japanese,
				French,
				German,
				en,
				"zh-Hans",
				"zh-Hant",
			);
			mainGroup = 29B97314FDCFA39411CA2CEA /* CustomTemplate */;
			projectDirPath = "";
			projectReferences = (
				{
					ProductGroup = D2B5DA411B0CEA0500401BDF /* Products */;
					ProjectRef = D2B5DA401B0CEA0500401BDF /* cocos2d_libs.xcodeproj */;
				},
			);
			projectRoot = "";
			targets = (
				1D6058900D05DD3D006BFB54 /* ShootOnline */,
			);
		};
/* End PBXProject section */

/* Begin PBXReferenceProxy section */
		D2B5DA501B0CEA0600401BDF /* libcocos2dx Mac.a */ = {
			isa = PBXReferenceProxy;
			fileType = archive.ar;
			path = "libcocos2dx Mac.a";
			remoteRef = D2B5DA4F1B0CEA0600401BDF /* PBXContainerItemProxy */;
			sourceTree = BUILT_PRODUCTS_DIR;
		};
		D2B5DA521B0CEA0600401BDF /* libcocos2dx-extensions Mac.a */ = {
			isa = PBXReferenceProxy;
			fileType = archive.ar;
			path = "libcocos2dx-extensions Mac.a";
			remoteRef = D2B5DA511B0CEA0600401BDF /* PBXContainerItemProxy */;
			sourceTree = BUILT_PRODUCTS_DIR;
		};
		D2B5DA541B0CEA0600401BDF /* libchipmunk Mac.a */ = {
			isa = PBXReferenceProxy;
			fileType = archive.ar;
			path = "libchipmunk Mac.a";
			remoteRef = D2B5DA531B0CEA0600401BDF /* PBXContainerItemProxy */;
			sourceTree = BUILT_PRODUCTS_DIR;
		};
		D2B5DA561B0CEA0600401BDF /* libbox2d Mac.a */ = {
			isa = PBXReferenceProxy;
			fileType = archive.ar;
			path = "libbox2d Mac.a";
			remoteRef = D2B5DA551B0CEA0600401BDF /* PBXContainerItemProxy */;
			sourceTree = BUILT_PRODUCTS_DIR;
		};
		D2B5DA581B0CEA0600401BDF /* libCocosDenshion Mac.a */ = {
			isa = PBXReferenceProxy;
			fileType = archive.ar;
			path = "libCocosDenshion Mac.a";
			remoteRef = D2B5DA571B0CEA0600401BDF /* PBXContainerItemProxy */;
			sourceTree = BUILT_PRODUCTS_DIR;
		};
		D2B5DA5A1B0CEA0600401BDF /* libcocos2dx iOS.a */ = {
			isa = PBXReferenceProxy;
			fileType = archive.ar;
			path = "libcocos2dx iOS.a";
			remoteRef = D2B5DA591B0CEA0600401BDF /* PBXContainerItemProxy */;
			sourceTree = BUILT_PRODUCTS_DIR;
		};
		D2B5DA5C1B0CEA0600401BDF /* libcocos2dx-extensions iOS.a */ = {
			isa = PBXReferenceProxy;
			fileType = archive.ar;
			path = "libcocos2dx-extensions iOS.a";
			remoteRef = D2B5DA5B1B0CEA0600401BDF /* PBXContainerItemProxy */;
			sourceTree = BUILT_PRODUCTS_DIR;
		};
		D2B5DA5E1B0CEA0600401BDF /* libchipmunk iOS.a */ = {
			isa = PBXReferenceProxy;
			fileType = archive.ar;
			path = "libchipmunk iOS.a";
			remoteRef = D2B5DA5D1B0CEA0600401BDF /* PBXContainerItemProxy */;
			sourceTree = BUILT_PRODUCTS_DIR;
		};
		D2B5DA601B0CEA0600401BDF /* libbox2d iOS.a */ = {
			isa = PBXReferenceProxy;
			fileType = archive.ar;
			path = "libbox2d iOS.a";
			remoteRef = D2B5DA5F1B0CEA0600401BDF /* PBXContainerItemProxy */;
			sourceTree = BUILT_PRODUCTS_DIR;
		};
		D2B5DA621B0CEA0600401BDF /* libCocosDenshion iOS.a */ = {
			isa = PBXReferenceProxy;
			fileType = archive.ar;
			path = "libCocosDenshion iOS.a";
			remoteRef = D2B5DA611B0CEA0600401BDF /* PBXContainerItemProxy */;
			sourceTree = BUILT_PRODUCTS_DIR;
		};
/* End PBXReferenceProxy section */

/* Begin PBXResourcesBuildPhase section */
		1D60588D0D05DD3D006BFB54 /* Resources */ = {
			isa = PBXResourcesBuildPhase;
			buildActionMask = 2147483647;
			files = (
				D2B5DA891B0CEA2200401BDF /* Icon.png in Resources */,
				D2B5DA7F1B0CEA2200401BDF /* InfoPlist.strings in Resources */,
				D2B7BFB01B13A0500012C51B /* json_valueiterator.inl in Resources */,
				D2B5DA831B0CEA2200401BDF /* Icon-72.png in Resources */,
				D2B7BFAD1B13A0500012C51B /* json_internalmap.inl in Resources */,
				1AFAF8BC16D35E4900DB1158 /* CloseNormal.png in Resources */,
				D2B5DA8A1B0CEA2200401BDF /* Icon@2x.png in Resources */,
				D2B5DA7E1B0CEA2200401BDF /* Default@2x.png in Resources */,
				D2B5DA811B0CEA2200401BDF /* Icon-40.png in Resources */,
				D2B7BFAC1B13A0500012C51B /* json_internalarray.inl in Resources */,
				D2B5DA801B0CEA2200401BDF /* Localizable.strings in Resources */,
				1AFAF8BD16D35E4900DB1158 /* CloseSelected.png in Resources */,
				D2B5DAA21B0CF58100401BDF /* map in Resources */,
				D2B5DA871B0CEA2200401BDF /* Icon-Small.png in Resources */,
				1AFAF8BE16D35E4900DB1158 /* HelloWorld.png in Resources */,
				D2B5DA7B1B0CEA2200401BDF /* Default-568h@2x.png in Resources */,
				D2B5DA841B0CEA2200401BDF /* Icon-72@2x.png in Resources */,
				D2B5DA881B0CEA2200401BDF /* Icon-Small@2x.png in Resources */,
				D2B5DA821B0CEA2200401BDF /* Icon-40@2x.png in Resources */,
				D2B5DA7C1B0CEA2200401BDF /* Default-Portrait~ipad.png in Resources */,
				D2B5DA861B0CEA2200401BDF /* Icon-Small-50@2x.png in Resources */,
				D2B5DA851B0CEA2200401BDF /* Icon-Small-50.png in Resources */,
				D2B5DA7D1B0CEA2200401BDF /* Default.png in Resources */,
			);
			runOnlyForDeploymentPostprocessing = 0;
		};
/* End PBXResourcesBuildPhase section */

/* Begin PBXSourcesBuildPhase section */
		1D60588E0D05DD3D006BFB54 /* Sources */ = {
			isa = PBXSourcesBuildPhase;
			buildActionMask = 2147483647;
			files = (
				D2B5DA921B0CEA4800401BDF /* AppController.mm in Sources */,
				D2B7BFAF1B13A0500012C51B /* json_value.cpp in Sources */,
				D2B7BFA91B13A0500012C51B /* HttpCurl.cpp in Sources */,
				D2B7BFBB1B13A0500012C51B /* UIModule.cpp in Sources */,
				D2B7BFB51B13A0500012C51B /* JsonStreamCoder.cpp in Sources */,
				D2B7BFA11B13A0500012C51B /* SCGame.cpp in Sources */,
				D2B5DA941B0CEA4800401BDF /* RootViewController.mm in Sources */,
				D2B7BF9D1B13A0500012C51B /* AccountPlatform.cpp in Sources */,
				D2B7BFA31B13A0500012C51B /* SCModuleBase.cpp in Sources */,
				D2B7BFB61B13A0500012C51B /* KeyedStreamCoder.cpp in Sources */,
				D2B7BFB81B13A0500012C51B /* SCSceneBase.cpp in Sources */,
				D2B7BF9F1B13A0500012C51B /* SCThread.cpp in Sources */,
				D2B7BFB41B13A0500012C51B /* BinaryStreamCoder.cpp in Sources */,
				D2B7BFB31B13A0500012C51B /* Protocol.cpp in Sources */,
				D2B7BFA61B13A0500012C51B /* crypt.cpp in Sources */,
				D2B7BFAA1B13A0500012C51B /* HttpMan.cpp in Sources */,
				D2B7BF9E1B13A0500012C51B /* SCEvent.cpp in Sources */,
				D2A9D6F81B17721300CCA714 /* SCConfigs.cpp in Sources */,
				D2B7BFB91B13A0500012C51B /* SCTiledMap.cpp in Sources */,
				D2B7BFA01B13A0500012C51B /* SCEffect.cpp in Sources */,
				D2B7BFB11B13A0500012C51B /* json_writer.cpp in Sources */,
				1AFAF8B716D35DE700DB1158 /* AppDelegate.cpp in Sources */,
				D2B7BFB21B13A0500012C51B /* Processor.cpp in Sources */,
				D2B5DA931B0CEA4800401BDF /* main.m in Sources */,
				D2B7BFA21B13A0500012C51B /* SCJoystick.cpp in Sources */,
				D2B7BFBC1B13A0500012C51B /* SCUtilityFunc.cpp in Sources */,
				D2B7BFA41B13A0500012C51B /* SCModuleManager.cpp in Sources */,
				D2B7BFA51B13A0500012C51B /* ZLibUtil.cpp in Sources */,
				D2B7BFAE1B13A0500012C51B /* json_reader.cpp in Sources */,
				D2B7BFBA1B13A0500012C51B /* SCWorld.cpp in Sources */,
				D2B7BFA71B13A0500012C51B /* md5.cpp in Sources */,
				D2B7BFB71B13A0500012C51B /* SCNetworkModule.cpp in Sources */,
				D2B7BFA81B13A0500012C51B /* rc4.cpp in Sources */,
				D2B7BFAB1B13A0500012C51B /* HttpProtocolMan.cpp in Sources */,
				1AFAF8B816D35DE700DB1158 /* HelloWorldScene.cpp in Sources */,
			);
			runOnlyForDeploymentPostprocessing = 0;
		};
/* End PBXSourcesBuildPhase section */

/* Begin PBXTargetDependency section */
		D2B5DA961B0CEAE800401BDF /* PBXTargetDependency */ = {
			isa = PBXTargetDependency;
			name = "cocos2dx iOS";
			targetProxy = D2B5DA951B0CEAE800401BDF /* PBXContainerItemProxy */;
		};
		D2B5DA981B0CEAE800401BDF /* PBXTargetDependency */ = {
			isa = PBXTargetDependency;
			name = "cocos2dx-extensions iOS";
			targetProxy = D2B5DA971B0CEAE800401BDF /* PBXContainerItemProxy */;
		};
		D2B5DA9A1B0CEAE800401BDF /* PBXTargetDependency */ = {
			isa = PBXTargetDependency;
			name = "CocosDenshion iOS";
			targetProxy = D2B5DA991B0CEAE800401BDF /* PBXContainerItemProxy */;
		};
/* End PBXTargetDependency section */

/* Begin PBXVariantGroup section */
		D2B5DA681B0CEA2200401BDF /* InfoPlist.strings */ = {
			isa = PBXVariantGroup;
			children = (
				D2B5DA691B0CEA2200401BDF /* en */,
				D2B5DA771B0CEA2200401BDF /* zh-Hans */,
				D2B5DA791B0CEA2200401BDF /* zh-Hant */,
			);
			name = InfoPlist.strings;
			sourceTree = "<group>";
		};
		D2B5DA6A1B0CEA2200401BDF /* Localizable.strings */ = {
			isa = PBXVariantGroup;
			children = (
				D2B5DA6B1B0CEA2200401BDF /* en */,
				D2B5DA781B0CEA2200401BDF /* zh-Hans */,
				D2B5DA7A1B0CEA2200401BDF /* zh-Hant */,
			);
			name = Localizable.strings;
			sourceTree = "<group>";
		};
/* End PBXVariantGroup section */

/* Begin XCBuildConfiguration section */
		1D6058940D05DD3E006BFB54 /* Debug */ = {
			isa = XCBuildConfiguration;
			buildSettings = {
				ALWAYS_SEARCH_USER_PATHS = YES;
				CODE_SIGN_IDENTITY = "iPhone Developer";
				COMPRESS_PNG_FILES = NO;
				GCC_DYNAMIC_NO_PIC = NO;
				GCC_INLINES_ARE_PRIVATE_EXTERN = NO;
				GCC_PRECOMPILE_PREFIX_HEADER = YES;
				GCC_PREFIX_HEADER = Prefix.pch;
				GCC_PREPROCESSOR_DEFINITIONS = (
					USE_FILE32API,
					CC_TARGET_OS_IPHONE,
					"COCOS2D_DEBUG=1",
					"CC_ENABLE_CHIPMUNK_INTEGRATION=1",
				);
				GCC_SYMBOLS_PRIVATE_EXTERN = NO;
				HEADER_SEARCH_PATHS = (
					"$(inherited)",
					"$(SRCROOT)/../../cocos2d-x-3.2/cocos",
					"$(SRCROOT)/../../cocos2d-x-3.2/cocos/platform",
					"$(SRCROOT)/../../cocos2d-x-3.2/cocos/platform/ios",
					"$(SRCROOT)/../../cocos2d-x-3.2/cocos/2d",
					"$(SRCROOT)/../../cocos2d-x-3.2/cocos/math",
					"$(SRCROOT)/../../cocos2d-x-3.2/cocos/audio",
					"$(SRCROOT)/../../cocos2d-x-3.2/cocos/network",
					"$(SRCROOT)/../../cocos2d-x-3.2/cocos/renderer",
					"$(SRCROOT)/../../cocos2d-x-3.2/cocos/ui",
					"$(SRCROOT)/../Classes",
					"$(SRCROOT)/../../cocos2d-x-3.2/external/curl/include/ios",
				);
				INFOPLIST_FILE = "$(SRCROOT)/default/Info.plist";
				IPHONEOS_DEPLOYMENT_TARGET = 5.0;
				LIBRARY_SEARCH_PATHS = "";
				SDKROOT = iphoneos;
				TARGETED_DEVICE_FAMILY = "1,2";
				USER_HEADER_SEARCH_PATHS = "";
			};
			name = Debug;
		};
		1D6058950D05DD3E006BFB54 /* Release */ = {
			isa = XCBuildConfiguration;
			buildSettings = {
				ALWAYS_SEARCH_USER_PATHS = YES;
				CODE_SIGN_IDENTITY = "iPhone Developer";
				COMPRESS_PNG_FILES = NO;
				GCC_INLINES_ARE_PRIVATE_EXTERN = NO;
				GCC_PRECOMPILE_PREFIX_HEADER = YES;
				GCC_PREFIX_HEADER = Prefix.pch;
				GCC_PREPROCESSOR_DEFINITIONS = (
					USE_FILE32API,
					CC_TARGET_OS_IPHONE,
					"CC_ENABLE_CHIPMUNK_INTEGRATION=1",
				);
				GCC_SYMBOLS_PRIVATE_EXTERN = NO;
				HEADER_SEARCH_PATHS = (
					"$(inherited)",
					"$(SRCROOT)/../../cocos2d-x-3.2/cocos",
					"$(SRCROOT)/../../cocos2d-x-3.2/cocos/platform",
					"$(SRCROOT)/../../cocos2d-x-3.2/cocos/platform/ios",
					"$(SRCROOT)/../../cocos2d-x-3.2/cocos/2d",
					"$(SRCROOT)/../../cocos2d-x-3.2/cocos/math",
					"$(SRCROOT)/../../cocos2d-x-3.2/cocos/audio",
					"$(SRCROOT)/../../cocos2d-x-3.2/cocos/network",
					"$(SRCROOT)/../../cocos2d-x-3.2/cocos/renderer",
					"$(SRCROOT)/../../cocos2d-x-3.2/cocos/ui",
					"$(SRCROOT)/../Classes",
					"$(SRCROOT)/../../cocos2d-x-3.2/external/curl/include/ios",
				);
				INFOPLIST_FILE = "$(SRCROOT)/default/Info.plist";
				IPHONEOS_DEPLOYMENT_TARGET = 5.0;
				LIBRARY_SEARCH_PATHS = "";
				SDKROOT = iphoneos;
				TARGETED_DEVICE_FAMILY = "1,2";
				USER_HEADER_SEARCH_PATHS = "";
			};
			name = Release;
		};
		C01FCF4F08A954540054247B /* Debug */ = {
			isa = XCBuildConfiguration;
			buildSettings = {
				CLANG_CXX_LANGUAGE_STANDARD = "c++0x";
				CLANG_CXX_LIBRARY = "libc++";
				COPY_PHASE_STRIP = NO;
				GCC_OPTIMIZATION_LEVEL = 0;
				GCC_WARN_ABOUT_RETURN_TYPE = YES;
				GCC_WARN_UNUSED_VARIABLE = YES;
				HEADER_SEARCH_PATHS = (
					"$(SRCROOT)/../cocos2d",
					"$(SRCROOT)/../cocos2d/cocos",
					"$(SRCROOT)/../cocos2d/cocos/base",
					"$(SRCROOT)/../cocos2d/cocos/physics",
					"$(SRCROOT)/../cocos2d/cocos/math",
					"$(SRCROOT)/../cocos2d/cocos/2d",
					"$(SRCROOT)/../cocos2d/cocos/ui",
					"$(SRCROOT)/../cocos2d/cocos/network",
					"$(SRCROOT)/../cocos2d/cocos/audio/include",
					"$(SRCROOT)/../cocos2d/cocos/editor-support",
					"$(SRCROOT)/../cocos2d/extensions",
					"$(SRCROOT)/../cocos2d/external",
					"$(SRCROOT)/../cocos2d/external/chipmunk/include/chipmunk",
				);
				MACOSX_DEPLOYMENT_TARGET = 10.7;
				ONLY_ACTIVE_ARCH = YES;
				PRODUCT_NAME = "$(TARGET_NAME)";
				SDKROOT = macosx;
			};
			name = Debug;
		};
		C01FCF5008A954540054247B /* Release */ = {
			isa = XCBuildConfiguration;
			buildSettings = {
				CLANG_CXX_LANGUAGE_STANDARD = "c++0x";
				CLANG_CXX_LIBRARY = "libc++";
				GCC_WARN_ABOUT_RETURN_TYPE = YES;
				GCC_WARN_UNUSED_VARIABLE = YES;
				HEADER_SEARCH_PATHS = (
					"$(SRCROOT)/../cocos2d",
					"$(SRCROOT)/../cocos2d/cocos",
					"$(SRCROOT)/../cocos2d/cocos/base",
					"$(SRCROOT)/../cocos2d/cocos/physics",
					"$(SRCROOT)/../cocos2d/cocos/math",
					"$(SRCROOT)/../cocos2d/cocos/2d",
					"$(SRCROOT)/../cocos2d/cocos/ui",
					"$(SRCROOT)/../cocos2d/cocos/network",
					"$(SRCROOT)/../cocos2d/cocos/audio/include",
					"$(SRCROOT)/../cocos2d/cocos/editor-support",
					"$(SRCROOT)/../cocos2d/extensions",
					"$(SRCROOT)/../cocos2d/external",
					"$(SRCROOT)/../cocos2d/external/chipmunk/include/chipmunk",
				);
				MACOSX_DEPLOYMENT_TARGET = 10.7;
				OTHER_CFLAGS = "-DNS_BLOCK_ASSERTIONS=1";
				PRODUCT_NAME = "$(TARGET_NAME)";
				SDKROOT = macosx;
				VALIDATE_PRODUCT = YES;
			};
			name = Release;
		};
/* End XCBuildConfiguration section */

/* Begin XCConfigurationList section */
		1D6058960D05DD3E006BFB54 /* Build configuration list for PBXNativeTarget "ShootOnline" */ = {
			isa = XCConfigurationList;
			buildConfigurations = (
				1D6058940D05DD3E006BFB54 /* Debug */,
				1D6058950D05DD3E006BFB54 /* Release */,
			);
			defaultConfigurationIsVisible = 0;
			defaultConfigurationName = Debug;
		};
		C01FCF4E08A954540054247B /* Build configuration list for PBXProject "ShootOnline" */ = {
			isa = XCConfigurationList;
			buildConfigurations = (
				C01FCF4F08A954540054247B /* Debug */,
				C01FCF5008A954540054247B /* Release */,
			);
			defaultConfigurationIsVisible = 0;
			defaultConfigurationName = Debug;
		};
/* End XCConfigurationList section */
	};
	rootObject = 29B97313FDCFA39411CA2CEA /* Project object */;
}
